
<Scheme version="1.3" LastUpgradeVersion="1000">
    <BuildAction buildImplicitDependencies="YES" parallelizeBuildables="YES">
        <BuildActionEntries>
            <BuildActionEntry buildForTesting="YES" buildForRunning="YES" buildForProfiling="YES" buildForArchiving="YES" buildForAnalyzing="YES">
                <BuildableReference BlueprintIdentifier="5D3379D793DDF07000000000" BlueprintName="_idx_annotation_overlay_calculator_23647547_ios_min11.0" BuildableIdentifier="primary" BuildableName="lib_idx_annotation_overlay_calculator_23647547_ios_min11.0.a" ReferencedContainer="container:HandGestureDetector.xcodeproj"></BuildableReference>
            </BuildActionEntry>
            <BuildActionEntry buildForTesting="YES" buildForArchiving="YES" buildForRunning="YES" buildForAnalyzing="YES" buildForProfiling="YES">
                <BuildableReference BuildableName="lib_idx_cpu_op_resolver_F6D7CFCB_ios_min11.0.a" BlueprintName="_idx_cpu_op_resolver_F6D7CFCB_ios_min11.0" ReferencedContainer="container:HandGestureDetector.xcodeproj" BlueprintIdentifier="5D3379D71B9BE4E200000000" BuildableIdentifier="primary"></BuildableReference>
            </BuildActionEntry>
            <BuildActionEntry buildForRunning="YES" buildForArchiving="YES" buildForAnalyzing="YES" buildForTesting="YES" buildForProfiling="YES">
                <BuildableReference BuildableIdentifier="primary" BlueprintIdentifier="5D3379D79826484A00000000" BlueprintName="_idx_validated_graph_config_calculator_base_calculator_context_calculator_context_manager_calculator_registry_util_calculator_state_legacy_calculator_support_proto_util_lite_templat_etc_B5DD2B47_ios_min11.0" ReferencedContainer="container:HandGestureDetector.xcodeproj" BuildableName="lib_idx_validated_graph_config_calculator_base_calculator_context_calculator_context_manager_calculator_registry_util_calculator_state_legacy_calculator_support_proto_util_lite_templat_etc_B5DD2B47_ios_min11.0.a"></BuildableReference>
            </BuildActionEntry>
            <BuildActionEntry buildForProfiling="YES" buildForArchiving="YES" buildForRunning="YES" buildForAnalyzing="YES" buildForTesting="YES">
                <BuildableReference BlueprintIdentifier="5D3379D7DBB9BEC800000000" BuildableName="lib_idx_validate_name_callback_packet_calculator_delegating_executor_executor_image_frame_name_util_packet_generator_graph_subgraph_subgraph_expansion_tag_map_thread_pool_executor_validate_86AD81DE_ios_min11.0.a" BuildableIdentifier="primary" BlueprintName="_idx_validate_name_callback_packet_calculator_delegating_executor_executor_image_frame_name_util_packet_generator_graph_subgraph_subgraph_expansion_tag_map_thread_pool_executor_validate_86AD81DE_ios_min11.0" ReferencedContainer="container:HandGestureDetector.xcodeproj"></BuildableReference>
            </BuildActionEntry>
            <BuildActionEntry buildForTesting="YES" buildForProfiling="YES" buildForRunning="YES" buildForArchiving="YES" buildForAnalyzing="YES">
                <BuildableReference BuildableIdentifier="primary" BlueprintIdentifier="5D3379D7900DFACE00000000" BuildableName="lib_idx_tflite_tensors_to_classification_calculator_F0470BB9_ios_min11.0.a" BlueprintName="_idx_tflite_tensors_to_classification_calculator_F0470BB9_ios_min11.0" ReferencedContainer="container:HandGestureDetector.xcodeproj"></BuildableReference>
            </BuildActionEntry>
            <BuildActionEntry buildForArchiving="YES" buildForAnalyzing="YES" buildForRunning="YES" buildForTesting="YES" buildForProfiling="YES">
                <BuildableReference BlueprintIdentifier="5D3379D7A83C5CD400000000" BuildableName="lib_idx_image_transformation_calculator_image_cropping_calculator_8AFD5956_ios_min11.0.a" BlueprintName="_idx_image_transformation_calculator_image_cropping_calculator_8AFD5956_ios_min11.0" ReferencedContainer="container:HandGestureDetector.xcodeproj" BuildableIdentifier="primary"></BuildableReference>
            </BuildActionEntry>
            <BuildActionEntry buildForRunning="YES" buildForProfiling="YES" buildForAnalyzing="YES" buildForTesting="YES" buildForArchiving="YES">
                <BuildableReference BuildableIdentifier="primary" ReferencedContainer="container:HandGestureDetector.xcodeproj" BuildableName="lib_idx_mediapipe_layer_renderer_MPPMetalHelper_gl_calculator_helper_ios_mediapipe_framework_ios_mediapipe_gl_view_renderer_318BD8BA_ios_min11.0.a" BlueprintName="_idx_mediapipe_layer_renderer_MPPMetalHelper_gl_calculator_helper_ios_mediapipe_framework_ios_mediapipe_gl_view_renderer_318BD8BA_ios_min11.0" BlueprintIdentifier="5D3379D7B828EB5A00000000"></BuildableReference>
            </BuildActionEntry>
            <BuildActionEntry buildForProfiling="YES" buildForArchiving="YES" buildForRunning="YES" buildForAnalyzing="YES" buildForTesting="YES">
                <BuildableReference BlueprintIdentifier="5D3379D7DBB9BEC800000000" BlueprintName="_idx_validate_name_callback_packet_calculator_delegating_executor_executor_image_frame_name_util_packet_generator_graph_subgraph_subgraph_expansion_tag_map_thread_pool_executor_validate_86AD81DE_ios_min11.0" BuildableName="lib_idx_validate_name_callback_packet_calculator_delegating_executor_executor_image_frame_name_util_packet_generator_graph_subgraph_subgraph_expansion_tag_map_thread_pool_executor_validate_86AD81DE_ios_min11.0.a" BuildableIdentifier="primary" ReferencedContainer="container:HandGestureDetector.xcodeproj"></BuildableReference>
            </BuildActionEntry>
            <BuildActionEntry buildForAnalyzing="YES" buildForArchiving="YES" buildForTesting="YES" buildForRunning="YES" buildForProfiling="YES">
                <BuildableReference BlueprintName="_idx_mediapipe_layer_renderer_MPPMetalHelper_gl_calculator_helper_ios_mediapipe_framework_ios_mediapipe_gl_view_renderer_318BD8BA_ios_min11.0" ReferencedContainer="container:HandGestureDetector.xcodeproj" BlueprintIdentifier="5D3379D7B828EB5A00000000" BuildableName="lib_idx_mediapipe_layer_renderer_MPPMetalHelper_gl_calculator_helper_ios_mediapipe_framework_ios_mediapipe_gl_view_renderer_318BD8BA_ios_min11.0.a" BuildableIdentifier="primary"></BuildableReference>
            </BuildActionEntry>
            <BuildActionEntry buildForRunning="YES" buildForAnalyzing="YES" buildForProfiling="YES" buildForTesting="YES" buildForArchiving="YES">
                <BuildableReference BuildableIdentifier="primary" BlueprintName="_idx_previous_loopback_calculator_calculator_graph_filter_collection_calculator_flow_limiter_calculator_image_properties_calculator_C819A45B_ios_min11.0" BuildableName="lib_idx_previous_loopback_calculator_calculator_graph_filter_collection_calculator_flow_limiter_calculator_image_properties_calculator_C819A45B_ios_min11.0.a" BlueprintIdentifier="5D3379D78871A27C00000000" ReferencedContainer="container:HandGestureDetector.xcodeproj"></BuildableReference>
            </BuildActionEntry>
            <BuildActionEntry buildForRunning="YES" buildForTesting="YES" buildForArchiving="YES" buildForAnalyzing="YES" buildForProfiling="YES">
                <BuildableReference BlueprintIdentifier="5D3379D7C488854000000000" BuildableName="lib_idx_begin_loop_calculator_4E018836_ios_min11.0.a" BlueprintName="_idx_begin_loop_calculator_4E018836_ios_min11.0" ReferencedContainer="container:HandGestureDetector.xcodeproj" BuildableIdentifier="primary"></BuildableReference>
            </BuildActionEntry>
            <BuildActionEntry buildForArchiving="YES" buildForRunning="YES" buildForTesting="YES" buildForAnalyzing="YES" buildForProfiling="YES">
                <BuildableReference BlueprintIdentifier="5D3379D76CA59ABA00000000" BuildableIdentifier="primary" BlueprintName="_idx_tflite_tensors_to_floats_calculator_end_loop_calculator_6894D7A0_ios_min11.0" BuildableName="lib_idx_tflite_tensors_to_floats_calculator_end_loop_calculator_6894D7A0_ios_min11.0.a" ReferencedContainer="container:HandGestureDetector.xcodeproj"></BuildableReference>
            </BuildActionEntry>
            <BuildActionEntry buildForTesting="YES" buildForAnalyzing="YES" buildForArchiving="YES" buildForRunning="YES" buildForProfiling="YES">
                <BuildableReference BuildableIdentifier="primary" BlueprintIdentifier="5D3379D7E53A10EA00000000" ReferencedContainer="container:HandGestureDetector.xcodeproj" BuildableName="lib_idx_in_order_output_stream_handler_D0720368_ios_min11.0.a" BlueprintName="_idx_in_order_output_stream_handler_D0720368_ios_min11.0"></BuildableReference>
            </BuildActionEntry>
            <BuildActionEntry buildForTesting="YES" buildForProfiling="YES" buildForRunning="YES" buildForArchiving="YES" buildForAnalyzing="YES">
                <BuildableReference BlueprintName="_idx_output_stream_manager_calculator_node_default_input_stream_handler_fixed_size_input_stream_handler_graph_output_stream_immediate_input_stream_handler_input_stream_handler_outpu_etc_06878C9D_ios_min11.0" BuildableName="lib_idx_output_stream_manager_calculator_node_default_input_stream_handler_fixed_size_input_stream_handler_graph_output_stream_immediate_input_stream_handler_input_stream_handler_outpu_etc_06878C9D_ios_min11.0.a" ReferencedContainer="container:HandGestureDetector.xcodeproj" BuildableIdentifier="primary" BlueprintIdentifier="5D3379D7F92FA23A00000000"></BuildableReference>
            </BuildActionEntry>
            <BuildActionEntry buildForAnalyzing="YES" buildForTesting="YES" buildForProfiling="YES" buildForRunning="YES" buildForArchiving="YES">
                <BuildableReference BuildableIdentifier="primary" ReferencedContainer="container:HandGestureDetector.xcodeproj" BlueprintIdentifier="5D3379D7DE3410D200000000" BlueprintName="_idx_profiler_resource_util_E3681FB7_ios_min11.0" BuildableName="lib_idx_profiler_resource_util_E3681FB7_ios_min11.0.a"></BuildableReference>
            </BuildActionEntry>
            <BuildActionEntry buildForArchiving="YES" buildForProfiling="YES" buildForAnalyzing="YES" buildForTesting="YES" buildForRunning="YES">
                <BuildableReference BuildableName="lib_idx_thresholding_calculator_association_norm_rect_calculator_collection_has_min_size_calculator_detection_label_id_to_text_calculator_detections_to_rects_calculator_detections_to_r_etc_AFCE4D46_ios_min11.0.a" BlueprintIdentifier="5D3379D7BD79FF6C00000000" BuildableIdentifier="primary" BlueprintName="_idx_thresholding_calculator_association_norm_rect_calculator_collection_has_min_size_calculator_detection_label_id_to_text_calculator_detections_to_rects_calculator_detections_to_r_etc_AFCE4D46_ios_min11.0" ReferencedContainer="container:HandGestureDetector.xcodeproj"></BuildableReference>
            </BuildActionEntry>
            <BuildActionEntry buildForTesting="YES" buildForAnalyzing="YES" buildForRunning="YES" buildForProfiling="YES" buildForArchiving="YES">
                <BuildableReference BlueprintIdentifier="5D3379D7B828EB5A00000000" BuildableIdentifier="primary" BuildableName="lib_idx_mediapipe_layer_renderer_MPPMetalHelper_gl_calculator_helper_ios_mediapipe_framework_ios_mediapipe_gl_view_renderer_318BD8BA_ios_min11.0.a" ReferencedContainer="container:HandGestureDetector.xcodeproj" BlueprintName="_idx_mediapipe_layer_renderer_MPPMetalHelper_gl_calculator_helper_ios_mediapipe_framework_ios_mediapipe_gl_view_renderer_318BD8BA_ios_min11.0"></BuildableReference>
            </BuildActionEntry>
            <BuildActionEntry buildForArchiving="YES" buildForTesting="YES" buildForRunning="YES" buildForAnalyzing="YES" buildForProfiling="YES">
                <BuildableReference BuildableIdentifier="primary" BlueprintName="_idx_util_calculator_contract_fill_packet_set_input_side_packet_handler_input_stream_manager_input_stream_shard_output_side_packet_impl_output_stream_shard_packet_packet_type_8295B62E_ios_min11.0" ReferencedContainer="container:HandGestureDetector.xcodeproj" BlueprintIdentifier="5D3379D75F109E1600000000" BuildableName="lib_idx_util_calculator_contract_fill_packet_set_input_side_packet_handler_input_stream_manager_input_stream_shard_output_side_packet_impl_output_stream_shard_packet_packet_type_8295B62E_ios_min11.0.a"></BuildableReference>
            </BuildActionEntry>
            <BuildActionEntry buildForTesting="YES" buildForRunning="YES" buildForArchiving="YES" buildForProfiling="YES" buildForAnalyzing="YES">
                <BuildableReference BuildableName="lib_idx_pixel_buffer_pool_util_BDF269D5_ios_min11.0.a" BuildableIdentifier="primary" BlueprintIdentifier="5D3379D7BC65960600000000" BlueprintName="_idx_pixel_buffer_pool_util_BDF269D5_ios_min11.0" ReferencedContainer="container:HandGestureDetector.xcodeproj"></BuildableReference>
            </BuildActionEntry>
            <BuildActionEntry buildForTesting="YES" buildForArchiving="YES" buildForProfiling="YES" buildForAnalyzing="YES" buildForRunning="YES">
                <BuildableReference BuildableName="lib_idx_thresholding_calculator_association_norm_rect_calculator_collection_has_min_size_calculator_detection_label_id_to_text_calculator_detections_to_rects_calculator_detections_to_r_etc_AFCE4D46_ios_min11.0.a" BlueprintName="_idx_thresholding_calculator_association_norm_rect_calculator_collection_has_min_size_calculator_detection_label_id_to_text_calculator_detections_to_rects_calculator_detections_to_r_etc_AFCE4D46_ios_min11.0" ReferencedContainer="container:HandGestureDetector.xcodeproj" BlueprintIdentifier="5D3379D7BD79FF6C00000000" BuildableIdentifier="primary"></BuildableReference>
            </BuildActionEntry>
            <BuildActionEntry buildForProfiling="YES" buildForRunning="YES" buildForArchiving="YES" buildForAnalyzing="YES" buildForTesting="YES">
                <BuildableReference BlueprintIdentifier="5D3379D7F92FA23A00000000" BlueprintName="_idx_output_stream_manager_calculator_node_default_input_stream_handler_fixed_size_input_stream_handler_graph_output_stream_immediate_input_stream_handler_input_stream_handler_outpu_etc_06878C9D_ios_min11.0" ReferencedContainer="container:HandGestureDetector.xcodeproj" BuildableIdentifier="primary" BuildableName="lib_idx_output_stream_manager_calculator_node_default_input_stream_handler_fixed_size_input_stream_handler_graph_output_stream_immediate_input_stream_handler_input_stream_handler_outpu_etc_06878C9D_ios_min11.0.a"></BuildableReference>
            </BuildActionEntry>
            <BuildActionEntry buildForAnalyzing="YES" buildForRunning="YES" buildForArchiving="YES" buildForTesting="YES" buildForProfiling="YES">
                <BuildableReference BuildableName="lib_idx_output_stream_manager_calculator_node_default_input_stream_handler_fixed_size_input_stream_handler_graph_output_stream_immediate_input_stream_handler_input_stream_handler_outpu_etc_06878C9D_ios_min11.0.a" BlueprintName="_idx_output_stream_manager_calculator_node_default_input_stream_handler_fixed_size_input_stream_handler_graph_output_stream_immediate_input_stream_handler_input_stream_handler_outpu_etc_06878C9D_ios_min11.0" ReferencedContainer="container:HandGestureDetector.xcodeproj" BlueprintIdentifier="5D3379D7F92FA23A00000000" BuildableIdentifier="primary"></BuildableReference>
            </BuildActionEntry>
            <BuildActionEntry buildForRunning="YES" buildForProfiling="YES" buildForTesting="YES" buildForArchiving="YES" buildForAnalyzing="YES">
                <BuildableReference BuildableIdentifier="primary" BuildableName="lib_idx_tflite_converter_calculator_8C9A6C7C_ios_min11.0.a" BlueprintIdentifier="5D3379D7F93F169C00000000" BlueprintName="_idx_tflite_converter_calculator_8C9A6C7C_ios_min11.0" ReferencedContainer="container:HandGestureDetector.xcodeproj"></BuildableReference>
            </BuildActionEntry>
            <BuildActionEntry buildForAnalyzing="YES" buildForArchiving="YES" buildForTesting="YES" buildForRunning="YES" buildForProfiling="YES">
                <BuildableReference BuildableName="lib_idx_output_stream_manager_calculator_node_default_input_stream_handler_fixed_size_input_stream_handler_graph_output_stream_immediate_input_stream_handler_input_stream_handler_outpu_etc_06878C9D_ios_min11.0.a" BlueprintName="_idx_output_stream_manager_calculator_node_default_input_stream_handler_fixed_size_input_stream_handler_graph_output_stream_immediate_input_stream_handler_input_stream_handler_outpu_etc_06878C9D_ios_min11.0" BlueprintIdentifier="5D3379D7F92FA23A00000000" BuildableIdentifier="primary" ReferencedContainer="container:HandGestureDetector.xcodeproj"></BuildableReference>
            </BuildActionEntry>
            <BuildActionEntry buildForArchiving="YES" buildForAnalyzing="YES" buildForProfiling="YES" buildForTesting="YES" buildForRunning="YES">
                <BuildableReference BuildableName="lib_idx_MPPMetalUtil_MPPGraphGPUData_1493E016_ios_min11.0.a" BuildableIdentifier="primary" BlueprintIdentifier="5D3379D794D94FB600000000" ReferencedContainer="container:HandGestureDetector.xcodeproj" BlueprintName="_idx_MPPMetalUtil_MPPGraphGPUData_1493E016_ios_min11.0"></BuildableReference>
            </BuildActionEntry>
            <BuildActionEntry buildForAnalyzing="YES" buildForTesting="YES" buildForProfiling="YES" buildForArchiving="YES" buildForRunning="YES">
                <BuildableReference BuildableIdentifier="primary" BlueprintIdentifier="5D3379D7BD79FF6C00000000" BuildableName="lib_idx_thresholding_calculator_association_norm_rect_calculator_collection_has_min_size_calculator_detection_label_id_to_text_calculator_detections_to_rects_calculator_detections_to_r_etc_AFCE4D46_ios_min11.0.a" BlueprintName="_idx_thresholding_calculator_association_norm_rect_calculator_collection_has_min_size_calculator_detection_label_id_to_text_calculator_detections_to_rects_calculator_detections_to_r_etc_AFCE4D46_ios_min11.0" ReferencedContainer="container:HandGestureDetector.xcodeproj"></BuildableReference>
            </BuildActionEntry>
            <BuildActionEntry buildForArchiving="YES" buildForProfiling="YES" buildForTesting="YES" buildForAnalyzing="YES" buildForRunning="YES">
                <BuildableReference BuildableName="lib_idx_output_stream_manager_calculator_node_default_input_stream_handler_fixed_size_input_stream_handler_graph_output_stream_immediate_input_stream_handler_input_stream_handler_outpu_etc_06878C9D_ios_min11.0.a" BlueprintIdentifier="5D3379D7F92FA23A00000000" BlueprintName="_idx_output_stream_manager_calculator_node_default_input_stream_handler_fixed_size_input_stream_handler_graph_output_stream_immediate_input_stream_handler_input_stream_handler_outpu_etc_06878C9D_ios_min11.0" BuildableIdentifier="primary" ReferencedContainer="container:HandGestureDetector.xcodeproj"></BuildableReference>
            </BuildActionEntry>
            <BuildActionEntry buildForRunning="YES" buildForAnalyzing="YES" buildForTesting="YES" buildForArchiving="YES" buildForProfiling="YES">
                <BuildableReference BlueprintName="_idx_registration_token_mediapipe_input_sources_ios_795E9FB0_ios_min11.0" BuildableIdentifier="primary" BlueprintIdentifier="5D3379D7B6E7336C00000000" ReferencedContainer="container:HandGestureDetector.xcodeproj" BuildableName="lib_idx_registration_token_mediapipe_input_sources_ios_795E9FB0_ios_min11.0.a"></BuildableReference>
            </BuildActionEntry>
            <BuildActionEntry buildForTesting="YES" buildForAnalyzing="YES" buildForArchiving="YES" buildForRunning="YES" buildForProfiling="YES">
                <BuildableReference BuildableIdentifier="primary" BlueprintIdentifier="5D3379D7BD79FF6C00000000" BlueprintName="_idx_thresholding_calculator_association_norm_rect_calculator_collection_has_min_size_calculator_detection_label_id_to_text_calculator_detections_to_rects_calculator_detections_to_r_etc_AFCE4D46_ios_min11.0" ReferencedContainer="container:HandGestureDetector.xcodeproj" BuildableName="lib_idx_thresholding_calculator_association_norm_rect_calculator_collection_has_min_size_calculator_detection_label_id_to_text_calculator_detections_to_rects_calculator_detections_to_r_etc_AFCE4D46_ios_min11.0.a"></BuildableReference>
            </BuildActionEntry>
            <BuildActionEntry buildForRunning="YES" buildForProfiling="YES" buildForArchiving="YES" buildForAnalyzing="YES" buildForTesting="YES">
                <BuildableReference BuildableName="lib_idx_topologicalsorter_clock_counter_factory_registration_ret_check_status_status_util_statusor_threadpool_A8E2B0C9_ios_min11.0.a" BlueprintIdentifier="5D3379D7CA8B114000000000" BlueprintName="_idx_topologicalsorter_clock_counter_factory_registration_ret_check_status_status_util_statusor_threadpool_A8E2B0C9_ios_min11.0" BuildableIdentifier="primary" ReferencedContainer="container:HandGestureDetector.xcodeproj"></BuildableReference>
            </BuildActionEntry>
            <BuildActionEntry buildForArchiving="YES" buildForProfiling="YES" buildForTesting="YES" buildForRunning="YES" buildForAnalyzing="YES">
                <BuildableReference BuildableIdentifier="primary" BlueprintName="_idx_transpose_conv_bias_max_pool_argmax_max_unpooling_0662A736_ios_min11.0" BuildableName="lib_idx_transpose_conv_bias_max_pool_argmax_max_unpooling_0662A736_ios_min11.0.a" BlueprintIdentifier="5D3379D7AAADA97400000000" ReferencedContainer="container:HandGestureDetector.xcodeproj"></BuildableReference>
            </BuildActionEntry>
            <BuildActionEntry buildForProfiling="YES" buildForAnalyzing="YES" buildForRunning="YES" buildForTesting="YES" buildForArchiving="YES">
                <BuildableReference BuildableIdentifier="primary" BlueprintIdentifier="5D3379D7F92FA23A00000000" BlueprintName="_idx_output_stream_manager_calculator_node_default_input_stream_handler_fixed_size_input_stream_handler_graph_output_stream_immediate_input_stream_handler_input_stream_handler_outpu_etc_06878C9D_ios_min11.0" BuildableName="lib_idx_output_stream_manager_calculator_node_default_input_stream_handler_fixed_size_input_stream_handler_graph_output_stream_immediate_input_stream_handler_input_stream_handler_outpu_etc_06878C9D_ios_min11.0.a" ReferencedContainer="container:HandGestureDetector.xcodeproj"></BuildableReference>
            </BuildActionEntry>
            <BuildActionEntry buildForAnalyzing="YES" buildForArchiving="YES" buildForTesting="YES" buildForRunning="YES" buildForProfiling="YES">
                <BuildableReference BuildableIdentifier="primary" BlueprintIdentifier="5D3379D79826484A00000000" BuildableName="lib_idx_validated_graph_config_calculator_base_calculator_context_calculator_context_manager_calculator_registry_util_calculator_state_legacy_calculator_support_proto_util_lite_templat_etc_B5DD2B47_ios_min11.0.a" BlueprintName="_idx_validated_graph_config_calculator_base_calculator_context_calculator_context_manager_calculator_registry_util_calculator_state_legacy_calculator_support_proto_util_lite_templat_etc_B5DD2B47_ios_min11.0" ReferencedContainer="container:HandGestureDetector.xcodeproj"></BuildableReference>
            </BuildActionEntry>
            <BuildActionEntry buildForAnalyzing="YES" buildForProfiling="YES" buildForArchiving="YES" buildForRunning="YES" buildForTesting="YES">
                <BuildableReference BuildableIdentifier="primary" BlueprintName="_idx_util_calculator_contract_fill_packet_set_input_side_packet_handler_input_stream_manager_input_stream_shard_output_side_packet_impl_output_stream_shard_packet_packet_type_8295B62E_ios_min11.0" BlueprintIdentifier="5D3379D75F109E1600000000" BuildableName="lib_idx_util_calculator_contract_fill_packet_set_input_side_packet_handler_input_stream_manager_input_stream_shard_output_side_packet_impl_output_stream_shard_packet_packet_type_8295B62E_ios_min11.0.a" ReferencedContainer="container:HandGestureDetector.xcodeproj"></BuildableReference>
            </BuildActionEntry>
            <BuildActionEntry buildForProfiling="YES" buildForAnalyzing="YES" buildForRunning="YES" buildForArchiving="YES" buildForTesting="YES">
                <BuildableReference ReferencedContainer="container:HandGestureDetector.xcodeproj" BuildableName="lib_idx_shader_util_567A57E5_ios_min11.0.a" BlueprintIdentifier="5D3379D70F4540F800000000" BlueprintName="_idx_shader_util_567A57E5_ios_min11.0" BuildableIdentifier="primary"></BuildableReference>
            </BuildActionEntry>
            <BuildActionEntry buildForArchiving="YES" buildForProfiling="YES" buildForAnalyzing="YES" buildForTesting="YES" buildForRunning="YES">
                <BuildableReference ReferencedContainer="container:HandGestureDetector.xcodeproj" BlueprintName="_idx_landmark_letterbox_removal_calculator_detection_letterbox_removal_calculator_00A51FC2_ios_min11.0" BuildableIdentifier="primary" BuildableName="lib_idx_landmark_letterbox_removal_calculator_detection_letterbox_removal_calculator_00A51FC2_ios_min11.0.a" BlueprintIdentifier="5D3379D742367A6200000000"></BuildableReference>
            </BuildActionEntry>
            <BuildActionEntry buildForAnalyzing="YES" buildForProfiling="YES" buildForArchiving="YES" buildForRunning="YES" buildForTesting="YES">
                <BuildableReference BlueprintName="_idx_HandGestureDetectorLib_HandGestureDetectorAppLib_535B9E56_ios_min11.0" BlueprintIdentifier="5D3379D758AB635A00000000" BuildableIdentifier="primary" BuildableName="lib_idx_HandGestureDetectorLib_HandGestureDetectorAppLib_535B9E56_ios_min11.0.a" ReferencedContainer="container:HandGestureDetector.xcodeproj"></BuildableReference>
            </BuildActionEntry>
            <BuildActionEntry buildForRunning="YES" buildForProfiling="YES" buildForArchiving="YES" buildForAnalyzing="YES" buildForTesting="YES">
                <BuildableReference BlueprintIdentifier="5D3379D78871A27C00000000" BuildableIdentifier="primary" BuildableName="lib_idx_previous_loopback_calculator_calculator_graph_filter_collection_calculator_flow_limiter_calculator_image_properties_calculator_C819A45B_ios_min11.0.a" BlueprintName="_idx_previous_loopback_calculator_calculator_graph_filter_collection_calculator_flow_limiter_calculator_image_properties_calculator_C819A45B_ios_min11.0" ReferencedContainer="container:HandGestureDetector.xcodeproj"></BuildableReference>
            </BuildActionEntry>
            <BuildActionEntry buildForArchiving="YES" buildForAnalyzing="YES" buildForTesting="YES" buildForRunning="YES" buildForProfiling="YES">
                <BuildableReference BuildableName="lib_idx_tflite_inference_calculator_05196E20_ios_min11.0.a" BlueprintIdentifier="5D3379D7A4C831D600000000" BlueprintName="_idx_tflite_inference_calculator_05196E20_ios_min11.0" ReferencedContainer="container:HandGestureDetector.xcodeproj" BuildableIdentifier="primary"></BuildableReference>
            </BuildActionEntry>
            <BuildActionEntry buildForRunning="YES" buildForAnalyzing="YES" buildForProfiling="YES" buildForTesting="YES" buildForArchiving="YES">
                <BuildableReference BuildableIdentifier="primary" ReferencedContainer="container:HandGestureDetector.xcodeproj" BlueprintName="_idx_util_calculator_contract_fill_packet_set_input_side_packet_handler_input_stream_manager_input_stream_shard_output_side_packet_impl_output_stream_shard_packet_packet_type_8295B62E_ios_min11.0" BlueprintIdentifier="5D3379D75F109E1600000000" BuildableName="lib_idx_util_calculator_contract_fill_packet_set_input_side_packet_handler_input_stream_manager_input_stream_shard_output_side_packet_impl_output_stream_shard_packet_packet_type_8295B62E_ios_min11.0.a"></BuildableReference>
            </BuildActionEntry>
            <BuildActionEntry buildForProfiling="YES" buildForTesting="YES" buildForRunning="YES" buildForAnalyzing="YES" buildForArchiving="YES">
                <BuildableReference BlueprintIdentifier="5D3379D7BD79FF6C00000000" BuildableName="lib_idx_thresholding_calculator_association_norm_rect_calculator_collection_has_min_size_calculator_detection_label_id_to_text_calculator_detections_to_rects_calculator_detections_to_r_etc_AFCE4D46_ios_min11.0.a" ReferencedContainer="container:HandGestureDetector.xcodeproj" BlueprintName="_idx_thresholding_calculator_association_norm_rect_calculator_collection_has_min_size_calculator_detection_label_id_to_text_calculator_detections_to_rects_calculator_detections_to_r_etc_AFCE4D46_ios_min11.0" BuildableIdentifier="primary"></BuildableReference>
            </BuildActionEntry>
            <BuildActionEntry buildForArchiving="YES" buildForRunning="YES" buildForTesting="YES" buildForProfiling="YES" buildForAnalyzing="YES">
                <BuildableReference BuildableName="lib_idx_op_resolver_708FA650_ios_min11.0.a" BuildableIdentifier="primary" BlueprintName="_idx_op_resolver_708FA650_ios_min11.0" BlueprintIdentifier="5D3379D74C58D96C00000000" ReferencedContainer="container:HandGestureDetector.xcodeproj"></BuildableReference>
            </BuildActionEntry>
            <BuildActionEntry buildForRunning="YES" buildForArchiving="YES" buildForTesting="YES" buildForAnalyzing="YES" buildForProfiling="YES">
                <BuildableReference BlueprintIdentifier="5D3379D7DBB9BEC800000000" BuildableName="lib_idx_validate_name_callback_packet_calculator_delegating_executor_executor_image_frame_name_util_packet_generator_graph_subgraph_subgraph_expansion_tag_map_thread_pool_executor_validate_86AD81DE_ios_min11.0.a" ReferencedContainer="container:HandGestureDetector.xcodeproj" BuildableIdentifier="primary" BlueprintName="_idx_validate_name_callback_packet_calculator_delegating_executor_executor_image_frame_name_util_packet_generator_graph_subgraph_subgraph_expansion_tag_map_thread_pool_executor_validate_86AD81DE_ios_min11.0"></BuildableReference>
            </BuildActionEntry>
            <BuildActionEntry buildForTesting="YES" buildForAnalyzing="YES" buildForProfiling="YES" buildForArchiving="YES" buildForRunning="YES">
                <BuildableReference BuildableIdentifier="primary" BuildableName="lib_idx_graph_profiler_real_ABED87AC_ios_min11.0.a" BlueprintIdentifier="5D3379D7599F390000000000" BlueprintName="_idx_graph_profiler_real_ABED87AC_ios_min11.0" ReferencedContainer="container:HandGestureDetector.xcodeproj"></BuildableReference>
            </BuildActionEntry>
            <BuildActionEntry buildForArchiving="YES" buildForTesting="YES" buildForProfiling="YES" buildForAnalyzing="YES" buildForRunning="YES">
                <BuildableReference ReferencedContainer="container:HandGestureDetector.xcodeproj" BuildableIdentifier="primary" BlueprintIdentifier="5D3379D7001E908A00000000" BuildableName="lib_idx_gpu_buffer_multi_pool_E88180F7_ios_min11.0.a" BlueprintName="_idx_gpu_buffer_multi_pool_E88180F7_ios_min11.0"></BuildableReference>
            </BuildActionEntry>
            <BuildActionEntry buildForArchiving="YES" buildForRunning="YES" buildForTesting="YES" buildForProfiling="YES" buildForAnalyzing="YES">
                <BuildableReference BuildableIdentifier="primary" BuildableName="lib_idx_file_path_5672A702_ios_min11.0.a" BlueprintName="_idx_file_path_5672A702_ios_min11.0" ReferencedContainer="container:HandGestureDetector.xcodeproj" BlueprintIdentifier="5D3379D7E3DAAF6E00000000"></BuildableReference>
            </BuildActionEntry>
            <BuildActionEntry buildForRunning="YES" buildForAnalyzing="YES" buildForTesting="YES" buildForProfiling="YES" buildForArchiving="YES">
                <BuildableReference BuildableName="lib_idx_topologicalsorter_clock_counter_factory_registration_ret_check_status_status_util_statusor_threadpool_A8E2B0C9_ios_min11.0.a" BlueprintIdentifier="5D3379D7CA8B114000000000" ReferencedContainer="container:HandGestureDetector.xcodeproj" BuildableIdentifier="primary" BlueprintName="_idx_topologicalsorter_clock_counter_factory_registration_ret_check_status_status_util_statusor_threadpool_A8E2B0C9_ios_min11.0"></BuildableReference>
            </BuildActionEntry>
            <BuildActionEntry buildForTesting="YES" buildForRunning="YES" buildForAnalyzing="YES" buildForArchiving="YES" buildForProfiling="YES">
                <BuildableReference BlueprintName="_idx_util_calculator_contract_fill_packet_set_input_side_packet_handler_input_stream_manager_input_stream_shard_output_side_packet_impl_output_stream_shard_packet_packet_type_8295B62E_ios_min11.0" ReferencedContainer="container:HandGestureDetector.xcodeproj" BuildableName="lib_idx_util_calculator_contract_fill_packet_set_input_side_packet_handler_input_stream_manager_input_stream_shard_output_side_packet_impl_output_stream_shard_packet_packet_type_8295B62E_ios_min11.0.a" BuildableIdentifier="primary" BlueprintIdentifier="5D3379D75F109E1600000000"></BuildableReference>
            </BuildActionEntry>
            <BuildActionEntry buildForProfiling="YES" buildForArchiving="YES" buildForAnalyzing="YES" buildForTesting="YES" buildForRunning="YES">
                <BuildableReference BuildableIdentifier="primary" ReferencedContainer="container:HandGestureDetector.xcodeproj" BlueprintIdentifier="5D3379D7C1F6AF0400000000" BuildableName="lib_idx_timestamp_collection_item_id_63A851B5_ios_min11.0.a" BlueprintName="_idx_timestamp_collection_item_id_63A851B5_ios_min11.0"></BuildableReference>
            </BuildActionEntry>
            <BuildActionEntry buildForAnalyzing="YES" buildForProfiling="YES" buildForRunning="YES" buildForArchiving="YES" buildForTesting="YES">
                <BuildableReference BlueprintIdentifier="5D3379D7B6E7336C00000000" BuildableName="lib_idx_registration_token_mediapipe_input_sources_ios_795E9FB0_ios_min11.0.a" ReferencedContainer="container:HandGestureDetector.xcodeproj" BuildableIdentifier="primary" BlueprintName="_idx_registration_token_mediapipe_input_sources_ios_795E9FB0_ios_min11.0"></BuildableReference>
            </BuildActionEntry>
            <BuildActionEntry buildForTesting="YES" buildForArchiving="YES" buildForAnalyzing="YES" buildForRunning="YES" buildForProfiling="YES">
                <BuildableReference ReferencedContainer="container:HandGestureDetector.xcodeproj" BuildableIdentifier="primary" BlueprintIdentifier="5D3379D78A22B99C00000000" BuildableName="lib_idx_gpu_service_EE41A4BB_ios_min11.0.a" BlueprintName="_idx_gpu_service_EE41A4BB_ios_min11.0"></BuildableReference>
            </BuildActionEntry>
            <BuildActionEntry buildForAnalyzing="YES" buildForArchiving="YES" buildForProfiling="YES" buildForRunning="YES" buildForTesting="YES">
                <BuildableReference BuildableIdentifier="primary" BlueprintName="_idx_thresholding_calculator_association_norm_rect_calculator_collection_has_min_size_calculator_detection_label_id_to_text_calculator_detections_to_rects_calculator_detections_to_r_etc_AFCE4D46_ios_min11.0" ReferencedContainer="container:HandGestureDetector.xcodeproj" BlueprintIdentifier="5D3379D7BD79FF6C00000000" BuildableName="lib_idx_thresholding_calculator_association_norm_rect_calculator_collection_has_min_size_calculator_detection_label_id_to_text_calculator_detections_to_rects_calculator_detections_to_r_etc_AFCE4D46_ios_min11.0.a"></BuildableReference>
            </BuildActionEntry>
            <BuildActionEntry buildForProfiling="YES" buildForTesting="YES" buildForAnalyzing="YES" buildForArchiving="YES" buildForRunning="YES">
                <BuildableReference BlueprintIdentifier="5D3379D79826484A00000000" BlueprintName="_idx_validated_graph_config_calculator_base_calculator_context_calculator_context_manager_calculator_registry_util_calculator_state_legacy_calculator_support_proto_util_lite_templat_etc_B5DD2B47_ios_min11.0" ReferencedContainer="container:HandGestureDetector.xcodeproj" BuildableIdentifier="primary" BuildableName="lib_idx_validated_graph_config_calculator_base_calculator_context_calculator_context_manager_calculator_registry_util_calculator_state_legacy_calculator_support_proto_util_lite_templat_etc_B5DD2B47_ios_min11.0.a"></BuildableReference>
            </BuildActionEntry>
            <BuildActionEntry buildForTesting="YES" buildForRunning="YES" buildForProfiling="YES" buildForAnalyzing="YES" buildForArchiving="YES">
                <BuildableReference BlueprintIdentifier="5D3379D7AAADA97400000000" BuildableName="lib_idx_transpose_conv_bias_max_pool_argmax_max_unpooling_0662A736_ios_min11.0.a" ReferencedContainer="container:HandGestureDetector.xcodeproj" BlueprintName="_idx_transpose_conv_bias_max_pool_argmax_max_unpooling_0662A736_ios_min11.0" BuildableIdentifier="primary"></BuildableReference>
            </BuildActionEntry>
            <BuildActionEntry buildForAnalyzing="YES" buildForRunning="YES" buildForProfiling="YES" buildForTesting="YES" buildForArchiving="YES">
                <BuildableReference BlueprintName="_idx_landmark_letterbox_removal_calculator_detection_letterbox_removal_calculator_00A51FC2_ios_min11.0" BlueprintIdentifier="5D3379D742367A6200000000" ReferencedContainer="container:HandGestureDetector.xcodeproj" BuildableIdentifier="primary" BuildableName="lib_idx_landmark_letterbox_removal_calculator_detection_letterbox_removal_calculator_00A51FC2_ios_min11.0.a"></BuildableReference>
            </BuildActionEntry>
            <BuildActionEntry buildForArchiving="YES" buildForTesting="YES" buildForRunning="YES" buildForAnalyzing="YES" buildForProfiling="YES">
                <BuildableReference BuildableName="lib_idx_image_transformation_calculator_image_cropping_calculator_8AFD5956_ios_min11.0.a" ReferencedContainer="container:HandGestureDetector.xcodeproj" BlueprintIdentifier="5D3379D7A83C5CD400000000" BuildableIdentifier="primary" BlueprintName="_idx_image_transformation_calculator_image_cropping_calculator_8AFD5956_ios_min11.0"></BuildableReference>
            </BuildActionEntry>
            <BuildActionEntry buildForProfiling="YES" buildForTesting="YES" buildForRunning="YES" buildForAnalyzing="YES" buildForArchiving="YES">
                <BuildableReference BuildableIdentifier="primary" BuildableName="lib_idx_thresholding_calculator_association_norm_rect_calculator_collection_has_min_size_calculator_detection_label_id_to_text_calculator_detections_to_rects_calculator_detections_to_r_etc_AFCE4D46_ios_min11.0.a" BlueprintName="_idx_thresholding_calculator_association_norm_rect_calculator_collection_has_min_size_calculator_detection_label_id_to_text_calculator_detections_to_rects_calculator_detections_to_r_etc_AFCE4D46_ios_min11.0" ReferencedContainer="container:HandGestureDetector.xcodeproj" BlueprintIdentifier="5D3379D7BD79FF6C00000000"></BuildableReference>
            </BuildActionEntry>
            <BuildActionEntry buildForRunning="YES" buildForAnalyzing="YES" buildForProfiling="YES" buildForArchiving="YES" buildForTesting="YES">
                <BuildableReference BuildableName="lib_idx_tflite_tensors_to_detections_calculator_EE3A1B27_ios_min11.0.a" BlueprintName="_idx_tflite_tensors_to_detections_calculator_EE3A1B27_ios_min11.0" ReferencedContainer="container:HandGestureDetector.xcodeproj" BuildableIdentifier="primary" BlueprintIdentifier="5D3379D761B230FE00000000"></BuildableReference>
            </BuildActionEntry>
            <BuildActionEntry buildForTesting="YES" buildForProfiling="YES" buildForArchiving="YES" buildForAnalyzing="YES" buildForRunning="YES">
                <BuildableReference BuildableName="lib_idx_topologicalsorter_clock_counter_factory_registration_ret_check_status_status_util_statusor_threadpool_A8E2B0C9_ios_min11.0.a" BuildableIdentifier="primary" BlueprintIdentifier="5D3379D7CA8B114000000000" BlueprintName="_idx_topologicalsorter_clock_counter_factory_registration_ret_check_status_status_util_statusor_threadpool_A8E2B0C9_ios_min11.0" ReferencedContainer="container:HandGestureDetector.xcodeproj"></BuildableReference>
            </BuildActionEntry>
            <BuildActionEntry buildForTesting="YES" buildForProfiling="YES" buildForArchiving="YES" buildForAnalyzing="YES" buildForRunning="YES">
                <BuildableReference BuildableIdentifier="primary" ReferencedContainer="container:HandGestureDetector.xcodeproj" BlueprintIdentifier="5D3379D7BD79FF6C00000000" BuildableName="lib_idx_thresholding_calculator_association_norm_rect_calculator_collection_has_min_size_calculator_detection_label_id_to_text_calculator_detections_to_rects_calculator_detections_to_r_etc_AFCE4D46_ios_min11.0.a" BlueprintName="_idx_thresholding_calculator_association_norm_rect_calculator_collection_has_min_size_calculator_detection_label_id_to_text_calculator_detections_to_rects_calculator_detections_to_r_etc_AFCE4D46_ios_min11.0"></BuildableReference>
            </BuildActionEntry>
            <BuildActionEntry buildForProfiling="YES" buildForRunning="YES" buildForArchiving="YES" buildForTesting="YES" buildForAnalyzing="YES">
                <BuildableReference BlueprintIdentifier="5D3379D7BD79FF6C00000000" BuildableName="lib_idx_thresholding_calculator_association_norm_rect_calculator_collection_has_min_size_calculator_detection_label_id_to_text_calculator_detections_to_rects_calculator_detections_to_r_etc_AFCE4D46_ios_min11.0.a" BuildableIdentifier="primary" BlueprintName="_idx_thresholding_calculator_association_norm_rect_calculator_collection_has_min_size_calculator_detection_label_id_to_text_calculator_detections_to_rects_calculator_detections_to_r_etc_AFCE4D46_ios_min11.0" ReferencedContainer="container:HandGestureDetector.xcodeproj"></BuildableReference>
            </BuildActionEntry>
            <BuildActionEntry buildForTesting="YES" buildForAnalyzing="YES" buildForArchiving="YES" buildForProfiling="YES" buildForRunning="YES">
                <BuildableReference BuildableName="lib_idx_validate_name_callback_packet_calculator_delegating_executor_executor_image_frame_name_util_packet_generator_graph_subgraph_subgraph_expansion_tag_map_thread_pool_executor_validate_86AD81DE_ios_min11.0.a" BuildableIdentifier="primary" ReferencedContainer="container:HandGestureDetector.xcodeproj" BlueprintName="_idx_validate_name_callback_packet_calculator_delegating_executor_executor_image_frame_name_util_packet_generator_graph_subgraph_subgraph_expansion_tag_map_thread_pool_executor_validate_86AD81DE_ios_min11.0" BlueprintIdentifier="5D3379D7DBB9BEC800000000"></BuildableReference>
            </BuildActionEntry>
            <BuildActionEntry buildForAnalyzing="YES" buildForTesting="YES" buildForArchiving="YES" buildForRunning="YES" buildForProfiling="YES">
                <BuildableReference BlueprintName="_idx_util_calculator_contract_fill_packet_set_input_side_packet_handler_input_stream_manager_input_stream_shard_output_side_packet_impl_output_stream_shard_packet_packet_type_8295B62E_ios_min11.0" ReferencedContainer="container:HandGestureDetector.xcodeproj" BuildableIdentifier="primary" BlueprintIdentifier="5D3379D75F109E1600000000" BuildableName="lib_idx_util_calculator_contract_fill_packet_set_input_side_packet_handler_input_stream_manager_input_stream_shard_output_side_packet_impl_output_stream_shard_packet_packet_type_8295B62E_ios_min11.0.a"></BuildableReference>
            </BuildActionEntry>
            <BuildActionEntry buildForProfiling="YES" buildForRunning="YES" buildForArchiving="YES" buildForTesting="YES" buildForAnalyzing="YES">
                <BuildableReference ReferencedContainer="container:HandGestureDetector.xcodeproj" BuildableIdentifier="primary" BuildableName="lib_idx_output_stream_manager_calculator_node_default_input_stream_handler_fixed_size_input_stream_handler_graph_output_stream_immediate_input_stream_handler_input_stream_handler_outpu_etc_06878C9D_ios_min11.0.a" BlueprintIdentifier="5D3379D7F92FA23A00000000" BlueprintName="_idx_output_stream_manager_calculator_node_default_input_stream_handler_fixed_size_input_stream_handler_graph_output_stream_immediate_input_stream_handler_input_stream_handler_outpu_etc_06878C9D_ios_min11.0"></BuildableReference>
            </BuildActionEntry>
            <BuildActionEntry buildForAnalyzing="YES" buildForTesting="YES" buildForRunning="YES" buildForArchiving="YES" buildForProfiling="YES">
                <BuildableReference BuildableIdentifier="primary" ReferencedContainer="container:HandGestureDetector.xcodeproj" BlueprintName="_idx_scheduler_queue_7D2DB673_ios_min11.0" BuildableName="lib_idx_scheduler_queue_7D2DB673_ios_min11.0.a" BlueprintIdentifier="5D3379D74F2FFC5A00000000"></BuildableReference>
            </BuildActionEntry>
            <BuildActionEntry buildForTesting="YES" buildForAnalyzing="YES" buildForRunning="YES" buildForProfiling="YES" buildForArchiving="YES">
                <BuildableReference BlueprintIdentifier="5D3379D76CA59ABA00000000" ReferencedContainer="container:HandGestureDetector.xcodeproj" BuildableIdentifier="primary" BuildableName="lib_idx_tflite_tensors_to_floats_calculator_end_loop_calculator_6894D7A0_ios_min11.0.a" BlueprintName="_idx_tflite_tensors_to_floats_calculator_end_loop_calculator_6894D7A0_ios_min11.0"></BuildableReference>
            </BuildActionEntry>
            <BuildActionEntry buildForAnalyzing="YES" buildForProfiling="YES" buildForRunning="YES" buildForArchiving="YES" buildForTesting="YES">
                <BuildableReference BlueprintIdentifier="5D3379D75F109E1600000000" BuildableName="lib_idx_util_calculator_contract_fill_packet_set_input_side_packet_handler_input_stream_manager_input_stream_shard_output_side_packet_impl_output_stream_shard_packet_packet_type_8295B62E_ios_min11.0.a" BlueprintName="_idx_util_calculator_contract_fill_packet_set_input_side_packet_handler_input_stream_manager_input_stream_shard_output_side_packet_impl_output_stream_shard_packet_packet_type_8295B62E_ios_min11.0" ReferencedContainer="container:HandGestureDetector.xcodeproj" BuildableIdentifier="primary"></BuildableReference>
            </BuildActionEntry>
            <BuildActionEntry buildForRunning="YES" buildForProfiling="YES" buildForAnalyzing="YES" buildForArchiving="YES" buildForTesting="YES">
                <BuildableReference BlueprintIdentifier="5D3379D79826484A00000000" BlueprintName="_idx_validated_graph_config_calculator_base_calculator_context_calculator_context_manager_calculator_registry_util_calculator_state_legacy_calculator_support_proto_util_lite_templat_etc_B5DD2B47_ios_min11.0" ReferencedContainer="container:HandGestureDetector.xcodeproj" BuildableName="lib_idx_validated_graph_config_calculator_base_calculator_context_calculator_context_manager_calculator_registry_util_calculator_state_legacy_calculator_support_proto_util_lite_templat_etc_B5DD2B47_ios_min11.0.a" BuildableIdentifier="primary"></BuildableReference>
            </BuildActionEntry>
            <BuildActionEntry buildForAnalyzing="YES" buildForTesting="YES" buildForArchiving="YES" buildForRunning="YES" buildForProfiling="YES">
                <BuildableReference BlueprintIdentifier="5D3379D75F109E1600000000" ReferencedContainer="container:HandGestureDetector.xcodeproj" BuildableIdentifier="primary" BuildableName="lib_idx_util_calculator_contract_fill_packet_set_input_side_packet_handler_input_stream_manager_input_stream_shard_output_side_packet_impl_output_stream_shard_packet_packet_type_8295B62E_ios_min11.0.a" BlueprintName="_idx_util_calculator_contract_fill_packet_set_input_side_packet_handler_input_stream_manager_input_stream_shard_output_side_packet_impl_output_stream_shard_packet_packet_type_8295B62E_ios_min11.0"></BuildableReference>
            </BuildActionEntry>
            <BuildActionEntry buildForAnalyzing="YES" buildForTesting="YES" buildForRunning="YES" buildForArchiving="YES" buildForProfiling="YES">
                <BuildableReference BuildableIdentifier="primary" BlueprintName="_idx_validated_graph_config_calculator_base_calculator_context_calculator_context_manager_calculator_registry_util_calculator_state_legacy_calculator_support_proto_util_lite_templat_etc_B5DD2B47_ios_min11.0" ReferencedContainer="container:HandGestureDetector.xcodeproj" BuildableName="lib_idx_validated_graph_config_calculator_base_calculator_context_calculator_context_manager_calculator_registry_util_calculator_state_legacy_calculator_support_proto_util_lite_templat_etc_B5DD2B47_ios_min11.0.a" BlueprintIdentifier="5D3379D79826484A00000000"></BuildableReference>
            </BuildActionEntry>
            <BuildActionEntry buildForAnalyzing="YES" buildForRunning="YES" buildForTesting="YES" buildForProfiling="YES" buildForArchiving="YES">
                <BuildableReference BuildableName="lib_idx_split_vector_calculator_4239774E_ios_min11.0.a" ReferencedContainer="container:HandGestureDetector.xcodeproj" BlueprintName="_idx_split_vector_calculator_4239774E_ios_min11.0" BlueprintIdentifier="5D3379D78C95ED9200000000" BuildableIdentifier="primary"></BuildableReference>
            </BuildActionEntry>
            <BuildActionEntry buildForAnalyzing="YES" buildForRunning="YES" buildForArchiving="YES" buildForProfiling="YES" buildForTesting="YES">
                <BuildableReference BuildableIdentifier="primary" BlueprintIdentifier="5D3379D729D4DAA200000000" BuildableName="lib_idx_non_max_suppression_calculator_B53B495C_ios_min11.0.a" ReferencedContainer="container:HandGestureDetector.xcodeproj" BlueprintName="_idx_non_max_suppression_calculator_B53B495C_ios_min11.0"></BuildableReference>
            </BuildActionEntry>
            <BuildActionEntry buildForArchiving="YES" buildForTesting="YES" buildForProfiling="YES" buildForAnalyzing="YES" buildForRunning="YES">
                <BuildableReference BuildableName="lib_idx_thresholding_calculator_association_norm_rect_calculator_collection_has_min_size_calculator_detection_label_id_to_text_calculator_detections_to_rects_calculator_detections_to_r_etc_AFCE4D46_ios_min11.0.a" ReferencedContainer="container:HandGestureDetector.xcodeproj" BlueprintIdentifier="5D3379D7BD79FF6C00000000" BuildableIdentifier="primary" BlueprintName="_idx_thresholding_calculator_association_norm_rect_calculator_collection_has_min_size_calculator_detection_label_id_to_text_calculator_detections_to_rects_calculator_detections_to_r_etc_AFCE4D46_ios_min11.0"></BuildableReference>
            </BuildActionEntry>
            <BuildActionEntry buildForTesting="YES" buildForAnalyzing="YES" buildForRunning="YES" buildForProfiling="YES" buildForArchiving="YES">
                <BuildableReference BlueprintIdentifier="5D3379D75F109E1600000000" BlueprintName="_idx_util_calculator_contract_fill_packet_set_input_side_packet_handler_input_stream_manager_input_stream_shard_output_side_packet_impl_output_stream_shard_packet_packet_type_8295B62E_ios_min11.0" BuildableIdentifier="primary" ReferencedContainer="container:HandGestureDetector.xcodeproj" BuildableName="lib_idx_util_calculator_contract_fill_packet_set_input_side_packet_handler_input_stream_manager_input_stream_shard_output_side_packet_impl_output_stream_shard_packet_packet_type_8295B62E_ios_min11.0.a"></BuildableReference>
            </BuildActionEntry>
            <BuildActionEntry buildForRunning="YES" buildForAnalyzing="YES" buildForArchiving="YES" buildForProfiling="YES" buildForTesting="YES">
                <BuildableReference BlueprintIdentifier="5D3379D7224AF5DE00000000" BlueprintName="_idx_tflite_tensors_to_landmarks_calculator_clip_vector_size_calculator_A76243C6_ios_min11.0" BuildableIdentifier="primary" ReferencedContainer="container:HandGestureDetector.xcodeproj" BuildableName="lib_idx_tflite_tensors_to_landmarks_calculator_clip_vector_size_calculator_A76243C6_ios_min11.0.a"></BuildableReference>
            </BuildActionEntry>
            <BuildActionEntry buildForRunning="YES" buildForProfiling="YES" buildForArchiving="YES" buildForAnalyzing="YES" buildForTesting="YES">
                <BuildableReference ReferencedContainer="container:HandGestureDetector.xcodeproj" BlueprintName="_idx_transpose_conv_bias_max_pool_argmax_max_unpooling_0662A736_ios_min11.0" BuildableName="lib_idx_transpose_conv_bias_max_pool_argmax_max_unpooling_0662A736_ios_min11.0.a" BlueprintIdentifier="5D3379D7AAADA97400000000" BuildableIdentifier="primary"></BuildableReference>
            </BuildActionEntry>
            <BuildActionEntry buildForAnalyzing="YES" buildForRunning="YES" buildForTesting="YES" buildForProfiling="YES" buildForArchiving="YES">
                <BuildableReference BuildableIdentifier="primary" BuildableName="lib_idx_util_calculator_contract_fill_packet_set_input_side_packet_handler_input_stream_manager_input_stream_shard_output_side_packet_impl_output_stream_shard_packet_packet_type_8295B62E_ios_min11.0.a" BlueprintName="_idx_util_calculator_contract_fill_packet_set_input_side_packet_handler_input_stream_manager_input_stream_shard_output_side_packet_impl_output_stream_shard_packet_packet_type_8295B62E_ios_min11.0" ReferencedContainer="container:HandGestureDetector.xcodeproj" BlueprintIdentifier="5D3379D75F109E1600000000"></BuildableReference>
            </BuildActionEntry>
            <BuildActionEntry buildForTesting="YES" buildForArchiving="YES" buildForAnalyzing="YES" buildForRunning="YES" buildForProfiling="YES">
                <BuildableReference BuildableIdentifier="primary" BlueprintName="_idx_topologicalsorter_clock_counter_factory_registration_ret_check_status_status_util_statusor_threadpool_A8E2B0C9_ios_min11.0" BlueprintIdentifier="5D3379D7CA8B114000000000" ReferencedContainer="container:HandGestureDetector.xcodeproj" BuildableName="lib_idx_topologicalsorter_clock_counter_factory_registration_ret_check_status_status_util_statusor_threadpool_A8E2B0C9_ios_min11.0.a"></BuildableReference>
            </BuildActionEntry>
            <BuildActionEntry buildForProfiling="YES" buildForTesting="YES" buildForArchiving="YES" buildForRunning="YES" buildForAnalyzing="YES">
                <BuildableReference BuildableIdentifier="primary" ReferencedContainer="container:HandGestureDetector.xcodeproj" BlueprintIdentifier="5D3379D78871A27C00000000" BuildableName="lib_idx_previous_loopback_calculator_calculator_graph_filter_collection_calculator_flow_limiter_calculator_image_properties_calculator_C819A45B_ios_min11.0.a" BlueprintName="_idx_previous_loopback_calculator_calculator_graph_filter_collection_calculator_flow_limiter_calculator_image_properties_calculator_C819A45B_ios_min11.0"></BuildableReference>
            </BuildActionEntry>
            <BuildActionEntry buildForTesting="YES" buildForAnalyzing="YES" buildForRunning="YES" buildForProfiling="YES" buildForArchiving="YES">
                <BuildableReference ReferencedContainer="container:HandGestureDetector.xcodeproj" BlueprintIdentifier="5D3379D75F109E1600000000" BuildableName="lib_idx_util_calculator_contract_fill_packet_set_input_side_packet_handler_input_stream_manager_input_stream_shard_output_side_packet_impl_output_stream_shard_packet_packet_type_8295B62E_ios_min11.0.a" BlueprintName="_idx_util_calculator_contract_fill_packet_set_input_side_packet_handler_input_stream_manager_input_stream_shard_output_side_packet_impl_output_stream_shard_packet_packet_type_8295B62E_ios_min11.0" BuildableIdentifier="primary"></BuildableReference>
            </BuildActionEntry>
            <BuildActionEntry buildForProfiling="YES" buildForArchiving="YES" buildForTesting="YES" buildForAnalyzing="YES" buildForRunning="YES">
                <BuildableReference BuildableIdentifier="primary" ReferencedContainer="container:HandGestureDetector.xcodeproj" BlueprintIdentifier="5D3379D7CA8B114000000000" BlueprintName="_idx_topologicalsorter_clock_counter_factory_registration_ret_check_status_status_util_statusor_threadpool_A8E2B0C9_ios_min11.0" BuildableName="lib_idx_topologicalsorter_clock_counter_factory_registration_ret_check_status_status_util_statusor_threadpool_A8E2B0C9_ios_min11.0.a"></BuildableReference>
            </BuildActionEntry>
            <BuildActionEntry buildForArchiving="YES" buildForAnalyzing="YES" buildForProfiling="YES" buildForTesting="YES" buildForRunning="YES">
                <BuildableReference BuildableName="lib_idx_thresholding_calculator_association_norm_rect_calculator_collection_has_min_size_calculator_detection_label_id_to_text_calculator_detections_to_rects_calculator_detections_to_r_etc_AFCE4D46_ios_min11.0.a" BuildableIdentifier="primary" BlueprintIdentifier="5D3379D7BD79FF6C00000000" BlueprintName="_idx_thresholding_calculator_association_norm_rect_calculator_collection_has_min_size_calculator_detection_label_id_to_text_calculator_detections_to_rects_calculator_detections_to_r_etc_AFCE4D46_ios_min11.0" ReferencedContainer="container:HandGestureDetector.xcodeproj"></BuildableReference>
            </BuildActionEntry>
            <BuildActionEntry buildForTesting="YES" buildForArchiving="YES" buildForAnalyzing="YES" buildForRunning="YES" buildForProfiling="YES">
                <BuildableReference BlueprintIdentifier="5D3379D79826484A00000000" ReferencedContainer="container:HandGestureDetector.xcodeproj" BuildableName="lib_idx_validated_graph_config_calculator_base_calculator_context_calculator_context_manager_calculator_registry_util_calculator_state_legacy_calculator_support_proto_util_lite_templat_etc_B5DD2B47_ios_min11.0.a" BlueprintName="_idx_validated_graph_config_calculator_base_calculator_context_calculator_context_manager_calculator_registry_util_calculator_state_legacy_calculator_support_proto_util_lite_templat_etc_B5DD2B47_ios_min11.0" BuildableIdentifier="primary"></BuildableReference>
            </BuildActionEntry>
            <BuildActionEntry buildForTesting="YES" buildForAnalyzing="YES" buildForRunning="YES" buildForArchiving="YES" buildForProfiling="YES">
                <BuildableReference BlueprintName="_idx_previous_loopback_calculator_calculator_graph_filter_collection_calculator_flow_limiter_calculator_image_properties_calculator_C819A45B_ios_min11.0" BuildableIdentifier="primary" ReferencedContainer="container:HandGestureDetector.xcodeproj" BuildableName="lib_idx_previous_loopback_calculator_calculator_graph_filter_collection_calculator_flow_limiter_calculator_image_properties_calculator_C819A45B_ios_min11.0.a" BlueprintIdentifier="5D3379D78871A27C00000000"></BuildableReference>
            </BuildActionEntry>
            <BuildActionEntry buildForArchiving="YES" buildForTesting="YES" buildForAnalyzing="YES" buildForProfiling="YES" buildForRunning="YES">
                <BuildableReference BuildableName="lib_idx_tflite_custom_op_resolver_calculator_E56B7E86_ios_min11.0.a" ReferencedContainer="container:HandGestureDetector.xcodeproj" BlueprintName="_idx_tflite_custom_op_resolver_calculator_E56B7E86_ios_min11.0" BuildableIdentifier="primary" BlueprintIdentifier="5D3379D7A48D041E00000000"></BuildableReference>
            </BuildActionEntry>
            <BuildActionEntry buildForArchiving="YES" buildForProfiling="YES" buildForAnalyzing="YES" buildForTesting="YES" buildForRunning="YES">
                <BuildableReference BlueprintName="_idx_validate_name_callback_packet_calculator_delegating_executor_executor_image_frame_name_util_packet_generator_graph_subgraph_subgraph_expansion_tag_map_thread_pool_executor_validate_86AD81DE_ios_min11.0" ReferencedContainer="container:HandGestureDetector.xcodeproj" BuildableName="lib_idx_validate_name_callback_packet_calculator_delegating_executor_executor_image_frame_name_util_packet_generator_graph_subgraph_subgraph_expansion_tag_map_thread_pool_executor_validate_86AD81DE_ios_min11.0.a" BuildableIdentifier="primary" BlueprintIdentifier="5D3379D7DBB9BEC800000000"></BuildableReference>
            </BuildActionEntry>
            <BuildActionEntry buildForProfiling="YES" buildForRunning="YES" buildForAnalyzing="YES" buildForArchiving="YES" buildForTesting="YES">
                <BuildableReference BlueprintName="_idx_output_stream_manager_calculator_node_default_input_stream_handler_fixed_size_input_stream_handler_graph_output_stream_immediate_input_stream_handler_input_stream_handler_outpu_etc_06878C9D_ios_min11.0" BuildableName="lib_idx_output_stream_manager_calculator_node_default_input_stream_handler_fixed_size_input_stream_handler_graph_output_stream_immediate_input_stream_handler_input_stream_handler_outpu_etc_06878C9D_ios_min11.0.a" BuildableIdentifier="primary" BlueprintIdentifier="5D3379D7F92FA23A00000000" ReferencedContainer="container:HandGestureDetector.xcodeproj"></BuildableReference>
            </BuildActionEntry>
            <BuildActionEntry buildForProfiling="YES" buildForAnalyzing="YES" buildForArchiving="YES" buildForTesting="YES" buildForRunning="YES">
                <BuildableReference ReferencedContainer="container:HandGestureDetector.xcodeproj" BuildableName="lib_idx_mediapipe_layer_renderer_MPPMetalHelper_gl_calculator_helper_ios_mediapipe_framework_ios_mediapipe_gl_view_renderer_318BD8BA_ios_min11.0.a" BlueprintName="_idx_mediapipe_layer_renderer_MPPMetalHelper_gl_calculator_helper_ios_mediapipe_framework_ios_mediapipe_gl_view_renderer_318BD8BA_ios_min11.0" BlueprintIdentifier="5D3379D7B828EB5A00000000" BuildableIdentifier="primary"></BuildableReference>
            </BuildActionEntry>
            <BuildActionEntry buildForAnalyzing="YES" buildForTesting="YES" buildForRunning="YES" buildForArchiving="YES" buildForProfiling="YES">
                <BuildableReference BuildableIdentifier="primary" BlueprintName="_idx_validate_name_callback_packet_calculator_delegating_executor_executor_image_frame_name_util_packet_generator_graph_subgraph_subgraph_expansion_tag_map_thread_pool_executor_validate_86AD81DE_ios_min11.0" BuildableName="lib_idx_validate_name_callback_packet_calculator_delegating_executor_executor_image_frame_name_util_packet_generator_graph_subgraph_subgraph_expansion_tag_map_thread_pool_executor_validate_86AD81DE_ios_min11.0.a" ReferencedContainer="container:HandGestureDetector.xcodeproj" BlueprintIdentifier="5D3379D7DBB9BEC800000000"></BuildableReference>
            </BuildActionEntry>
            <BuildActionEntry buildForRunning="YES" buildForAnalyzing="YES" buildForProfiling="YES" buildForTesting="YES" buildForArchiving="YES">
                <BuildableReference BuildableIdentifier="primary" ReferencedContainer="container:HandGestureDetector.xcodeproj" BlueprintName="_idx_validate_name_callback_packet_calculator_delegating_executor_executor_image_frame_name_util_packet_generator_graph_subgraph_subgraph_expansion_tag_map_thread_pool_executor_validate_86AD81DE_ios_min11.0" BuildableName="lib_idx_validate_name_callback_packet_calculator_delegating_executor_executor_image_frame_name_util_packet_generator_graph_subgraph_subgraph_expansion_tag_map_thread_pool_executor_validate_86AD81DE_ios_min11.0.a" BlueprintIdentifier="5D3379D7DBB9BEC800000000"></BuildableReference>
            </BuildActionEntry>
            <BuildActionEntry buildForAnalyzing="YES" buildForTesting="YES" buildForRunning="YES" buildForArchiving="YES" buildForProfiling="YES">
                <BuildableReference ReferencedContainer="container:HandGestureDetector.xcodeproj" BuildableName="lib_idx_validated_graph_config_calculator_base_calculator_context_calculator_context_manager_calculator_registry_util_calculator_state_legacy_calculator_support_proto_util_lite_templat_etc_B5DD2B47_ios_min11.0.a" BuildableIdentifier="primary" BlueprintName="_idx_validated_graph_config_calculator_base_calculator_context_calculator_context_manager_calculator_registry_util_calculator_state_legacy_calculator_support_proto_util_lite_templat_etc_B5DD2B47_ios_min11.0" BlueprintIdentifier="5D3379D79826484A00000000"></BuildableReference>
            </BuildActionEntry>
            <BuildActionEntry buildForArchiving="YES" buildForAnalyzing="YES" buildForRunning="YES" buildForProfiling="YES" buildForTesting="YES">
                <BuildableReference BuildableIdentifier="primary" BuildableName="lib_idx_HandGestureDetectorLib_HandGestureDetectorAppLib_535B9E56_ios_min11.0.a" ReferencedContainer="container:HandGestureDetector.xcodeproj" BlueprintIdentifier="5D3379D758AB635A00000000" BlueprintName="_idx_HandGestureDetectorLib_HandGestureDetectorAppLib_535B9E56_ios_min11.0"></BuildableReference>
            </BuildActionEntry>
            <BuildActionEntry buildForAnalyzing="YES" buildForTesting="YES" buildForRunning="YES" buildForProfiling="YES" buildForArchiving="YES">
                <BuildableReference BuildableIdentifier="primary" BlueprintIdentifier="5D3379D7224AF5DE00000000" BuildableName="lib_idx_tflite_tensors_to_landmarks_calculator_clip_vector_size_calculator_A76243C6_ios_min11.0.a" BlueprintName="_idx_tflite_tensors_to_landmarks_calculator_clip_vector_size_calculator_A76243C6_ios_min11.0" ReferencedContainer="container:HandGestureDetector.xcodeproj"></BuildableReference>
            </BuildActionEntry>
            <BuildActionEntry buildForProfiling="YES" buildForAnalyzing="YES" buildForRunning="YES" buildForTesting="YES" buildForArchiving="YES">
                <BuildableReference BuildableIdentifier="primary" BlueprintName="_idx_tflite_tensors_to_landmarks_calculator_clip_vector_size_calculator_A76243C6_ios_min11.0" BlueprintIdentifier="5D3379D7224AF5DE00000000" BuildableName="lib_idx_tflite_tensors_to_landmarks_calculator_clip_vector_size_calculator_A76243C6_ios_min11.0.a" ReferencedContainer="container:HandGestureDetector.xcodeproj"></BuildableReference>
            </BuildActionEntry>
            <BuildActionEntry buildForRunning="YES" buildForAnalyzing="YES" buildForTesting="YES" buildForProfiling="YES" buildForArchiving="YES">
                <BuildableReference BlueprintName="_idx_thresholding_calculator_association_norm_rect_calculator_collection_has_min_size_calculator_detection_label_id_to_text_calculator_detections_to_rects_calculator_detections_to_r_etc_AFCE4D46_ios_min11.0" ReferencedContainer="container:HandGestureDetector.xcodeproj" BuildableIdentifier="primary" BuildableName="lib_idx_thresholding_calculator_association_norm_rect_calculator_collection_has_min_size_calculator_detection_label_id_to_text_calculator_detections_to_rects_calculator_detections_to_r_etc_AFCE4D46_ios_min11.0.a" BlueprintIdentifier="5D3379D7BD79FF6C00000000"></BuildableReference>
            </BuildActionEntry>
            <BuildActionEntry buildForRunning="YES" buildForAnalyzing="YES" buildForArchiving="YES" buildForProfiling="YES" buildForTesting="YES">
                <BuildableReference BlueprintIdentifier="5D3379D72E4A4E2A00000000" BuildableName="lib_idx_gpu_buffer_format_372C4081_ios_min11.0.a" BlueprintName="_idx_gpu_buffer_format_372C4081_ios_min11.0" ReferencedContainer="container:HandGestureDetector.xcodeproj" BuildableIdentifier="primary"></BuildableReference>
            </BuildActionEntry>
            <BuildActionEntry buildForTesting="YES" buildForProfiling="YES" buildForRunning="YES" buildForArchiving="YES" buildForAnalyzing="YES">
                <BuildableReference BlueprintName="_idx_transpose_conv_bias_max_pool_argmax_max_unpooling_0662A736_ios_min11.0" BuildableIdentifier="primary" BuildableName="lib_idx_transpose_conv_bias_max_pool_argmax_max_unpooling_0662A736_ios_min11.0.a" BlueprintIdentifier="5D3379D7AAADA97400000000" ReferencedContainer="container:HandGestureDetector.xcodeproj"></BuildableReference>
            </BuildActionEntry>
            <BuildActionEntry buildForProfiling="YES" buildForAnalyzing="YES" buildForRunning="YES" buildForArchiving="YES" buildForTesting="YES">
                <BuildableReference BuildableIdentifier="primary" BlueprintName="_idx_mediapipe_layer_renderer_MPPMetalHelper_gl_calculator_helper_ios_mediapipe_framework_ios_mediapipe_gl_view_renderer_318BD8BA_ios_min11.0" ReferencedContainer="container:HandGestureDetector.xcodeproj" BlueprintIdentifier="5D3379D7B828EB5A00000000" BuildableName="lib_idx_mediapipe_layer_renderer_MPPMetalHelper_gl_calculator_helper_ios_mediapipe_framework_ios_mediapipe_gl_view_renderer_318BD8BA_ios_min11.0.a"></BuildableReference>
            </BuildActionEntry>
            <BuildActionEntry buildForAnalyzing="YES" buildForTesting="YES" buildForArchiving="YES" buildForRunning="YES" buildForProfiling="YES">
                <BuildableReference BuildableName="lib_idx_thresholding_calculator_association_norm_rect_calculator_collection_has_min_size_calculator_detection_label_id_to_text_calculator_detections_to_rects_calculator_detections_to_r_etc_AFCE4D46_ios_min11.0.a" ReferencedContainer="container:HandGestureDetector.xcodeproj" BlueprintIdentifier="5D3379D7BD79FF6C00000000" BlueprintName="_idx_thresholding_calculator_association_norm_rect_calculator_collection_has_min_size_calculator_detection_label_id_to_text_calculator_detections_to_rects_calculator_detections_to_r_etc_AFCE4D46_ios_min11.0" BuildableIdentifier="primary"></BuildableReference>
            </BuildActionEntry>
            <BuildActionEntry buildForTesting="YES" buildForArchiving="YES" buildForAnalyzing="YES" buildForRunning="YES" buildForProfiling="YES">
                <BuildableReference ReferencedContainer="container:HandGestureDetector.xcodeproj" BuildableName="lib_idx_validate_name_callback_packet_calculator_delegating_executor_executor_image_frame_name_util_packet_generator_graph_subgraph_subgraph_expansion_tag_map_thread_pool_executor_validate_86AD81DE_ios_min11.0.a" BlueprintIdentifier="5D3379D7DBB9BEC800000000" BlueprintName="_idx_validate_name_callback_packet_calculator_delegating_executor_executor_image_frame_name_util_packet_generator_graph_subgraph_subgraph_expansion_tag_map_thread_pool_executor_validate_86AD81DE_ios_min11.0" BuildableIdentifier="primary"></BuildableReference>
            </BuildActionEntry>
            <BuildActionEntry buildForRunning="YES" buildForArchiving="YES" buildForProfiling="YES" buildForAnalyzing="YES" buildForTesting="YES">
                <BuildableReference BlueprintIdentifier="5D3379D79826484A00000000" BuildableName="lib_idx_validated_graph_config_calculator_base_calculator_context_calculator_context_manager_calculator_registry_util_calculator_state_legacy_calculator_support_proto_util_lite_templat_etc_B5DD2B47_ios_min11.0.a" BuildableIdentifier="primary" ReferencedContainer="container:HandGestureDetector.xcodeproj" BlueprintName="_idx_validated_graph_config_calculator_base_calculator_context_calculator_context_manager_calculator_registry_util_calculator_state_legacy_calculator_support_proto_util_lite_templat_etc_B5DD2B47_ios_min11.0"></BuildableReference>
            </BuildActionEntry>
            <BuildActionEntry buildForAnalyzing="YES" buildForTesting="YES" buildForProfiling="YES" buildForArchiving="YES" buildForRunning="YES">
                <BuildableReference BuildableIdentifier="primary" BlueprintIdentifier="5D3379D7F92FA23A00000000" BuildableName="lib_idx_output_stream_manager_calculator_node_default_input_stream_handler_fixed_size_input_stream_handler_graph_output_stream_immediate_input_stream_handler_input_stream_handler_outpu_etc_06878C9D_ios_min11.0.a" ReferencedContainer="container:HandGestureDetector.xcodeproj" BlueprintName="_idx_output_stream_manager_calculator_node_default_input_stream_handler_fixed_size_input_stream_handler_graph_output_stream_immediate_input_stream_handler_input_stream_handler_outpu_etc_06878C9D_ios_min11.0"></BuildableReference>
            </BuildActionEntry>
            <BuildActionEntry buildForTesting="YES" buildForAnalyzing="YES" buildForProfiling="YES" buildForArchiving="YES" buildForRunning="YES">
                <BuildableReference BlueprintName="_idx_gl_simple_shaders_10F58DAC_ios_min11.0" BuildableIdentifier="primary" BlueprintIdentifier="5D3379D7D8FB349200000000" BuildableName="lib_idx_gl_simple_shaders_10F58DAC_ios_min11.0.a" ReferencedContainer="container:HandGestureDetector.xcodeproj"></BuildableReference>
            </BuildActionEntry>
            <BuildActionEntry buildForTesting="YES" buildForAnalyzing="YES" buildForRunning="YES" buildForProfiling="YES" buildForArchiving="YES">
                <BuildableReference BuildableIdentifier="primary" BuildableName="lib_idx_topologicalsorter_clock_counter_factory_registration_ret_check_status_status_util_statusor_threadpool_A8E2B0C9_ios_min11.0.a" ReferencedContainer="container:HandGestureDetector.xcodeproj" BlueprintIdentifier="5D3379D7CA8B114000000000" BlueprintName="_idx_topologicalsorter_clock_counter_factory_registration_ret_check_status_status_util_statusor_threadpool_A8E2B0C9_ios_min11.0"></BuildableReference>
            </BuildActionEntry>
            <BuildActionEntry buildForProfiling="YES" buildForAnalyzing="YES" buildForRunning="YES" buildForTesting="YES" buildForArchiving="YES">
                <BuildableReference BuildableName="lib_idx_MPPMetalUtil_MPPGraphGPUData_1493E016_ios_min11.0.a" BuildableIdentifier="primary" BlueprintIdentifier="5D3379D794D94FB600000000" BlueprintName="_idx_MPPMetalUtil_MPPGraphGPUData_1493E016_ios_min11.0" ReferencedContainer="container:HandGestureDetector.xcodeproj"></BuildableReference>
            </BuildActionEntry>
            <BuildActionEntry buildForTesting="YES" buildForRunning="YES" buildForProfiling="YES" buildForArchiving="YES" buildForAnalyzing="YES">
                <BuildableReference BuildableName="lib_idx_gl_quad_renderer_EDE0A226_ios_min11.0.a" BuildableIdentifier="primary" BlueprintName="_idx_gl_quad_renderer_EDE0A226_ios_min11.0" BlueprintIdentifier="5D3379D72296E1E000000000" ReferencedContainer="container:HandGestureDetector.xcodeproj"></BuildableReference>
            </BuildActionEntry>
            <BuildActionEntry buildForProfiling="YES" buildForTesting="YES" buildForAnalyzing="YES" buildForRunning="YES" buildForArchiving="YES">
                <BuildableReference ReferencedContainer="container:HandGestureDetector.xcodeproj" BlueprintIdentifier="5D3379D78AB3A6CC00000000" BuildableIdentifier="primary" BuildableName="lib_idx_image_frame_opencv_97515B5F_ios_min11.0.a" BlueprintName="_idx_image_frame_opencv_97515B5F_ios_min11.0"></BuildableReference>
            </BuildActionEntry>
            <BuildActionEntry buildForTesting="YES" buildForAnalyzing="YES" buildForProfiling="YES" buildForRunning="YES" buildForArchiving="YES">
                <BuildableReference BuildableName="lib_idx_tflite_tensors_to_floats_calculator_end_loop_calculator_6894D7A0_ios_min11.0.a" ReferencedContainer="container:HandGestureDetector.xcodeproj" BuildableIdentifier="primary" BlueprintIdentifier="5D3379D76CA59ABA00000000" BlueprintName="_idx_tflite_tensors_to_floats_calculator_end_loop_calculator_6894D7A0_ios_min11.0"></BuildableReference>
            </BuildActionEntry>
            <BuildActionEntry buildForTesting="YES" buildForProfiling="YES" buildForRunning="YES" buildForAnalyzing="YES" buildForArchiving="YES">
                <BuildableReference BuildableIdentifier="primary" BlueprintIdentifier="5D3379D7DBB9BEC800000000" ReferencedContainer="container:HandGestureDetector.xcodeproj" BuildableName="lib_idx_validate_name_callback_packet_calculator_delegating_executor_executor_image_frame_name_util_packet_generator_graph_subgraph_subgraph_expansion_tag_map_thread_pool_executor_validate_86AD81DE_ios_min11.0.a" BlueprintName="_idx_validate_name_callback_packet_calculator_delegating_executor_executor_image_frame_name_util_packet_generator_graph_subgraph_subgraph_expansion_tag_map_thread_pool_executor_validate_86AD81DE_ios_min11.0"></BuildableReference>
            </BuildActionEntry>
            <BuildActionEntry buildForProfiling="YES" buildForArchiving="YES" buildForAnalyzing="YES" buildForTesting="YES" buildForRunning="YES">
                <BuildableReference BuildableName="lib_idx_timestamp_collection_item_id_63A851B5_ios_min11.0.a" BuildableIdentifier="primary" BlueprintIdentifier="5D3379D7C1F6AF0400000000" BlueprintName="_idx_timestamp_collection_item_id_63A851B5_ios_min11.0" ReferencedContainer="container:HandGestureDetector.xcodeproj"></BuildableReference>
            </BuildActionEntry>
            <BuildActionEntry buildForArchiving="YES" buildForAnalyzing="YES" buildForProfiling="YES" buildForTesting="YES" buildForRunning="YES">
                <BuildableReference BlueprintName="_idx_previous_loopback_calculator_calculator_graph_filter_collection_calculator_flow_limiter_calculator_image_properties_calculator_C819A45B_ios_min11.0" BuildableIdentifier="primary" BuildableName="lib_idx_previous_loopback_calculator_calculator_graph_filter_collection_calculator_flow_limiter_calculator_image_properties_calculator_C819A45B_ios_min11.0.a" ReferencedContainer="container:HandGestureDetector.xcodeproj" BlueprintIdentifier="5D3379D78871A27C00000000"></BuildableReference>
            </BuildActionEntry>
            <BuildActionEntry buildForTesting="YES" buildForRunning="YES" buildForArchiving="YES" buildForProfiling="YES" buildForAnalyzing="YES">
                <BuildableReference BuildableName="lib_idx_registration_token_mediapipe_input_sources_ios_795E9FB0_ios_min11.0.a" BlueprintName="_idx_registration_token_mediapipe_input_sources_ios_795E9FB0_ios_min11.0" ReferencedContainer="container:HandGestureDetector.xcodeproj" BlueprintIdentifier="5D3379D7B6E7336C00000000" BuildableIdentifier="primary"></BuildableReference>
            </BuildActionEntry>
            <BuildActionEntry buildForTesting="YES" buildForProfiling="YES" buildForRunning="YES" buildForArchiving="YES" buildForAnalyzing="YES">
                <BuildableReference BuildableIdentifier="primary" BlueprintIdentifier="5D3379D79826484A00000000" BuildableName="lib_idx_validated_graph_config_calculator_base_calculator_context_calculator_context_manager_calculator_registry_util_calculator_state_legacy_calculator_support_proto_util_lite_templat_etc_B5DD2B47_ios_min11.0.a" BlueprintName="_idx_validated_graph_config_calculator_base_calculator_context_calculator_context_manager_calculator_registry_util_calculator_state_legacy_calculator_support_proto_util_lite_templat_etc_B5DD2B47_ios_min11.0" ReferencedContainer="container:HandGestureDetector.xcodeproj"></BuildableReference>
            </BuildActionEntry>
            <BuildActionEntry buildForAnalyzing="YES" buildForTesting="YES" buildForRunning="YES" buildForProfiling="YES" buildForArchiving="YES">
                <BuildableReference ReferencedContainer="container:HandGestureDetector.xcodeproj" BlueprintIdentifier="5D3379D7D2F72D5C00000000" BuildableIdentifier="primary" BlueprintName="_idx_location_78961226_ios_min11.0" BuildableName="lib_idx_location_78961226_ios_min11.0.a"></BuildableReference>
            </BuildActionEntry>
            <BuildActionEntry buildForTesting="YES" buildForProfiling="YES" buildForRunning="YES" buildForArchiving="YES" buildForAnalyzing="YES">
                <BuildableReference BlueprintIdentifier="5D3379D72A85187200000000" BuildableName="lib_idx_gl_context_7FEC877A_ios_min11.0.a" BlueprintName="_idx_gl_context_7FEC877A_ios_min11.0" ReferencedContainer="container:HandGestureDetector.xcodeproj" BuildableIdentifier="primary"></BuildableReference>
            </BuildActionEntry>
            <BuildActionEntry buildForTesting="YES" buildForProfiling="YES" buildForArchiving="YES" buildForRunning="YES" buildForAnalyzing="YES">
                <BuildableReference BlueprintIdentifier="5D3379D7DBB9BEC800000000" BuildableName="lib_idx_validate_name_callback_packet_calculator_delegating_executor_executor_image_frame_name_util_packet_generator_graph_subgraph_subgraph_expansion_tag_map_thread_pool_executor_validate_86AD81DE_ios_min11.0.a" BuildableIdentifier="primary" ReferencedContainer="container:HandGestureDetector.xcodeproj" BlueprintName="_idx_validate_name_callback_packet_calculator_delegating_executor_executor_image_frame_name_util_packet_generator_graph_subgraph_subgraph_expansion_tag_map_thread_pool_executor_validate_86AD81DE_ios_min11.0"></BuildableReference>
            </BuildActionEntry>
            <BuildActionEntry buildForTesting="YES" buildForRunning="YES" buildForProfiling="YES" buildForArchiving="YES" buildForAnalyzing="YES">
                <BuildableReference BuildableIdentifier="primary" BlueprintName="_idx_topologicalsorter_clock_counter_factory_registration_ret_check_status_status_util_statusor_threadpool_A8E2B0C9_ios_min11.0" ReferencedContainer="container:HandGestureDetector.xcodeproj" BlueprintIdentifier="5D3379D7CA8B114000000000" BuildableName="lib_idx_topologicalsorter_clock_counter_factory_registration_ret_check_status_status_util_statusor_threadpool_A8E2B0C9_ios_min11.0.a"></BuildableReference>
            </BuildActionEntry>
            <BuildActionEntry buildForProfiling="YES" buildForArchiving="YES" buildForRunning="YES" buildForTesting="YES" buildForAnalyzing="YES">
                <BuildableReference BlueprintName="_idx_topologicalsorter_clock_counter_factory_registration_ret_check_status_status_util_statusor_threadpool_A8E2B0C9_ios_min11.0" ReferencedContainer="container:HandGestureDetector.xcodeproj" BuildableIdentifier="primary" BlueprintIdentifier="5D3379D7CA8B114000000000" BuildableName="lib_idx_topologicalsorter_clock_counter_factory_registration_ret_check_status_status_util_statusor_threadpool_A8E2B0C9_ios_min11.0.a"></BuildableReference>
            </BuildActionEntry>
            <BuildActionEntry buildForAnalyzing="YES" buildForTesting="YES" buildForRunning="YES" buildForProfiling="YES" buildForArchiving="YES">
                <BuildableReference BuildableName="lib_idx_previous_loopback_calculator_calculator_graph_filter_collection_calculator_flow_limiter_calculator_image_properties_calculator_C819A45B_ios_min11.0.a" ReferencedContainer="container:HandGestureDetector.xcodeproj" BlueprintIdentifier="5D3379D78871A27C00000000" BlueprintName="_idx_previous_loopback_calculator_calculator_graph_filter_collection_calculator_flow_limiter_calculator_image_properties_calculator_C819A45B_ios_min11.0" BuildableIdentifier="primary"></BuildableReference>
            </BuildActionEntry>
            <BuildActionEntry buildForTesting="YES" buildForAnalyzing="YES" buildForProfiling="YES" buildForArchiving="YES" buildForRunning="YES">
                <BuildableReference ReferencedContainer="container:HandGestureDetector.xcodeproj" BuildableName="lib_idx_thresholding_calculator_association_norm_rect_calculator_collection_has_min_size_calculator_detection_label_id_to_text_calculator_detections_to_rects_calculator_detections_to_r_etc_AFCE4D46_ios_min11.0.a" BuildableIdentifier="primary" BlueprintIdentifier="5D3379D7BD79FF6C00000000" BlueprintName="_idx_thresholding_calculator_association_norm_rect_calculator_collection_has_min_size_calculator_detection_label_id_to_text_calculator_detections_to_rects_calculator_detections_to_r_etc_AFCE4D46_ios_min11.0"></BuildableReference>
            </BuildActionEntry>
            <BuildActionEntry buildForAnalyzing="YES" buildForArchiving="YES" buildForRunning="YES" buildForTesting="YES" buildForProfiling="YES">
                <BuildableReference BuildableIdentifier="primary" BlueprintIdentifier="5D3379D7866D70BC00000000" BuildableName="lib_idx_matrix_31DA0C4B_ios_min11.0.a" BlueprintName="_idx_matrix_31DA0C4B_ios_min11.0" ReferencedContainer="container:HandGestureDetector.xcodeproj"></BuildableReference>
            </BuildActionEntry>
            <BuildActionEntry buildForArchiving="YES" buildForAnalyzing="YES" buildForTesting="YES" buildForRunning="YES" buildForProfiling="YES">
                <BuildableReference BuildableName="lib_idx_HandGestureDetectorLib_HandGestureDetectorAppLib_535B9E56_ios_min11.0.a" BlueprintName="_idx_HandGestureDetectorLib_HandGestureDetectorAppLib_535B9E56_ios_min11.0" ReferencedContainer="container:HandGestureDetector.xcodeproj" BlueprintIdentifier="5D3379D758AB635A00000000" BuildableIdentifier="primary"></BuildableReference>
            </BuildActionEntry>
            <BuildActionEntry buildForAnalyzing="YES" buildForProfiling="YES" buildForTesting="YES" buildForRunning="YES" buildForArchiving="YES">
                <BuildableReference BuildableName="lib_idx_validated_graph_config_calculator_base_calculator_context_calculator_context_manager_calculator_registry_util_calculator_state_legacy_calculator_support_proto_util_lite_templat_etc_B5DD2B47_ios_min11.0.a" ReferencedContainer="container:HandGestureDetector.xcodeproj" BlueprintName="_idx_validated_graph_config_calculator_base_calculator_context_calculator_context_manager_calculator_registry_util_calculator_state_legacy_calculator_support_proto_util_lite_templat_etc_B5DD2B47_ios_min11.0" BuildableIdentifier="primary" BlueprintIdentifier="5D3379D79826484A00000000"></BuildableReference>
            </BuildActionEntry>
            <BuildActionEntry buildForTesting="YES" buildForAnalyzing="YES" buildForProfiling="YES" buildForRunning="YES" buildForArchiving="YES">
                <BuildableReference ReferencedContainer="container:HandGestureDetector.xcodeproj" BlueprintName="_idx_thresholding_calculator_association_norm_rect_calculator_collection_has_min_size_calculator_detection_label_id_to_text_calculator_detections_to_rects_calculator_detections_to_r_etc_AFCE4D46_ios_min11.0" BuildableIdentifier="primary" BlueprintIdentifier="5D3379D7BD79FF6C00000000" BuildableName="lib_idx_thresholding_calculator_association_norm_rect_calculator_collection_has_min_size_calculator_detection_label_id_to_text_calculator_detections_to_rects_calculator_detections_to_r_etc_AFCE4D46_ios_min11.0.a"></BuildableReference>
            </BuildActionEntry>
            <BuildActionEntry buildForProfiling="YES" buildForAnalyzing="YES" buildForTesting="YES" buildForRunning="YES" buildForArchiving="YES">
                <BuildableReference ReferencedContainer="container:HandGestureDetector.xcodeproj" BuildableIdentifier="primary" BuildableName="lib_idx_validate_name_callback_packet_calculator_delegating_executor_executor_image_frame_name_util_packet_generator_graph_subgraph_subgraph_expansion_tag_map_thread_pool_executor_validate_86AD81DE_ios_min11.0.a" BlueprintIdentifier="5D3379D7DBB9BEC800000000" BlueprintName="_idx_validate_name_callback_packet_calculator_delegating_executor_executor_image_frame_name_util_packet_generator_graph_subgraph_subgraph_expansion_tag_map_thread_pool_executor_validate_86AD81DE_ios_min11.0"></BuildableReference>
            </BuildActionEntry>
            <BuildActionEntry buildForAnalyzing="YES" buildForRunning="YES" buildForTesting="YES" buildForArchiving="YES" buildForProfiling="YES">
                <BuildableReference BlueprintIdentifier="5D3379D742367A6200000000" BuildableName="lib_idx_landmark_letterbox_removal_calculator_detection_letterbox_removal_calculator_00A51FC2_ios_min11.0.a" BuildableIdentifier="primary" BlueprintName="_idx_landmark_letterbox_removal_calculator_detection_letterbox_removal_calculator_00A51FC2_ios_min11.0" ReferencedContainer="container:HandGestureDetector.xcodeproj"></BuildableReference>
            </BuildActionEntry>
            <BuildActionEntry buildForAnalyzing="YES" buildForProfiling="YES" buildForTesting="YES" buildForArchiving="YES" buildForRunning="YES">
                <BuildableReference BuildableIdentifier="primary" BlueprintIdentifier="5D3379D7DBB9BEC800000000" ReferencedContainer="container:HandGestureDetector.xcodeproj" BuildableName="lib_idx_validate_name_callback_packet_calculator_delegating_executor_executor_image_frame_name_util_packet_generator_graph_subgraph_subgraph_expansion_tag_map_thread_pool_executor_validate_86AD81DE_ios_min11.0.a" BlueprintName="_idx_validate_name_callback_packet_calculator_delegating_executor_executor_image_frame_name_util_packet_generator_graph_subgraph_subgraph_expansion_tag_map_thread_pool_executor_validate_86AD81DE_ios_min11.0"></BuildableReference>
            </BuildActionEntry>
            <BuildActionEntry buildForTesting="YES" buildForProfiling="YES" buildForRunning="YES" buildForArchiving="YES" buildForAnalyzing="YES">
                <BuildableReference BuildableName="lib_idx_graph_tracer_96835B54_ios_min11.0.a" BlueprintName="_idx_graph_tracer_96835B54_ios_min11.0" ReferencedContainer="container:HandGestureDetector.xcodeproj" BuildableIdentifier="primary" BlueprintIdentifier="5D3379D72ACA030A00000000"></BuildableReference>
            </BuildActionEntry>
            <BuildActionEntry buildForTesting="YES" buildForRunning="YES" buildForArchiving="YES" buildForProfiling="YES" buildForAnalyzing="YES">
                <BuildableReference BuildableIdentifier="primary" BlueprintIdentifier="5D3379D7A83C5CD400000000" BuildableName="lib_idx_image_transformation_calculator_image_cropping_calculator_8AFD5956_ios_min11.0.a" BlueprintName="_idx_image_transformation_calculator_image_cropping_calculator_8AFD5956_ios_min11.0" ReferencedContainer="container:HandGestureDetector.xcodeproj"></BuildableReference>
            </BuildActionEntry>
            <BuildActionEntry buildForRunning="YES" buildForArchiving="YES" buildForAnalyzing="YES" buildForTesting="YES" buildForProfiling="YES">
                <BuildableReference BlueprintName="_idx_validate_name_callback_packet_calculator_delegating_executor_executor_image_frame_name_util_packet_generator_graph_subgraph_subgraph_expansion_tag_map_thread_pool_executor_validate_86AD81DE_ios_min11.0" BuildableIdentifier="primary" ReferencedContainer="container:HandGestureDetector.xcodeproj" BlueprintIdentifier="5D3379D7DBB9BEC800000000" BuildableName="lib_idx_validate_name_callback_packet_calculator_delegating_executor_executor_image_frame_name_util_packet_generator_graph_subgraph_subgraph_expansion_tag_map_thread_pool_executor_validate_86AD81DE_ios_min11.0.a"></BuildableReference>
            </BuildActionEntry>
            <BuildActionEntry buildForAnalyzing="YES" buildForProfiling="YES" buildForTesting="YES" buildForRunning="YES" buildForArchiving="YES">
                <BuildableReference BuildableIdentifier="primary" BuildableName="lib_idx_thresholding_calculator_association_norm_rect_calculator_collection_has_min_size_calculator_detection_label_id_to_text_calculator_detections_to_rects_calculator_detections_to_r_etc_AFCE4D46_ios_min11.0.a" BlueprintName="_idx_thresholding_calculator_association_norm_rect_calculator_collection_has_min_size_calculator_detection_label_id_to_text_calculator_detections_to_rects_calculator_detections_to_r_etc_AFCE4D46_ios_min11.0" ReferencedContainer="container:HandGestureDetector.xcodeproj" BlueprintIdentifier="5D3379D7BD79FF6C00000000"></BuildableReference>
            </BuildActionEntry>
            <BuildActionEntry buildForProfiling="YES" buildForAnalyzing="YES" buildForRunning="YES" buildForArchiving="YES" buildForTesting="YES">
                <BuildableReference BuildableIdentifier="primary" BuildableName="lib_idx_util_calculator_contract_fill_packet_set_input_side_packet_handler_input_stream_manager_input_stream_shard_output_side_packet_impl_output_stream_shard_packet_packet_type_8295B62E_ios_min11.0.a" BlueprintName="_idx_util_calculator_contract_fill_packet_set_input_side_packet_handler_input_stream_manager_input_stream_shard_output_side_packet_impl_output_stream_shard_packet_packet_type_8295B62E_ios_min11.0" ReferencedContainer="container:HandGestureDetector.xcodeproj" BlueprintIdentifier="5D3379D75F109E1600000000"></BuildableReference>
            </BuildActionEntry>
            <BuildActionEntry buildForProfiling="YES" buildForArchiving="YES" buildForTesting="YES" buildForRunning="YES" buildForAnalyzing="YES">
                <BuildableReference BlueprintIdentifier="5D3379D7B828EB5A00000000" BuildableIdentifier="primary" BlueprintName="_idx_mediapipe_layer_renderer_MPPMetalHelper_gl_calculator_helper_ios_mediapipe_framework_ios_mediapipe_gl_view_renderer_318BD8BA_ios_min11.0" BuildableName="lib_idx_mediapipe_layer_renderer_MPPMetalHelper_gl_calculator_helper_ios_mediapipe_framework_ios_mediapipe_gl_view_renderer_318BD8BA_ios_min11.0.a" ReferencedContainer="container:HandGestureDetector.xcodeproj"></BuildableReference>
            </BuildActionEntry>
            <BuildActionEntry buildForAnalyzing="YES" buildForRunning="YES" buildForTesting="YES" buildForProfiling="YES" buildForArchiving="YES">
                <BuildableReference BlueprintIdentifier="5D3379D7C1F6AF0400000000" BuildableIdentifier="primary" BuildableName="lib_idx_timestamp_collection_item_id_63A851B5_ios_min11.0.a" BlueprintName="_idx_timestamp_collection_item_id_63A851B5_ios_min11.0" ReferencedContainer="container:HandGestureDetector.xcodeproj"></BuildableReference>
            </BuildActionEntry>
            <BuildActionEntry buildForArchiving="YES" buildForAnalyzing="YES" buildForProfiling="YES" buildForTesting="YES" buildForRunning="YES">
                <BuildableReference BlueprintIdentifier="5D3379D7CA8B114000000000" BuildableIdentifier="primary" BlueprintName="_idx_topologicalsorter_clock_counter_factory_registration_ret_check_status_status_util_statusor_threadpool_A8E2B0C9_ios_min11.0" BuildableName="lib_idx_topologicalsorter_clock_counter_factory_registration_ret_check_status_status_util_statusor_threadpool_A8E2B0C9_ios_min11.0.a" ReferencedContainer="container:HandGestureDetector.xcodeproj"></BuildableReference>
            </BuildActionEntry>
            <BuildActionEntry buildForAnalyzing="YES" buildForTesting="YES" buildForRunning="YES" buildForArchiving="YES" buildForProfiling="YES">
                <BuildableReference BuildableIdentifier="primary" ReferencedContainer="container:HandGestureDetector.xcodeproj" BlueprintName="_idx_MPPMetalUtil_MPPGraphGPUData_1493E016_ios_min11.0" BlueprintIdentifier="5D3379D794D94FB600000000" BuildableName="lib_idx_MPPMetalUtil_MPPGraphGPUData_1493E016_ios_min11.0.a"></BuildableReference>
            </BuildActionEntry>
            <BuildActionEntry buildForArchiving="YES" buildForAnalyzing="YES" buildForTesting="YES" buildForRunning="YES" buildForProfiling="YES">
                <BuildableReference BlueprintIdentifier="5D3379D7CA8B114000000000" BuildableIdentifier="primary" BuildableName="lib_idx_topologicalsorter_clock_counter_factory_registration_ret_check_status_status_util_statusor_threadpool_A8E2B0C9_ios_min11.0.a" BlueprintName="_idx_topologicalsorter_clock_counter_factory_registration_ret_check_status_status_util_statusor_threadpool_A8E2B0C9_ios_min11.0" ReferencedContainer="container:HandGestureDetector.xcodeproj"></BuildableReference>
            </BuildActionEntry>
        </BuildActionEntries>
    </BuildAction>
    <TestAction selectedLauncherIdentifier="Xcode.DebuggerFoundation.Launcher.LLDB" shouldUseLaunchSchemeArgsEnv="YES" selectedDebuggerIdentifier="Xcode.DebuggerFoundation.Debugger.LLDB" buildConfiguration="Debug">
        <Testables></Testables>
    </TestAction>
    <LaunchAction allowLocationSimulation="YES" selectedDebuggerIdentifier="Xcode.DebuggerFoundation.Debugger.LLDB" launchStyle="0" buildConfiguration="Debug" useCustomWorkingDirectory="NO" selectedLauncherIdentifier="Xcode.DebuggerFoundation.Launcher.LLDB" ignoresPersistentStateOnLaunch="NO" debugDocumentVersioning="YES" debugServiceExtension="internal">
        <EnvironmentVariables></EnvironmentVariables>
    </LaunchAction>
    <ProfileAction useCustomWorkingDirectory="NO" shouldUseLaunchSchemeArgsEnv="YES" debugDocumentVersioning="YES" buildConfiguration="Release"></ProfileAction>
    <AnalyzeAction buildConfiguration="Debug"></AnalyzeAction>
    <ArchiveAction revealArchiveInOrganizer="YES" buildConfiguration="Release"></ArchiveAction>
</Scheme>