
<Scheme LastUpgradeVersion="1000" version="1.3">
    <BuildAction parallelizeBuildables="YES" buildImplicitDependencies="YES">
        <BuildActionEntries>
            <BuildActionEntry buildForProfiling="YES" buildForTesting="YES" buildForAnalyzing="YES" buildForArchiving="YES" buildForRunning="YES">
                <BuildableReference BlueprintIdentifier="F44B012CB7E0DD9200000000" BuildableName="lib_idx_packet_type_calculator_contract_input_side_packet_handler_input_stream_manager_input_stream_shard_output_side_packet_impl_output_stream_shard_packet_88FDAADB_ios_min11.0.a" ReferencedContainer="container:HandGestureDetector.xcodeproj" BuildableIdentifier="primary" BlueprintName="_idx_packet_type_calculator_contract_input_side_packet_handler_input_stream_manager_input_stream_shard_output_side_packet_impl_output_stream_shard_packet_88FDAADB_ios_min11.0"></BuildableReference>
            </BuildActionEntry>
            <BuildActionEntry buildForTesting="YES" buildForProfiling="YES" buildForRunning="YES" buildForArchiving="YES" buildForAnalyzing="YES">
                <BuildableReference BlueprintName="_idx_output_stream_manager_calculator_node_default_input_stream_handler_fixed_size_input_stream_handler_graph_output_stream_immediate_input_stream_handler_in_order_output_stream_han_etc_DA30D83C_ios_min11.0" BuildableIdentifier="primary" BlueprintIdentifier="F44B012CE9FEE80400000000" BuildableName="lib_idx_output_stream_manager_calculator_node_default_input_stream_handler_fixed_size_input_stream_handler_graph_output_stream_immediate_input_stream_handler_in_order_output_stream_han_etc_DA30D83C_ios_min11.0.a" ReferencedContainer="container:HandGestureDetector.xcodeproj"></BuildableReference>
            </BuildActionEntry>
            <BuildActionEntry buildForProfiling="YES" buildForAnalyzing="YES" buildForTesting="YES" buildForArchiving="YES" buildForRunning="YES">
                <BuildableReference ReferencedContainer="container:HandGestureDetector.xcodeproj" BuildableName="lib_idx_shader_util_89A9EF35_ios_min11.0.a" BlueprintName="_idx_shader_util_89A9EF35_ios_min11.0" BuildableIdentifier="primary" BlueprintIdentifier="F44B012CD1CD01BC00000000"></BuildableReference>
            </BuildActionEntry>
            <BuildActionEntry buildForProfiling="YES" buildForTesting="YES" buildForRunning="YES" buildForArchiving="YES" buildForAnalyzing="YES">
                <BuildableReference BlueprintName="_idx_output_stream_manager_calculator_node_default_input_stream_handler_fixed_size_input_stream_handler_graph_output_stream_immediate_input_stream_handler_in_order_output_stream_han_etc_DA30D83C_ios_min11.0" BuildableName="lib_idx_output_stream_manager_calculator_node_default_input_stream_handler_fixed_size_input_stream_handler_graph_output_stream_immediate_input_stream_handler_in_order_output_stream_han_etc_DA30D83C_ios_min11.0.a" ReferencedContainer="container:HandGestureDetector.xcodeproj" BuildableIdentifier="primary" BlueprintIdentifier="F44B012CE9FEE80400000000"></BuildableReference>
            </BuildActionEntry>
            <BuildActionEntry buildForRunning="YES" buildForProfiling="YES" buildForArchiving="YES" buildForAnalyzing="YES" buildForTesting="YES">
                <BuildableReference BuildableName="lib_idx_matrix_C691A54E_ios_min11.0.a" BuildableIdentifier="primary" BlueprintName="_idx_matrix_C691A54E_ios_min11.0" BlueprintIdentifier="F44B012C58F028EC00000000" ReferencedContainer="container:HandGestureDetector.xcodeproj"></BuildableReference>
            </BuildActionEntry>
            <BuildActionEntry buildForProfiling="YES" buildForAnalyzing="YES" buildForRunning="YES" buildForTesting="YES" buildForArchiving="YES">
                <BuildableReference ReferencedContainer="container:HandGestureDetector.xcodeproj" BlueprintName="_idx_util_begin_loop_calculator_calculator_graph_end_loop_calculator_filter_collection_calculator_flow_limiter_calculator_image_properties_calculator_previous_loopback_calculator_1178AF22_ios_min11.0" BuildableName="lib_idx_util_begin_loop_calculator_calculator_graph_end_loop_calculator_filter_collection_calculator_flow_limiter_calculator_image_properties_calculator_previous_loopback_calculator_1178AF22_ios_min11.0.a" BlueprintIdentifier="F44B012C2835DF1600000000" BuildableIdentifier="primary"></BuildableReference>
            </BuildActionEntry>
            <BuildActionEntry buildForTesting="YES" buildForArchiving="YES" buildForProfiling="YES" buildForAnalyzing="YES" buildForRunning="YES">
                <BuildableReference BuildableIdentifier="primary" BlueprintName="_idx_landmark_letterbox_removal_calculator_detection_letterbox_removal_calculator_50030CDA_ios_min11.0" ReferencedContainer="container:HandGestureDetector.xcodeproj" BuildableName="lib_idx_landmark_letterbox_removal_calculator_detection_letterbox_removal_calculator_50030CDA_ios_min11.0.a" BlueprintIdentifier="F44B012C1EEFDDD800000000"></BuildableReference>
            </BuildActionEntry>
            <BuildActionEntry buildForRunning="YES" buildForArchiving="YES" buildForProfiling="YES" buildForAnalyzing="YES" buildForTesting="YES">
                <BuildableReference ReferencedContainer="container:HandGestureDetector.xcodeproj" BuildableName="lib_idx_util_begin_loop_calculator_calculator_graph_end_loop_calculator_filter_collection_calculator_flow_limiter_calculator_image_properties_calculator_previous_loopback_calculator_1178AF22_ios_min11.0.a" BuildableIdentifier="primary" BlueprintName="_idx_util_begin_loop_calculator_calculator_graph_end_loop_calculator_filter_collection_calculator_flow_limiter_calculator_image_properties_calculator_previous_loopback_calculator_1178AF22_ios_min11.0" BlueprintIdentifier="F44B012C2835DF1600000000"></BuildableReference>
            </BuildActionEntry>
            <BuildActionEntry buildForTesting="YES" buildForProfiling="YES" buildForArchiving="YES" buildForRunning="YES" buildForAnalyzing="YES">
                <BuildableReference BuildableName="lib_idx_non_max_suppression_calculator_annotation_overlay_calculator_9AC5E4BA_ios_min11.0.a" ReferencedContainer="container:HandGestureDetector.xcodeproj" BuildableIdentifier="primary" BlueprintIdentifier="F44B012C4AEB7B2C00000000" BlueprintName="_idx_non_max_suppression_calculator_annotation_overlay_calculator_9AC5E4BA_ios_min11.0"></BuildableReference>
            </BuildActionEntry>
            <BuildActionEntry buildForProfiling="YES" buildForAnalyzing="YES" buildForRunning="YES" buildForArchiving="YES" buildForTesting="YES">
                <BuildableReference BuildableName="lib_idx_thresholding_calculator_association_norm_rect_calculator_collection_has_min_size_calculator_detection_label_id_to_text_calculator_detections_to_rects_calculator_detections_to_r_etc_28AB0935_ios_min11.0.a" BlueprintName="_idx_thresholding_calculator_association_norm_rect_calculator_collection_has_min_size_calculator_detection_label_id_to_text_calculator_detections_to_rects_calculator_detections_to_r_etc_28AB0935_ios_min11.0" BlueprintIdentifier="F44B012C16C5188000000000" ReferencedContainer="container:HandGestureDetector.xcodeproj" BuildableIdentifier="primary"></BuildableReference>
            </BuildActionEntry>
            <BuildActionEntry buildForProfiling="YES" buildForArchiving="YES" buildForTesting="YES" buildForAnalyzing="YES" buildForRunning="YES">
                <BuildableReference BuildableIdentifier="primary" BlueprintIdentifier="F44B012C244DCC1600000000" BuildableName="lib_idx_mediapipe_layer_renderer_MPPMetalHelper_gl_calculator_helper_ios_mediapipe_framework_ios_mediapipe_gl_view_renderer_CD83DA8C_ios_min11.0.a" BlueprintName="_idx_mediapipe_layer_renderer_MPPMetalHelper_gl_calculator_helper_ios_mediapipe_framework_ios_mediapipe_gl_view_renderer_CD83DA8C_ios_min11.0" ReferencedContainer="container:HandGestureDetector.xcodeproj"></BuildableReference>
            </BuildActionEntry>
            <BuildActionEntry buildForArchiving="YES" buildForProfiling="YES" buildForTesting="YES" buildForAnalyzing="YES" buildForRunning="YES">
                <BuildableReference ReferencedContainer="container:HandGestureDetector.xcodeproj" BuildableName="lib_idx_MPPMetalUtil_MPPGraphGPUData_F9B05825_ios_min11.0.a" BlueprintIdentifier="F44B012C553CEAAE00000000" BlueprintName="_idx_MPPMetalUtil_MPPGraphGPUData_F9B05825_ios_min11.0" BuildableIdentifier="primary"></BuildableReference>
            </BuildActionEntry>
            <BuildActionEntry buildForArchiving="YES" buildForTesting="YES" buildForRunning="YES" buildForAnalyzing="YES" buildForProfiling="YES">
                <BuildableReference BuildableName="lib_idx_mediapipe_layer_renderer_MPPMetalHelper_gl_calculator_helper_ios_mediapipe_framework_ios_mediapipe_gl_view_renderer_CD83DA8C_ios_min11.0.a" BuildableIdentifier="primary" ReferencedContainer="container:HandGestureDetector.xcodeproj" BlueprintIdentifier="F44B012C244DCC1600000000" BlueprintName="_idx_mediapipe_layer_renderer_MPPMetalHelper_gl_calculator_helper_ios_mediapipe_framework_ios_mediapipe_gl_view_renderer_CD83DA8C_ios_min11.0"></BuildableReference>
            </BuildActionEntry>
            <BuildActionEntry buildForProfiling="YES" buildForRunning="YES" buildForArchiving="YES" buildForAnalyzing="YES" buildForTesting="YES">
                <BuildableReference BuildableName="lib_idx_cpu_op_resolver_A956005E_ios_min11.0.a" BlueprintIdentifier="F44B012CA467BF3200000000" BuildableIdentifier="primary" ReferencedContainer="container:HandGestureDetector.xcodeproj" BlueprintName="_idx_cpu_op_resolver_A956005E_ios_min11.0"></BuildableReference>
            </BuildActionEntry>
            <BuildActionEntry buildForRunning="YES" buildForProfiling="YES" buildForAnalyzing="YES" buildForTesting="YES" buildForArchiving="YES">
                <BuildableReference BuildableName="lib_idx_packet_type_calculator_contract_input_side_packet_handler_input_stream_manager_input_stream_shard_output_side_packet_impl_output_stream_shard_packet_88FDAADB_ios_min11.0.a" ReferencedContainer="container:HandGestureDetector.xcodeproj" BuildableIdentifier="primary" BlueprintIdentifier="F44B012CB7E0DD9200000000" BlueprintName="_idx_packet_type_calculator_contract_input_side_packet_handler_input_stream_manager_input_stream_shard_output_side_packet_impl_output_stream_shard_packet_88FDAADB_ios_min11.0"></BuildableReference>
            </BuildActionEntry>
            <BuildActionEntry buildForTesting="YES" buildForAnalyzing="YES" buildForArchiving="YES" buildForProfiling="YES" buildForRunning="YES">
                <BuildableReference BlueprintName="_idx_util_begin_loop_calculator_calculator_graph_end_loop_calculator_filter_collection_calculator_flow_limiter_calculator_image_properties_calculator_previous_loopback_calculator_1178AF22_ios_min11.0" ReferencedContainer="container:HandGestureDetector.xcodeproj" BlueprintIdentifier="F44B012C2835DF1600000000" BuildableName="lib_idx_util_begin_loop_calculator_calculator_graph_end_loop_calculator_filter_collection_calculator_flow_limiter_calculator_image_properties_calculator_previous_loopback_calculator_1178AF22_ios_min11.0.a" BuildableIdentifier="primary"></BuildableReference>
            </BuildActionEntry>
            <BuildActionEntry buildForRunning="YES" buildForAnalyzing="YES" buildForArchiving="YES" buildForProfiling="YES" buildForTesting="YES">
                <BuildableReference BlueprintName="_idx_output_stream_manager_calculator_node_default_input_stream_handler_fixed_size_input_stream_handler_graph_output_stream_immediate_input_stream_handler_in_order_output_stream_han_etc_DA30D83C_ios_min11.0" BuildableIdentifier="primary" BlueprintIdentifier="F44B012CE9FEE80400000000" BuildableName="lib_idx_output_stream_manager_calculator_node_default_input_stream_handler_fixed_size_input_stream_handler_graph_output_stream_immediate_input_stream_handler_in_order_output_stream_han_etc_DA30D83C_ios_min11.0.a" ReferencedContainer="container:HandGestureDetector.xcodeproj"></BuildableReference>
            </BuildActionEntry>
            <BuildActionEntry buildForArchiving="YES" buildForAnalyzing="YES" buildForProfiling="YES" buildForRunning="YES" buildForTesting="YES">
                <BuildableReference BuildableName="lib_idx_op_resolver_E9D66A72_ios_min11.0.a" ReferencedContainer="container:HandGestureDetector.xcodeproj" BlueprintIdentifier="F44B012CD002B1B200000000" BlueprintName="_idx_op_resolver_E9D66A72_ios_min11.0" BuildableIdentifier="primary"></BuildableReference>
            </BuildActionEntry>
            <BuildActionEntry buildForAnalyzing="YES" buildForRunning="YES" buildForProfiling="YES" buildForArchiving="YES" buildForTesting="YES">
                <BuildableReference BuildableIdentifier="primary" BlueprintIdentifier="F44B012CFF6372B800000000" BlueprintName="_idx_gl_simple_shaders_8F72F8AB_ios_min11.0" ReferencedContainer="container:HandGestureDetector.xcodeproj" BuildableName="lib_idx_gl_simple_shaders_8F72F8AB_ios_min11.0.a"></BuildableReference>
            </BuildActionEntry>
            <BuildActionEntry buildForAnalyzing="YES" buildForTesting="YES" buildForRunning="YES" buildForProfiling="YES" buildForArchiving="YES">
                <BuildableReference BuildableName="lib_idx_mediapipe_layer_renderer_MPPMetalHelper_gl_calculator_helper_ios_mediapipe_framework_ios_mediapipe_gl_view_renderer_CD83DA8C_ios_min11.0.a" BuildableIdentifier="primary" BlueprintIdentifier="F44B012C244DCC1600000000" BlueprintName="_idx_mediapipe_layer_renderer_MPPMetalHelper_gl_calculator_helper_ios_mediapipe_framework_ios_mediapipe_gl_view_renderer_CD83DA8C_ios_min11.0" ReferencedContainer="container:HandGestureDetector.xcodeproj"></BuildableReference>
            </BuildActionEntry>
            <BuildActionEntry buildForProfiling="YES" buildForTesting="YES" buildForAnalyzing="YES" buildForRunning="YES" buildForArchiving="YES">
                <BuildableReference ReferencedContainer="container:HandGestureDetector.xcodeproj" BuildableName="lib_idx_packet_type_calculator_contract_input_side_packet_handler_input_stream_manager_input_stream_shard_output_side_packet_impl_output_stream_shard_packet_88FDAADB_ios_min11.0.a" BlueprintIdentifier="F44B012CB7E0DD9200000000" BuildableIdentifier="primary" BlueprintName="_idx_packet_type_calculator_contract_input_side_packet_handler_input_stream_manager_input_stream_shard_output_side_packet_impl_output_stream_shard_packet_88FDAADB_ios_min11.0"></BuildableReference>
            </BuildActionEntry>
            <BuildActionEntry buildForAnalyzing="YES" buildForTesting="YES" buildForRunning="YES" buildForArchiving="YES" buildForProfiling="YES">
                <BuildableReference ReferencedContainer="container:HandGestureDetector.xcodeproj" BlueprintIdentifier="F44B012C2835DF1600000000" BuildableName="lib_idx_util_begin_loop_calculator_calculator_graph_end_loop_calculator_filter_collection_calculator_flow_limiter_calculator_image_properties_calculator_previous_loopback_calculator_1178AF22_ios_min11.0.a" BlueprintName="_idx_util_begin_loop_calculator_calculator_graph_end_loop_calculator_filter_collection_calculator_flow_limiter_calculator_image_properties_calculator_previous_loopback_calculator_1178AF22_ios_min11.0" BuildableIdentifier="primary"></BuildableReference>
            </BuildActionEntry>
            <BuildActionEntry buildForArchiving="YES" buildForTesting="YES" buildForAnalyzing="YES" buildForRunning="YES" buildForProfiling="YES">
                <BuildableReference ReferencedContainer="container:HandGestureDetector.xcodeproj" BlueprintIdentifier="F44B012C244DCC1600000000" BuildableName="lib_idx_mediapipe_layer_renderer_MPPMetalHelper_gl_calculator_helper_ios_mediapipe_framework_ios_mediapipe_gl_view_renderer_CD83DA8C_ios_min11.0.a" BlueprintName="_idx_mediapipe_layer_renderer_MPPMetalHelper_gl_calculator_helper_ios_mediapipe_framework_ios_mediapipe_gl_view_renderer_CD83DA8C_ios_min11.0" BuildableIdentifier="primary"></BuildableReference>
            </BuildActionEntry>
            <BuildActionEntry buildForProfiling="YES" buildForAnalyzing="YES" buildForTesting="YES" buildForRunning="YES" buildForArchiving="YES">
                <BuildableReference BlueprintName="_idx_validated_graph_config_calculator_base_calculator_context_calculator_context_manager_calculator_registry_util_calculator_state_fill_packet_set_legacy_calculator_support_proto_u_etc_D3D4974A_ios_min11.0" BlueprintIdentifier="F44B012C89158C6C00000000" BuildableName="lib_idx_validated_graph_config_calculator_base_calculator_context_calculator_context_manager_calculator_registry_util_calculator_state_fill_packet_set_legacy_calculator_support_proto_u_etc_D3D4974A_ios_min11.0.a" ReferencedContainer="container:HandGestureDetector.xcodeproj" BuildableIdentifier="primary"></BuildableReference>
            </BuildActionEntry>
            <BuildActionEntry buildForArchiving="YES" buildForAnalyzing="YES" buildForRunning="YES" buildForTesting="YES" buildForProfiling="YES">
                <BuildableReference ReferencedContainer="container:HandGestureDetector.xcodeproj" BlueprintName="_idx_thresholding_calculator_association_norm_rect_calculator_collection_has_min_size_calculator_detection_label_id_to_text_calculator_detections_to_rects_calculator_detections_to_r_etc_28AB0935_ios_min11.0" BuildableIdentifier="primary" BlueprintIdentifier="F44B012C16C5188000000000" BuildableName="lib_idx_thresholding_calculator_association_norm_rect_calculator_collection_has_min_size_calculator_detection_label_id_to_text_calculator_detections_to_rects_calculator_detections_to_r_etc_28AB0935_ios_min11.0.a"></BuildableReference>
            </BuildActionEntry>
            <BuildActionEntry buildForAnalyzing="YES" buildForTesting="YES" buildForRunning="YES" buildForProfiling="YES" buildForArchiving="YES">
                <BuildableReference BuildableIdentifier="primary" ReferencedContainer="container:HandGestureDetector.xcodeproj" BlueprintName="_idx_HandGestureDetectorLib_HandGestureDetectorAppLib_6DC6EBA3_ios_min11.0" BuildableName="lib_idx_HandGestureDetectorLib_HandGestureDetectorAppLib_6DC6EBA3_ios_min11.0.a" BlueprintIdentifier="F44B012C42C9BF8800000000"></BuildableReference>
            </BuildActionEntry>
            <BuildActionEntry buildForProfiling="YES" buildForRunning="YES" buildForArchiving="YES" buildForAnalyzing="YES" buildForTesting="YES">
                <BuildableReference BuildableName="lib_idx_timestamp_collection_item_id_CB2504CD_ios_min11.0.a" BuildableIdentifier="primary" BlueprintName="_idx_timestamp_collection_item_id_CB2504CD_ios_min11.0" ReferencedContainer="container:HandGestureDetector.xcodeproj" BlueprintIdentifier="F44B012C62FCD82000000000"></BuildableReference>
            </BuildActionEntry>
            <BuildActionEntry buildForProfiling="YES" buildForArchiving="YES" buildForTesting="YES" buildForAnalyzing="YES" buildForRunning="YES">
                <BuildableReference BlueprintIdentifier="F44B012C2835DF1600000000" BlueprintName="_idx_util_begin_loop_calculator_calculator_graph_end_loop_calculator_filter_collection_calculator_flow_limiter_calculator_image_properties_calculator_previous_loopback_calculator_1178AF22_ios_min11.0" BuildableIdentifier="primary" BuildableName="lib_idx_util_begin_loop_calculator_calculator_graph_end_loop_calculator_filter_collection_calculator_flow_limiter_calculator_image_properties_calculator_previous_loopback_calculator_1178AF22_ios_min11.0.a" ReferencedContainer="container:HandGestureDetector.xcodeproj"></BuildableReference>
            </BuildActionEntry>
            <BuildActionEntry buildForTesting="YES" buildForProfiling="YES" buildForRunning="YES" buildForAnalyzing="YES" buildForArchiving="YES">
                <BuildableReference BlueprintIdentifier="F44B012C16C5188000000000" BlueprintName="_idx_thresholding_calculator_association_norm_rect_calculator_collection_has_min_size_calculator_detection_label_id_to_text_calculator_detections_to_rects_calculator_detections_to_r_etc_28AB0935_ios_min11.0" ReferencedContainer="container:HandGestureDetector.xcodeproj" BuildableIdentifier="primary" BuildableName="lib_idx_thresholding_calculator_association_norm_rect_calculator_collection_has_min_size_calculator_detection_label_id_to_text_calculator_detections_to_rects_calculator_detections_to_r_etc_28AB0935_ios_min11.0.a"></BuildableReference>
            </BuildActionEntry>
            <BuildActionEntry buildForTesting="YES" buildForAnalyzing="YES" buildForProfiling="YES" buildForArchiving="YES" buildForRunning="YES">
                <BuildableReference BlueprintIdentifier="F44B012C16C5188000000000" BuildableName="lib_idx_thresholding_calculator_association_norm_rect_calculator_collection_has_min_size_calculator_detection_label_id_to_text_calculator_detections_to_rects_calculator_detections_to_r_etc_28AB0935_ios_min11.0.a" ReferencedContainer="container:HandGestureDetector.xcodeproj" BlueprintName="_idx_thresholding_calculator_association_norm_rect_calculator_collection_has_min_size_calculator_detection_label_id_to_text_calculator_detections_to_rects_calculator_detections_to_r_etc_28AB0935_ios_min11.0" BuildableIdentifier="primary"></BuildableReference>
            </BuildActionEntry>
            <BuildActionEntry buildForArchiving="YES" buildForAnalyzing="YES" buildForRunning="YES" buildForProfiling="YES" buildForTesting="YES">
                <BuildableReference BuildableIdentifier="primary" BlueprintIdentifier="F44B012C16C5188000000000" ReferencedContainer="container:HandGestureDetector.xcodeproj" BuildableName="lib_idx_thresholding_calculator_association_norm_rect_calculator_collection_has_min_size_calculator_detection_label_id_to_text_calculator_detections_to_rects_calculator_detections_to_r_etc_28AB0935_ios_min11.0.a" BlueprintName="_idx_thresholding_calculator_association_norm_rect_calculator_collection_has_min_size_calculator_detection_label_id_to_text_calculator_detections_to_rects_calculator_detections_to_r_etc_28AB0935_ios_min11.0"></BuildableReference>
            </BuildActionEntry>
            <BuildActionEntry buildForArchiving="YES" buildForTesting="YES" buildForProfiling="YES" buildForAnalyzing="YES" buildForRunning="YES">
                <BuildableReference ReferencedContainer="container:HandGestureDetector.xcodeproj" BuildableName="lib_idx_validate_name_callback_packet_calculator_delegating_executor_executor_image_frame_name_util_packet_generator_graph_subgraph_subgraph_expansion_tag_map_thread_pool_executor_validate_072E6358_ios_min11.0.a" BlueprintName="_idx_validate_name_callback_packet_calculator_delegating_executor_executor_image_frame_name_util_packet_generator_graph_subgraph_subgraph_expansion_tag_map_thread_pool_executor_validate_072E6358_ios_min11.0" BuildableIdentifier="primary" BlueprintIdentifier="F44B012C5C20259200000000"></BuildableReference>
            </BuildActionEntry>
            <BuildActionEntry buildForProfiling="YES" buildForTesting="YES" buildForRunning="YES" buildForArchiving="YES" buildForAnalyzing="YES">
                <BuildableReference ReferencedContainer="container:HandGestureDetector.xcodeproj" BlueprintName="_idx_util_begin_loop_calculator_calculator_graph_end_loop_calculator_filter_collection_calculator_flow_limiter_calculator_image_properties_calculator_previous_loopback_calculator_1178AF22_ios_min11.0" BuildableIdentifier="primary" BlueprintIdentifier="F44B012C2835DF1600000000" BuildableName="lib_idx_util_begin_loop_calculator_calculator_graph_end_loop_calculator_filter_collection_calculator_flow_limiter_calculator_image_properties_calculator_previous_loopback_calculator_1178AF22_ios_min11.0.a"></BuildableReference>
            </BuildActionEntry>
            <BuildActionEntry buildForRunning="YES" buildForAnalyzing="YES" buildForArchiving="YES" buildForTesting="YES" buildForProfiling="YES">
                <BuildableReference BuildableIdentifier="primary" BlueprintIdentifier="F44B012C3D61416A00000000" BlueprintName="_idx_topologicalsorter_clock_counter_factory_registration_ret_check_status_status_util_statusor_threadpool_ECBED5B2_ios_min11.0" BuildableName="lib_idx_topologicalsorter_clock_counter_factory_registration_ret_check_status_status_util_statusor_threadpool_ECBED5B2_ios_min11.0.a" ReferencedContainer="container:HandGestureDetector.xcodeproj"></BuildableReference>
            </BuildActionEntry>
            <BuildActionEntry buildForArchiving="YES" buildForAnalyzing="YES" buildForTesting="YES" buildForProfiling="YES" buildForRunning="YES">
                <BuildableReference BuildableIdentifier="primary" BuildableName="lib_idx_util_begin_loop_calculator_calculator_graph_end_loop_calculator_filter_collection_calculator_flow_limiter_calculator_image_properties_calculator_previous_loopback_calculator_1178AF22_ios_min11.0.a" BlueprintName="_idx_util_begin_loop_calculator_calculator_graph_end_loop_calculator_filter_collection_calculator_flow_limiter_calculator_image_properties_calculator_previous_loopback_calculator_1178AF22_ios_min11.0" ReferencedContainer="container:HandGestureDetector.xcodeproj" BlueprintIdentifier="F44B012C2835DF1600000000"></BuildableReference>
            </BuildActionEntry>
            <BuildActionEntry buildForArchiving="YES" buildForTesting="YES" buildForRunning="YES" buildForProfiling="YES" buildForAnalyzing="YES">
                <BuildableReference BlueprintIdentifier="F44B012C16C5188000000000" BuildableIdentifier="primary" BuildableName="lib_idx_thresholding_calculator_association_norm_rect_calculator_collection_has_min_size_calculator_detection_label_id_to_text_calculator_detections_to_rects_calculator_detections_to_r_etc_28AB0935_ios_min11.0.a" BlueprintName="_idx_thresholding_calculator_association_norm_rect_calculator_collection_has_min_size_calculator_detection_label_id_to_text_calculator_detections_to_rects_calculator_detections_to_r_etc_28AB0935_ios_min11.0" ReferencedContainer="container:HandGestureDetector.xcodeproj"></BuildableReference>
            </BuildActionEntry>
            <BuildActionEntry buildForTesting="YES" buildForAnalyzing="YES" buildForArchiving="YES" buildForRunning="YES" buildForProfiling="YES">
                <BuildableReference ReferencedContainer="container:HandGestureDetector.xcodeproj" BuildableIdentifier="primary" BlueprintIdentifier="F44B012C3D61416A00000000" BuildableName="lib_idx_topologicalsorter_clock_counter_factory_registration_ret_check_status_status_util_statusor_threadpool_ECBED5B2_ios_min11.0.a" BlueprintName="_idx_topologicalsorter_clock_counter_factory_registration_ret_check_status_status_util_statusor_threadpool_ECBED5B2_ios_min11.0"></BuildableReference>
            </BuildActionEntry>
            <BuildActionEntry buildForArchiving="YES" buildForTesting="YES" buildForAnalyzing="YES" buildForProfiling="YES" buildForRunning="YES">
                <BuildableReference BuildableName="lib_idx_validate_name_callback_packet_calculator_delegating_executor_executor_image_frame_name_util_packet_generator_graph_subgraph_subgraph_expansion_tag_map_thread_pool_executor_validate_072E6358_ios_min11.0.a" BuildableIdentifier="primary" BlueprintName="_idx_validate_name_callback_packet_calculator_delegating_executor_executor_image_frame_name_util_packet_generator_graph_subgraph_subgraph_expansion_tag_map_thread_pool_executor_validate_072E6358_ios_min11.0" BlueprintIdentifier="F44B012C5C20259200000000" ReferencedContainer="container:HandGestureDetector.xcodeproj"></BuildableReference>
            </BuildActionEntry>
            <BuildActionEntry buildForRunning="YES" buildForArchiving="YES" buildForTesting="YES" buildForAnalyzing="YES" buildForProfiling="YES">
                <BuildableReference BuildableIdentifier="primary" BuildableName="lib_idx_non_max_suppression_calculator_annotation_overlay_calculator_9AC5E4BA_ios_min11.0.a" BlueprintIdentifier="F44B012C4AEB7B2C00000000" BlueprintName="_idx_non_max_suppression_calculator_annotation_overlay_calculator_9AC5E4BA_ios_min11.0" ReferencedContainer="container:HandGestureDetector.xcodeproj"></BuildableReference>
            </BuildActionEntry>
            <BuildActionEntry buildForTesting="YES" buildForArchiving="YES" buildForAnalyzing="YES" buildForRunning="YES" buildForProfiling="YES">
                <BuildableReference BuildableIdentifier="primary" BlueprintIdentifier="F44B012C89158C6C00000000" ReferencedContainer="container:HandGestureDetector.xcodeproj" BlueprintName="_idx_validated_graph_config_calculator_base_calculator_context_calculator_context_manager_calculator_registry_util_calculator_state_fill_packet_set_legacy_calculator_support_proto_u_etc_D3D4974A_ios_min11.0" BuildableName="lib_idx_validated_graph_config_calculator_base_calculator_context_calculator_context_manager_calculator_registry_util_calculator_state_fill_packet_set_legacy_calculator_support_proto_u_etc_D3D4974A_ios_min11.0.a"></BuildableReference>
            </BuildActionEntry>
            <BuildActionEntry buildForAnalyzing="YES" buildForArchiving="YES" buildForRunning="YES" buildForProfiling="YES" buildForTesting="YES">
                <BuildableReference BlueprintIdentifier="F44B012C5C20259200000000" ReferencedContainer="container:HandGestureDetector.xcodeproj" BuildableName="lib_idx_validate_name_callback_packet_calculator_delegating_executor_executor_image_frame_name_util_packet_generator_graph_subgraph_subgraph_expansion_tag_map_thread_pool_executor_validate_072E6358_ios_min11.0.a" BlueprintName="_idx_validate_name_callback_packet_calculator_delegating_executor_executor_image_frame_name_util_packet_generator_graph_subgraph_subgraph_expansion_tag_map_thread_pool_executor_validate_072E6358_ios_min11.0" BuildableIdentifier="primary"></BuildableReference>
            </BuildActionEntry>
            <BuildActionEntry buildForRunning="YES" buildForAnalyzing="YES" buildForTesting="YES" buildForProfiling="YES" buildForArchiving="YES">
                <BuildableReference BuildableName="lib_idx_MPPMetalUtil_MPPGraphGPUData_F9B05825_ios_min11.0.a" BlueprintName="_idx_MPPMetalUtil_MPPGraphGPUData_F9B05825_ios_min11.0" BuildableIdentifier="primary" ReferencedContainer="container:HandGestureDetector.xcodeproj" BlueprintIdentifier="F44B012C553CEAAE00000000"></BuildableReference>
            </BuildActionEntry>
            <BuildActionEntry buildForTesting="YES" buildForAnalyzing="YES" buildForRunning="YES" buildForProfiling="YES" buildForArchiving="YES">
                <BuildableReference ReferencedContainer="container:HandGestureDetector.xcodeproj" BuildableIdentifier="primary" BuildableName="lib_idx_graph_tracer_4E2DB29D_ios_min11.0.a" BlueprintName="_idx_graph_tracer_4E2DB29D_ios_min11.0" BlueprintIdentifier="F44B012CC9FC100000000000"></BuildableReference>
            </BuildActionEntry>
            <BuildActionEntry buildForTesting="YES" buildForRunning="YES" buildForProfiling="YES" buildForArchiving="YES" buildForAnalyzing="YES">
                <BuildableReference BuildableIdentifier="primary" BlueprintName="_idx_transpose_conv_bias_max_pool_argmax_max_unpooling_E457C3C3_ios_min11.0" BuildableName="lib_idx_transpose_conv_bias_max_pool_argmax_max_unpooling_E457C3C3_ios_min11.0.a" ReferencedContainer="container:HandGestureDetector.xcodeproj" BlueprintIdentifier="F44B012CB974EAD200000000"></BuildableReference>
            </BuildActionEntry>
            <BuildActionEntry buildForRunning="YES" buildForTesting="YES" buildForProfiling="YES" buildForArchiving="YES" buildForAnalyzing="YES">
                <BuildableReference BlueprintIdentifier="F44B012CE9FEE80400000000" BlueprintName="_idx_output_stream_manager_calculator_node_default_input_stream_handler_fixed_size_input_stream_handler_graph_output_stream_immediate_input_stream_handler_in_order_output_stream_han_etc_DA30D83C_ios_min11.0" BuildableIdentifier="primary" ReferencedContainer="container:HandGestureDetector.xcodeproj" BuildableName="lib_idx_output_stream_manager_calculator_node_default_input_stream_handler_fixed_size_input_stream_handler_graph_output_stream_immediate_input_stream_handler_in_order_output_stream_han_etc_DA30D83C_ios_min11.0.a"></BuildableReference>
            </BuildActionEntry>
            <BuildActionEntry buildForProfiling="YES" buildForArchiving="YES" buildForRunning="YES" buildForTesting="YES" buildForAnalyzing="YES">
                <BuildableReference ReferencedContainer="container:HandGestureDetector.xcodeproj" BlueprintIdentifier="F44B012C89158C6C00000000" BuildableName="lib_idx_validated_graph_config_calculator_base_calculator_context_calculator_context_manager_calculator_registry_util_calculator_state_fill_packet_set_legacy_calculator_support_proto_u_etc_D3D4974A_ios_min11.0.a" BlueprintName="_idx_validated_graph_config_calculator_base_calculator_context_calculator_context_manager_calculator_registry_util_calculator_state_fill_packet_set_legacy_calculator_support_proto_u_etc_D3D4974A_ios_min11.0" BuildableIdentifier="primary"></BuildableReference>
            </BuildActionEntry>
            <BuildActionEntry buildForProfiling="YES" buildForTesting="YES" buildForRunning="YES" buildForArchiving="YES" buildForAnalyzing="YES">
                <BuildableReference BlueprintIdentifier="F44B012C9C9F222A00000000" BuildableName="lib_idx_gl_context_A6F2952C_ios_min11.0.a" ReferencedContainer="container:HandGestureDetector.xcodeproj" BlueprintName="_idx_gl_context_A6F2952C_ios_min11.0" BuildableIdentifier="primary"></BuildableReference>
            </BuildActionEntry>
            <BuildActionEntry buildForAnalyzing="YES" buildForRunning="YES" buildForTesting="YES" buildForProfiling="YES" buildForArchiving="YES">
                <BuildableReference ReferencedContainer="container:HandGestureDetector.xcodeproj" BlueprintName="_idx_tflite_tensors_to_landmarks_calculator_clip_vector_size_calculator_53EC4334_ios_min11.0" BuildableIdentifier="primary" BuildableName="lib_idx_tflite_tensors_to_landmarks_calculator_clip_vector_size_calculator_53EC4334_ios_min11.0.a" BlueprintIdentifier="F44B012C548C873800000000"></BuildableReference>
            </BuildActionEntry>
            <BuildActionEntry buildForProfiling="YES" buildForArchiving="YES" buildForRunning="YES" buildForAnalyzing="YES" buildForTesting="YES">
                <BuildableReference BuildableName="lib_idx_registration_token_180DAB92_ios_min11.0.a" BlueprintName="_idx_registration_token_180DAB92_ios_min11.0" ReferencedContainer="container:HandGestureDetector.xcodeproj" BuildableIdentifier="primary" BlueprintIdentifier="F44B012C661A8DB000000000"></BuildableReference>
            </BuildActionEntry>
            <BuildActionEntry buildForRunning="YES" buildForAnalyzing="YES" buildForProfiling="YES" buildForTesting="YES" buildForArchiving="YES">
                <BuildableReference BuildableIdentifier="primary" BlueprintName="_idx_packet_type_calculator_contract_input_side_packet_handler_input_stream_manager_input_stream_shard_output_side_packet_impl_output_stream_shard_packet_88FDAADB_ios_min11.0" ReferencedContainer="container:HandGestureDetector.xcodeproj" BuildableName="lib_idx_packet_type_calculator_contract_input_side_packet_handler_input_stream_manager_input_stream_shard_output_side_packet_impl_output_stream_shard_packet_88FDAADB_ios_min11.0.a" BlueprintIdentifier="F44B012CB7E0DD9200000000"></BuildableReference>
            </BuildActionEntry>
            <BuildActionEntry buildForProfiling="YES" buildForAnalyzing="YES" buildForRunning="YES" buildForTesting="YES" buildForArchiving="YES">
                <BuildableReference BlueprintIdentifier="F44B012C16C5188000000000" BuildableName="lib_idx_thresholding_calculator_association_norm_rect_calculator_collection_has_min_size_calculator_detection_label_id_to_text_calculator_detections_to_rects_calculator_detections_to_r_etc_28AB0935_ios_min11.0.a" ReferencedContainer="container:HandGestureDetector.xcodeproj" BuildableIdentifier="primary" BlueprintName="_idx_thresholding_calculator_association_norm_rect_calculator_collection_has_min_size_calculator_detection_label_id_to_text_calculator_detections_to_rects_calculator_detections_to_r_etc_28AB0935_ios_min11.0"></BuildableReference>
            </BuildActionEntry>
            <BuildActionEntry buildForAnalyzing="YES" buildForTesting="YES" buildForArchiving="YES" buildForProfiling="YES" buildForRunning="YES">
                <BuildableReference BuildableIdentifier="primary" BuildableName="lib_idx_image_frame_opencv_1B581F23_ios_min11.0.a" BlueprintIdentifier="F44B012C7C8E0C1600000000" ReferencedContainer="container:HandGestureDetector.xcodeproj" BlueprintName="_idx_image_frame_opencv_1B581F23_ios_min11.0"></BuildableReference>
            </BuildActionEntry>
            <BuildActionEntry buildForProfiling="YES" buildForRunning="YES" buildForTesting="YES" buildForAnalyzing="YES" buildForArchiving="YES">
                <BuildableReference BuildableIdentifier="primary" BlueprintIdentifier="F44B012C3D61416A00000000" ReferencedContainer="container:HandGestureDetector.xcodeproj" BlueprintName="_idx_topologicalsorter_clock_counter_factory_registration_ret_check_status_status_util_statusor_threadpool_ECBED5B2_ios_min11.0" BuildableName="lib_idx_topologicalsorter_clock_counter_factory_registration_ret_check_status_status_util_statusor_threadpool_ECBED5B2_ios_min11.0.a"></BuildableReference>
            </BuildActionEntry>
            <BuildActionEntry buildForAnalyzing="YES" buildForTesting="YES" buildForArchiving="YES" buildForProfiling="YES" buildForRunning="YES">
                <BuildableReference BlueprintIdentifier="F44B012C5C20259200000000" BuildableIdentifier="primary" BuildableName="lib_idx_validate_name_callback_packet_calculator_delegating_executor_executor_image_frame_name_util_packet_generator_graph_subgraph_subgraph_expansion_tag_map_thread_pool_executor_validate_072E6358_ios_min11.0.a" BlueprintName="_idx_validate_name_callback_packet_calculator_delegating_executor_executor_image_frame_name_util_packet_generator_graph_subgraph_subgraph_expansion_tag_map_thread_pool_executor_validate_072E6358_ios_min11.0" ReferencedContainer="container:HandGestureDetector.xcodeproj"></BuildableReference>
            </BuildActionEntry>
            <BuildActionEntry buildForTesting="YES" buildForArchiving="YES" buildForAnalyzing="YES" buildForRunning="YES" buildForProfiling="YES">
                <BuildableReference BlueprintIdentifier="F44B012C3D61416A00000000" BuildableName="lib_idx_topologicalsorter_clock_counter_factory_registration_ret_check_status_status_util_statusor_threadpool_ECBED5B2_ios_min11.0.a" BuildableIdentifier="primary" BlueprintName="_idx_topologicalsorter_clock_counter_factory_registration_ret_check_status_status_util_statusor_threadpool_ECBED5B2_ios_min11.0" ReferencedContainer="container:HandGestureDetector.xcodeproj"></BuildableReference>
            </BuildActionEntry>
            <BuildActionEntry buildForTesting="YES" buildForRunning="YES" buildForProfiling="YES" buildForArchiving="YES" buildForAnalyzing="YES">
                <BuildableReference BuildableIdentifier="primary" BuildableName="lib_idx_split_vector_calculator_32C14F3E_ios_min11.0.a" BlueprintName="_idx_split_vector_calculator_32C14F3E_ios_min11.0" ReferencedContainer="container:HandGestureDetector.xcodeproj" BlueprintIdentifier="F44B012C50599D9800000000"></BuildableReference>
            </BuildActionEntry>
            <BuildActionEntry buildForArchiving="YES" buildForTesting="YES" buildForAnalyzing="YES" buildForRunning="YES" buildForProfiling="YES">
                <BuildableReference BuildableIdentifier="primary" BuildableName="lib_idx_thresholding_calculator_association_norm_rect_calculator_collection_has_min_size_calculator_detection_label_id_to_text_calculator_detections_to_rects_calculator_detections_to_r_etc_28AB0935_ios_min11.0.a" ReferencedContainer="container:HandGestureDetector.xcodeproj" BlueprintIdentifier="F44B012C16C5188000000000" BlueprintName="_idx_thresholding_calculator_association_norm_rect_calculator_collection_has_min_size_calculator_detection_label_id_to_text_calculator_detections_to_rects_calculator_detections_to_r_etc_28AB0935_ios_min11.0"></BuildableReference>
            </BuildActionEntry>
            <BuildActionEntry buildForAnalyzing="YES" buildForRunning="YES" buildForProfiling="YES" buildForTesting="YES" buildForArchiving="YES">
                <BuildableReference BuildableName="lib_idx_util_begin_loop_calculator_calculator_graph_end_loop_calculator_filter_collection_calculator_flow_limiter_calculator_image_properties_calculator_previous_loopback_calculator_1178AF22_ios_min11.0.a" ReferencedContainer="container:HandGestureDetector.xcodeproj" BlueprintIdentifier="F44B012C2835DF1600000000" BlueprintName="_idx_util_begin_loop_calculator_calculator_graph_end_loop_calculator_filter_collection_calculator_flow_limiter_calculator_image_properties_calculator_previous_loopback_calculator_1178AF22_ios_min11.0" BuildableIdentifier="primary"></BuildableReference>
            </BuildActionEntry>
            <BuildActionEntry buildForRunning="YES" buildForProfiling="YES" buildForAnalyzing="YES" buildForTesting="YES" buildForArchiving="YES">
                <BuildableReference BuildableIdentifier="primary" BlueprintName="_idx_scheduler_queue_7DC80711_ios_min11.0" ReferencedContainer="container:HandGestureDetector.xcodeproj" BlueprintIdentifier="F44B012C341360D400000000" BuildableName="lib_idx_scheduler_queue_7DC80711_ios_min11.0.a"></BuildableReference>
            </BuildActionEntry>
            <BuildActionEntry buildForRunning="YES" buildForTesting="YES" buildForArchiving="YES" buildForProfiling="YES" buildForAnalyzing="YES">
                <BuildableReference BlueprintIdentifier="F44B012CB2B2FE5600000000" BlueprintName="_idx_pixel_buffer_pool_util_91D59029_ios_min11.0" ReferencedContainer="container:HandGestureDetector.xcodeproj" BuildableName="lib_idx_pixel_buffer_pool_util_91D59029_ios_min11.0.a" BuildableIdentifier="primary"></BuildableReference>
            </BuildActionEntry>
            <BuildActionEntry buildForAnalyzing="YES" buildForProfiling="YES" buildForTesting="YES" buildForRunning="YES" buildForArchiving="YES">
                <BuildableReference BuildableName="lib_idx_file_path_573D9DCC_ios_min11.0.a" BlueprintName="_idx_file_path_573D9DCC_ios_min11.0" ReferencedContainer="container:HandGestureDetector.xcodeproj" BlueprintIdentifier="F44B012CF3BC41B800000000" BuildableIdentifier="primary"></BuildableReference>
            </BuildActionEntry>
            <BuildActionEntry buildForArchiving="YES" buildForTesting="YES" buildForRunning="YES" buildForAnalyzing="YES" buildForProfiling="YES">
                <BuildableReference BuildableName="lib_idx_validate_name_callback_packet_calculator_delegating_executor_executor_image_frame_name_util_packet_generator_graph_subgraph_subgraph_expansion_tag_map_thread_pool_executor_validate_072E6358_ios_min11.0.a" BlueprintName="_idx_validate_name_callback_packet_calculator_delegating_executor_executor_image_frame_name_util_packet_generator_graph_subgraph_subgraph_expansion_tag_map_thread_pool_executor_validate_072E6358_ios_min11.0" BlueprintIdentifier="F44B012C5C20259200000000" BuildableIdentifier="primary" ReferencedContainer="container:HandGestureDetector.xcodeproj"></BuildableReference>
            </BuildActionEntry>
            <BuildActionEntry buildForTesting="YES" buildForRunning="YES" buildForProfiling="YES" buildForArchiving="YES" buildForAnalyzing="YES">
                <BuildableReference BuildableIdentifier="primary" BlueprintIdentifier="F44B012C5C20259200000000" BuildableName="lib_idx_validate_name_callback_packet_calculator_delegating_executor_executor_image_frame_name_util_packet_generator_graph_subgraph_subgraph_expansion_tag_map_thread_pool_executor_validate_072E6358_ios_min11.0.a" ReferencedContainer="container:HandGestureDetector.xcodeproj" BlueprintName="_idx_validate_name_callback_packet_calculator_delegating_executor_executor_image_frame_name_util_packet_generator_graph_subgraph_subgraph_expansion_tag_map_thread_pool_executor_validate_072E6358_ios_min11.0"></BuildableReference>
            </BuildActionEntry>
            <BuildActionEntry buildForRunning="YES" buildForAnalyzing="YES" buildForProfiling="YES" buildForTesting="YES" buildForArchiving="YES">
                <BuildableReference BuildableName="lib_idx_topologicalsorter_clock_counter_factory_registration_ret_check_status_status_util_statusor_threadpool_ECBED5B2_ios_min11.0.a" BlueprintIdentifier="F44B012C3D61416A00000000" BlueprintName="_idx_topologicalsorter_clock_counter_factory_registration_ret_check_status_status_util_statusor_threadpool_ECBED5B2_ios_min11.0" ReferencedContainer="container:HandGestureDetector.xcodeproj" BuildableIdentifier="primary"></BuildableReference>
            </BuildActionEntry>
            <BuildActionEntry buildForArchiving="YES" buildForTesting="YES" buildForProfiling="YES" buildForAnalyzing="YES" buildForRunning="YES">
                <BuildableReference BuildableName="lib_idx_validated_graph_config_calculator_base_calculator_context_calculator_context_manager_calculator_registry_util_calculator_state_fill_packet_set_legacy_calculator_support_proto_u_etc_D3D4974A_ios_min11.0.a" ReferencedContainer="container:HandGestureDetector.xcodeproj" BuildableIdentifier="primary" BlueprintIdentifier="F44B012C89158C6C00000000" BlueprintName="_idx_validated_graph_config_calculator_base_calculator_context_calculator_context_manager_calculator_registry_util_calculator_state_fill_packet_set_legacy_calculator_support_proto_u_etc_D3D4974A_ios_min11.0"></BuildableReference>
            </BuildActionEntry>
            <BuildActionEntry buildForAnalyzing="YES" buildForTesting="YES" buildForRunning="YES" buildForProfiling="YES" buildForArchiving="YES">
                <BuildableReference ReferencedContainer="container:HandGestureDetector.xcodeproj" BuildableIdentifier="primary" BlueprintName="_idx_image_transformation_calculator_image_cropping_calculator_4F9F067C_ios_min11.0" BlueprintIdentifier="F44B012CD4D7D8BE00000000" BuildableName="lib_idx_image_transformation_calculator_image_cropping_calculator_4F9F067C_ios_min11.0.a"></BuildableReference>
            </BuildActionEntry>
            <BuildActionEntry buildForAnalyzing="YES" buildForRunning="YES" buildForProfiling="YES" buildForTesting="YES" buildForArchiving="YES">
                <BuildableReference BlueprintName="_idx_landmark_letterbox_removal_calculator_detection_letterbox_removal_calculator_50030CDA_ios_min11.0" BuildableIdentifier="primary" BuildableName="lib_idx_landmark_letterbox_removal_calculator_detection_letterbox_removal_calculator_50030CDA_ios_min11.0.a" ReferencedContainer="container:HandGestureDetector.xcodeproj" BlueprintIdentifier="F44B012C1EEFDDD800000000"></BuildableReference>
            </BuildActionEntry>
            <BuildActionEntry buildForRunning="YES" buildForProfiling="YES" buildForArchiving="YES" buildForTesting="YES" buildForAnalyzing="YES">
                <BuildableReference ReferencedContainer="container:HandGestureDetector.xcodeproj" BlueprintIdentifier="F44B012CE9FEE80400000000" BlueprintName="_idx_output_stream_manager_calculator_node_default_input_stream_handler_fixed_size_input_stream_handler_graph_output_stream_immediate_input_stream_handler_in_order_output_stream_han_etc_DA30D83C_ios_min11.0" BuildableIdentifier="primary" BuildableName="lib_idx_output_stream_manager_calculator_node_default_input_stream_handler_fixed_size_input_stream_handler_graph_output_stream_immediate_input_stream_handler_in_order_output_stream_han_etc_DA30D83C_ios_min11.0.a"></BuildableReference>
            </BuildActionEntry>
            <BuildActionEntry buildForAnalyzing="YES" buildForProfiling="YES" buildForRunning="YES" buildForArchiving="YES" buildForTesting="YES">
                <BuildableReference ReferencedContainer="container:HandGestureDetector.xcodeproj" BlueprintIdentifier="F44B012CD4D7D8BE00000000" BlueprintName="_idx_image_transformation_calculator_image_cropping_calculator_4F9F067C_ios_min11.0" BuildableName="lib_idx_image_transformation_calculator_image_cropping_calculator_4F9F067C_ios_min11.0.a" BuildableIdentifier="primary"></BuildableReference>
            </BuildActionEntry>
            <BuildActionEntry buildForTesting="YES" buildForProfiling="YES" buildForArchiving="YES" buildForAnalyzing="YES" buildForRunning="YES">
                <BuildableReference BlueprintIdentifier="F44B012C42C9BF8800000000" ReferencedContainer="container:HandGestureDetector.xcodeproj" BuildableName="lib_idx_HandGestureDetectorLib_HandGestureDetectorAppLib_6DC6EBA3_ios_min11.0.a" BuildableIdentifier="primary" BlueprintName="_idx_HandGestureDetectorLib_HandGestureDetectorAppLib_6DC6EBA3_ios_min11.0"></BuildableReference>
            </BuildActionEntry>
            <BuildActionEntry buildForRunning="YES" buildForAnalyzing="YES" buildForProfiling="YES" buildForTesting="YES" buildForArchiving="YES">
                <BuildableReference BlueprintName="_idx_topologicalsorter_clock_counter_factory_registration_ret_check_status_status_util_statusor_threadpool_ECBED5B2_ios_min11.0" ReferencedContainer="container:HandGestureDetector.xcodeproj" BuildableIdentifier="primary" BlueprintIdentifier="F44B012C3D61416A00000000" BuildableName="lib_idx_topologicalsorter_clock_counter_factory_registration_ret_check_status_status_util_statusor_threadpool_ECBED5B2_ios_min11.0.a"></BuildableReference>
            </BuildActionEntry>
            <BuildActionEntry buildForArchiving="YES" buildForRunning="YES" buildForTesting="YES" buildForProfiling="YES" buildForAnalyzing="YES">
                <BuildableReference BlueprintName="_idx_mediapipe_input_sources_ios_6EDD3038_ios_min11.0" BuildableName="lib_idx_mediapipe_input_sources_ios_6EDD3038_ios_min11.0.a" ReferencedContainer="container:HandGestureDetector.xcodeproj" BuildableIdentifier="primary" BlueprintIdentifier="F44B012C5E12441400000000"></BuildableReference>
            </BuildActionEntry>
            <BuildActionEntry buildForRunning="YES" buildForAnalyzing="YES" buildForProfiling="YES" buildForTesting="YES" buildForArchiving="YES">
                <BuildableReference BlueprintIdentifier="F44B012CB974EAD200000000" ReferencedContainer="container:HandGestureDetector.xcodeproj" BuildableIdentifier="primary" BuildableName="lib_idx_transpose_conv_bias_max_pool_argmax_max_unpooling_E457C3C3_ios_min11.0.a" BlueprintName="_idx_transpose_conv_bias_max_pool_argmax_max_unpooling_E457C3C3_ios_min11.0"></BuildableReference>
            </BuildActionEntry>
            <BuildActionEntry buildForTesting="YES" buildForProfiling="YES" buildForArchiving="YES" buildForRunning="YES" buildForAnalyzing="YES">
                <BuildableReference BuildableName="lib_idx_location_0EFF14B2_ios_min11.0.a" BlueprintName="_idx_location_0EFF14B2_ios_min11.0" BuildableIdentifier="primary" BlueprintIdentifier="F44B012C8314B87E00000000" ReferencedContainer="container:HandGestureDetector.xcodeproj"></BuildableReference>
            </BuildActionEntry>
            <BuildActionEntry buildForTesting="YES" buildForRunning="YES" buildForProfiling="YES" buildForArchiving="YES" buildForAnalyzing="YES">
                <BuildableReference BuildableIdentifier="primary" ReferencedContainer="container:HandGestureDetector.xcodeproj" BuildableName="lib_idx_profiler_resource_util_8CEABB16_ios_min11.0.a" BlueprintIdentifier="F44B012CDADF829800000000" BlueprintName="_idx_profiler_resource_util_8CEABB16_ios_min11.0"></BuildableReference>
            </BuildActionEntry>
            <BuildActionEntry buildForRunning="YES" buildForProfiling="YES" buildForTesting="YES" buildForArchiving="YES" buildForAnalyzing="YES">
                <BuildableReference BuildableIdentifier="primary" BlueprintName="_idx_validate_name_callback_packet_calculator_delegating_executor_executor_image_frame_name_util_packet_generator_graph_subgraph_subgraph_expansion_tag_map_thread_pool_executor_validate_072E6358_ios_min11.0" ReferencedContainer="container:HandGestureDetector.xcodeproj" BuildableName="lib_idx_validate_name_callback_packet_calculator_delegating_executor_executor_image_frame_name_util_packet_generator_graph_subgraph_subgraph_expansion_tag_map_thread_pool_executor_validate_072E6358_ios_min11.0.a" BlueprintIdentifier="F44B012C5C20259200000000"></BuildableReference>
            </BuildActionEntry>
            <BuildActionEntry buildForArchiving="YES" buildForRunning="YES" buildForTesting="YES" buildForAnalyzing="YES" buildForProfiling="YES">
                <BuildableReference BlueprintName="_idx_topologicalsorter_clock_counter_factory_registration_ret_check_status_status_util_statusor_threadpool_ECBED5B2_ios_min11.0" BuildableName="lib_idx_topologicalsorter_clock_counter_factory_registration_ret_check_status_status_util_statusor_threadpool_ECBED5B2_ios_min11.0.a" BuildableIdentifier="primary" ReferencedContainer="container:HandGestureDetector.xcodeproj" BlueprintIdentifier="F44B012C3D61416A00000000"></BuildableReference>
            </BuildActionEntry>
            <BuildActionEntry buildForAnalyzing="YES" buildForTesting="YES" buildForProfiling="YES" buildForRunning="YES" buildForArchiving="YES">
                <BuildableReference BuildableIdentifier="primary" BlueprintName="_idx_transpose_conv_bias_max_pool_argmax_max_unpooling_E457C3C3_ios_min11.0" BlueprintIdentifier="F44B012CB974EAD200000000" ReferencedContainer="container:HandGestureDetector.xcodeproj" BuildableName="lib_idx_transpose_conv_bias_max_pool_argmax_max_unpooling_E457C3C3_ios_min11.0.a"></BuildableReference>
            </BuildActionEntry>
            <BuildActionEntry buildForTesting="YES" buildForProfiling="YES" buildForArchiving="YES" buildForRunning="YES" buildForAnalyzing="YES">
                <BuildableReference BlueprintIdentifier="F44B012C16C5188000000000" BuildableName="lib_idx_thresholding_calculator_association_norm_rect_calculator_collection_has_min_size_calculator_detection_label_id_to_text_calculator_detections_to_rects_calculator_detections_to_r_etc_28AB0935_ios_min11.0.a" BlueprintName="_idx_thresholding_calculator_association_norm_rect_calculator_collection_has_min_size_calculator_detection_label_id_to_text_calculator_detections_to_rects_calculator_detections_to_r_etc_28AB0935_ios_min11.0" ReferencedContainer="container:HandGestureDetector.xcodeproj" BuildableIdentifier="primary"></BuildableReference>
            </BuildActionEntry>
            <BuildActionEntry buildForTesting="YES" buildForRunning="YES" buildForAnalyzing="YES" buildForArchiving="YES" buildForProfiling="YES">
                <BuildableReference ReferencedContainer="container:HandGestureDetector.xcodeproj" BuildableName="lib_idx_output_stream_manager_calculator_node_default_input_stream_handler_fixed_size_input_stream_handler_graph_output_stream_immediate_input_stream_handler_in_order_output_stream_han_etc_DA30D83C_ios_min11.0.a" BlueprintName="_idx_output_stream_manager_calculator_node_default_input_stream_handler_fixed_size_input_stream_handler_graph_output_stream_immediate_input_stream_handler_in_order_output_stream_han_etc_DA30D83C_ios_min11.0" BlueprintIdentifier="F44B012CE9FEE80400000000" BuildableIdentifier="primary"></BuildableReference>
            </BuildActionEntry>
            <BuildActionEntry buildForArchiving="YES" buildForTesting="YES" buildForAnalyzing="YES" buildForRunning="YES" buildForProfiling="YES">
                <BuildableReference BlueprintName="_idx_tflite_converter_calculator_C1A2EE01_ios_min11.0" BlueprintIdentifier="F44B012C1BAF4C4000000000" BuildableIdentifier="primary" BuildableName="lib_idx_tflite_converter_calculator_C1A2EE01_ios_min11.0.a" ReferencedContainer="container:HandGestureDetector.xcodeproj"></BuildableReference>
            </BuildActionEntry>
            <BuildActionEntry buildForArchiving="YES" buildForAnalyzing="YES" buildForTesting="YES" buildForRunning="YES" buildForProfiling="YES">
                <BuildableReference BlueprintName="_idx_tflite_custom_op_resolver_calculator_AFC9E9E9_ios_min11.0" BlueprintIdentifier="F44B012C2E98923A00000000" BuildableIdentifier="primary" BuildableName="lib_idx_tflite_custom_op_resolver_calculator_AFC9E9E9_ios_min11.0.a" ReferencedContainer="container:HandGestureDetector.xcodeproj"></BuildableReference>
            </BuildActionEntry>
            <BuildActionEntry buildForAnalyzing="YES" buildForProfiling="YES" buildForTesting="YES" buildForArchiving="YES" buildForRunning="YES">
                <BuildableReference ReferencedContainer="container:HandGestureDetector.xcodeproj" BlueprintIdentifier="F44B012CF39128A400000000" BuildableIdentifier="primary" BuildableName="lib_idx_graph_profiler_real_90A9136F_ios_min11.0.a" BlueprintName="_idx_graph_profiler_real_90A9136F_ios_min11.0"></BuildableReference>
            </BuildActionEntry>
            <BuildActionEntry buildForTesting="YES" buildForRunning="YES" buildForArchiving="YES" buildForProfiling="YES" buildForAnalyzing="YES">
                <BuildableReference BlueprintName="_idx_packet_type_calculator_contract_input_side_packet_handler_input_stream_manager_input_stream_shard_output_side_packet_impl_output_stream_shard_packet_88FDAADB_ios_min11.0" ReferencedContainer="container:HandGestureDetector.xcodeproj" BlueprintIdentifier="F44B012CB7E0DD9200000000" BuildableIdentifier="primary" BuildableName="lib_idx_packet_type_calculator_contract_input_side_packet_handler_input_stream_manager_input_stream_shard_output_side_packet_impl_output_stream_shard_packet_88FDAADB_ios_min11.0.a"></BuildableReference>
            </BuildActionEntry>
            <BuildActionEntry buildForArchiving="YES" buildForRunning="YES" buildForTesting="YES" buildForAnalyzing="YES" buildForProfiling="YES">
                <BuildableReference BuildableName="lib_idx_validated_graph_config_calculator_base_calculator_context_calculator_context_manager_calculator_registry_util_calculator_state_fill_packet_set_legacy_calculator_support_proto_u_etc_D3D4974A_ios_min11.0.a" BlueprintName="_idx_validated_graph_config_calculator_base_calculator_context_calculator_context_manager_calculator_registry_util_calculator_state_fill_packet_set_legacy_calculator_support_proto_u_etc_D3D4974A_ios_min11.0" ReferencedContainer="container:HandGestureDetector.xcodeproj" BuildableIdentifier="primary" BlueprintIdentifier="F44B012C89158C6C00000000"></BuildableReference>
            </BuildActionEntry>
            <BuildActionEntry buildForTesting="YES" buildForProfiling="YES" buildForAnalyzing="YES" buildForRunning="YES" buildForArchiving="YES">
                <BuildableReference BuildableIdentifier="primary" BlueprintIdentifier="F44B012C16C5188000000000" BlueprintName="_idx_thresholding_calculator_association_norm_rect_calculator_collection_has_min_size_calculator_detection_label_id_to_text_calculator_detections_to_rects_calculator_detections_to_r_etc_28AB0935_ios_min11.0" ReferencedContainer="container:HandGestureDetector.xcodeproj" BuildableName="lib_idx_thresholding_calculator_association_norm_rect_calculator_collection_has_min_size_calculator_detection_label_id_to_text_calculator_detections_to_rects_calculator_detections_to_r_etc_28AB0935_ios_min11.0.a"></BuildableReference>
            </BuildActionEntry>
            <BuildActionEntry buildForProfiling="YES" buildForAnalyzing="YES" buildForArchiving="YES" buildForRunning="YES" buildForTesting="YES">
                <BuildableReference ReferencedContainer="container:HandGestureDetector.xcodeproj" BuildableIdentifier="primary" BuildableName="lib_idx_output_stream_manager_calculator_node_default_input_stream_handler_fixed_size_input_stream_handler_graph_output_stream_immediate_input_stream_handler_in_order_output_stream_han_etc_DA30D83C_ios_min11.0.a" BlueprintIdentifier="F44B012CE9FEE80400000000" BlueprintName="_idx_output_stream_manager_calculator_node_default_input_stream_handler_fixed_size_input_stream_handler_graph_output_stream_immediate_input_stream_handler_in_order_output_stream_han_etc_DA30D83C_ios_min11.0"></BuildableReference>
            </BuildActionEntry>
            <BuildActionEntry buildForAnalyzing="YES" buildForProfiling="YES" buildForArchiving="YES" buildForTesting="YES" buildForRunning="YES">
                <BuildableReference BlueprintName="_idx_image_transformation_calculator_image_cropping_calculator_4F9F067C_ios_min11.0" BuildableName="lib_idx_image_transformation_calculator_image_cropping_calculator_4F9F067C_ios_min11.0.a" BuildableIdentifier="primary" BlueprintIdentifier="F44B012CD4D7D8BE00000000" ReferencedContainer="container:HandGestureDetector.xcodeproj"></BuildableReference>
            </BuildActionEntry>
            <BuildActionEntry buildForTesting="YES" buildForArchiving="YES" buildForAnalyzing="YES" buildForRunning="YES" buildForProfiling="YES">
                <BuildableReference BlueprintName="_idx_topologicalsorter_clock_counter_factory_registration_ret_check_status_status_util_statusor_threadpool_ECBED5B2_ios_min11.0" ReferencedContainer="container:HandGestureDetector.xcodeproj" BuildableIdentifier="primary" BlueprintIdentifier="F44B012C3D61416A00000000" BuildableName="lib_idx_topologicalsorter_clock_counter_factory_registration_ret_check_status_status_util_statusor_threadpool_ECBED5B2_ios_min11.0.a"></BuildableReference>
            </BuildActionEntry>
            <BuildActionEntry buildForProfiling="YES" buildForAnalyzing="YES" buildForTesting="YES" buildForArchiving="YES" buildForRunning="YES">
                <BuildableReference BuildableName="lib_idx_validate_name_callback_packet_calculator_delegating_executor_executor_image_frame_name_util_packet_generator_graph_subgraph_subgraph_expansion_tag_map_thread_pool_executor_validate_072E6358_ios_min11.0.a" BuildableIdentifier="primary" BlueprintIdentifier="F44B012C5C20259200000000" ReferencedContainer="container:HandGestureDetector.xcodeproj" BlueprintName="_idx_validate_name_callback_packet_calculator_delegating_executor_executor_image_frame_name_util_packet_generator_graph_subgraph_subgraph_expansion_tag_map_thread_pool_executor_validate_072E6358_ios_min11.0"></BuildableReference>
            </BuildActionEntry>
            <BuildActionEntry buildForArchiving="YES" buildForProfiling="YES" buildForAnalyzing="YES" buildForRunning="YES" buildForTesting="YES">
                <BuildableReference BuildableName="lib_idx_transpose_conv_bias_max_pool_argmax_max_unpooling_E457C3C3_ios_min11.0.a" ReferencedContainer="container:HandGestureDetector.xcodeproj" BuildableIdentifier="primary" BlueprintIdentifier="F44B012CB974EAD200000000" BlueprintName="_idx_transpose_conv_bias_max_pool_argmax_max_unpooling_E457C3C3_ios_min11.0"></BuildableReference>
            </BuildActionEntry>
            <BuildActionEntry buildForAnalyzing="YES" buildForTesting="YES" buildForRunning="YES" buildForArchiving="YES" buildForProfiling="YES">
                <BuildableReference BlueprintIdentifier="F44B012C89158C6C00000000" BuildableName="lib_idx_validated_graph_config_calculator_base_calculator_context_calculator_context_manager_calculator_registry_util_calculator_state_fill_packet_set_legacy_calculator_support_proto_u_etc_D3D4974A_ios_min11.0.a" BlueprintName="_idx_validated_graph_config_calculator_base_calculator_context_calculator_context_manager_calculator_registry_util_calculator_state_fill_packet_set_legacy_calculator_support_proto_u_etc_D3D4974A_ios_min11.0" ReferencedContainer="container:HandGestureDetector.xcodeproj" BuildableIdentifier="primary"></BuildableReference>
            </BuildActionEntry>
            <BuildActionEntry buildForAnalyzing="YES" buildForTesting="YES" buildForRunning="YES" buildForProfiling="YES" buildForArchiving="YES">
                <BuildableReference BuildableIdentifier="primary" BlueprintIdentifier="F44B012C5C20259200000000" BuildableName="lib_idx_validate_name_callback_packet_calculator_delegating_executor_executor_image_frame_name_util_packet_generator_graph_subgraph_subgraph_expansion_tag_map_thread_pool_executor_validate_072E6358_ios_min11.0.a" BlueprintName="_idx_validate_name_callback_packet_calculator_delegating_executor_executor_image_frame_name_util_packet_generator_graph_subgraph_subgraph_expansion_tag_map_thread_pool_executor_validate_072E6358_ios_min11.0" ReferencedContainer="container:HandGestureDetector.xcodeproj"></BuildableReference>
            </BuildActionEntry>
            <BuildActionEntry buildForArchiving="YES" buildForAnalyzing="YES" buildForTesting="YES" buildForRunning="YES" buildForProfiling="YES">
                <BuildableReference BuildableName="lib_idx_gl_quad_renderer_3F7D1A04_ios_min11.0.a" BuildableIdentifier="primary" ReferencedContainer="container:HandGestureDetector.xcodeproj" BlueprintIdentifier="F44B012C6162BB0E00000000" BlueprintName="_idx_gl_quad_renderer_3F7D1A04_ios_min11.0"></BuildableReference>
            </BuildActionEntry>
            <BuildActionEntry buildForTesting="YES" buildForAnalyzing="YES" buildForRunning="YES" buildForProfiling="YES" buildForArchiving="YES">
                <BuildableReference BuildableIdentifier="primary" BlueprintIdentifier="F44B012C62FCD82000000000" ReferencedContainer="container:HandGestureDetector.xcodeproj" BuildableName="lib_idx_timestamp_collection_item_id_CB2504CD_ios_min11.0.a" BlueprintName="_idx_timestamp_collection_item_id_CB2504CD_ios_min11.0"></BuildableReference>
            </BuildActionEntry>
            <BuildActionEntry buildForArchiving="YES" buildForTesting="YES" buildForProfiling="YES" buildForRunning="YES" buildForAnalyzing="YES">
                <BuildableReference BlueprintIdentifier="F44B012CB7E0DD9200000000" BuildableName="lib_idx_packet_type_calculator_contract_input_side_packet_handler_input_stream_manager_input_stream_shard_output_side_packet_impl_output_stream_shard_packet_88FDAADB_ios_min11.0.a" BuildableIdentifier="primary" BlueprintName="_idx_packet_type_calculator_contract_input_side_packet_handler_input_stream_manager_input_stream_shard_output_side_packet_impl_output_stream_shard_packet_88FDAADB_ios_min11.0" ReferencedContainer="container:HandGestureDetector.xcodeproj"></BuildableReference>
            </BuildActionEntry>
            <BuildActionEntry buildForTesting="YES" buildForAnalyzing="YES" buildForRunning="YES" buildForArchiving="YES" buildForProfiling="YES">
                <BuildableReference BuildableIdentifier="primary" BuildableName="lib_idx_tflite_tensors_to_landmarks_calculator_clip_vector_size_calculator_53EC4334_ios_min11.0.a" ReferencedContainer="container:HandGestureDetector.xcodeproj" BlueprintIdentifier="F44B012C548C873800000000" BlueprintName="_idx_tflite_tensors_to_landmarks_calculator_clip_vector_size_calculator_53EC4334_ios_min11.0"></BuildableReference>
            </BuildActionEntry>
            <BuildActionEntry buildForArchiving="YES" buildForAnalyzing="YES" buildForProfiling="YES" buildForRunning="YES" buildForTesting="YES">
                <BuildableReference BlueprintIdentifier="F44B012C89158C6C00000000" BuildableIdentifier="primary" ReferencedContainer="container:HandGestureDetector.xcodeproj" BuildableName="lib_idx_validated_graph_config_calculator_base_calculator_context_calculator_context_manager_calculator_registry_util_calculator_state_fill_packet_set_legacy_calculator_support_proto_u_etc_D3D4974A_ios_min11.0.a" BlueprintName="_idx_validated_graph_config_calculator_base_calculator_context_calculator_context_manager_calculator_registry_util_calculator_state_fill_packet_set_legacy_calculator_support_proto_u_etc_D3D4974A_ios_min11.0"></BuildableReference>
            </BuildActionEntry>
            <BuildActionEntry buildForRunning="YES" buildForArchiving="YES" buildForAnalyzing="YES" buildForTesting="YES" buildForProfiling="YES">
                <BuildableReference BuildableName="lib_idx_thresholding_calculator_association_norm_rect_calculator_collection_has_min_size_calculator_detection_label_id_to_text_calculator_detections_to_rects_calculator_detections_to_r_etc_28AB0935_ios_min11.0.a" BlueprintName="_idx_thresholding_calculator_association_norm_rect_calculator_collection_has_min_size_calculator_detection_label_id_to_text_calculator_detections_to_rects_calculator_detections_to_r_etc_28AB0935_ios_min11.0" BuildableIdentifier="primary" ReferencedContainer="container:HandGestureDetector.xcodeproj" BlueprintIdentifier="F44B012C16C5188000000000"></BuildableReference>
            </BuildActionEntry>
            <BuildActionEntry buildForAnalyzing="YES" buildForRunning="YES" buildForTesting="YES" buildForProfiling="YES" buildForArchiving="YES">
                <BuildableReference ReferencedContainer="container:HandGestureDetector.xcodeproj" BuildableIdentifier="primary" BlueprintName="_idx_packet_type_calculator_contract_input_side_packet_handler_input_stream_manager_input_stream_shard_output_side_packet_impl_output_stream_shard_packet_88FDAADB_ios_min11.0" BlueprintIdentifier="F44B012CB7E0DD9200000000" BuildableName="lib_idx_packet_type_calculator_contract_input_side_packet_handler_input_stream_manager_input_stream_shard_output_side_packet_impl_output_stream_shard_packet_88FDAADB_ios_min11.0.a"></BuildableReference>
            </BuildActionEntry>
            <BuildActionEntry buildForArchiving="YES" buildForTesting="YES" buildForRunning="YES" buildForAnalyzing="YES" buildForProfiling="YES">
                <BuildableReference BuildableName="lib_idx_tflite_tensors_to_detections_calculator_BAA947A3_ios_min11.0.a" BuildableIdentifier="primary" BlueprintName="_idx_tflite_tensors_to_detections_calculator_BAA947A3_ios_min11.0" ReferencedContainer="container:HandGestureDetector.xcodeproj" BlueprintIdentifier="F44B012CF89FDB3200000000"></BuildableReference>
            </BuildActionEntry>
            <BuildActionEntry buildForRunning="YES" buildForArchiving="YES" buildForProfiling="YES" buildForAnalyzing="YES" buildForTesting="YES">
                <BuildableReference BuildableName="lib_idx_output_stream_manager_calculator_node_default_input_stream_handler_fixed_size_input_stream_handler_graph_output_stream_immediate_input_stream_handler_in_order_output_stream_han_etc_DA30D83C_ios_min11.0.a" BuildableIdentifier="primary" BlueprintIdentifier="F44B012CE9FEE80400000000" ReferencedContainer="container:HandGestureDetector.xcodeproj" BlueprintName="_idx_output_stream_manager_calculator_node_default_input_stream_handler_fixed_size_input_stream_handler_graph_output_stream_immediate_input_stream_handler_in_order_output_stream_han_etc_DA30D83C_ios_min11.0"></BuildableReference>
            </BuildActionEntry>
            <BuildActionEntry buildForAnalyzing="YES" buildForArchiving="YES" buildForTesting="YES" buildForRunning="YES" buildForProfiling="YES">
                <BuildableReference BlueprintName="_idx_validated_graph_config_calculator_base_calculator_context_calculator_context_manager_calculator_registry_util_calculator_state_fill_packet_set_legacy_calculator_support_proto_u_etc_D3D4974A_ios_min11.0" BlueprintIdentifier="F44B012C89158C6C00000000" BuildableIdentifier="primary" BuildableName="lib_idx_validated_graph_config_calculator_base_calculator_context_calculator_context_manager_calculator_registry_util_calculator_state_fill_packet_set_legacy_calculator_support_proto_u_etc_D3D4974A_ios_min11.0.a" ReferencedContainer="container:HandGestureDetector.xcodeproj"></BuildableReference>
            </BuildActionEntry>
            <BuildActionEntry buildForAnalyzing="YES" buildForTesting="YES" buildForRunning="YES" buildForProfiling="YES" buildForArchiving="YES">
                <BuildableReference ReferencedContainer="container:HandGestureDetector.xcodeproj" BlueprintName="_idx_util_begin_loop_calculator_calculator_graph_end_loop_calculator_filter_collection_calculator_flow_limiter_calculator_image_properties_calculator_previous_loopback_calculator_1178AF22_ios_min11.0" BuildableIdentifier="primary" BlueprintIdentifier="F44B012C2835DF1600000000" BuildableName="lib_idx_util_begin_loop_calculator_calculator_graph_end_loop_calculator_filter_collection_calculator_flow_limiter_calculator_image_properties_calculator_previous_loopback_calculator_1178AF22_ios_min11.0.a"></BuildableReference>
            </BuildActionEntry>
            <BuildActionEntry buildForProfiling="YES" buildForArchiving="YES" buildForTesting="YES" buildForRunning="YES" buildForAnalyzing="YES">
                <BuildableReference BlueprintName="_idx_mediapipe_layer_renderer_MPPMetalHelper_gl_calculator_helper_ios_mediapipe_framework_ios_mediapipe_gl_view_renderer_CD83DA8C_ios_min11.0" ReferencedContainer="container:HandGestureDetector.xcodeproj" BuildableIdentifier="primary" BuildableName="lib_idx_mediapipe_layer_renderer_MPPMetalHelper_gl_calculator_helper_ios_mediapipe_framework_ios_mediapipe_gl_view_renderer_CD83DA8C_ios_min11.0.a" BlueprintIdentifier="F44B012C244DCC1600000000"></BuildableReference>
            </BuildActionEntry>
            <BuildActionEntry buildForAnalyzing="YES" buildForTesting="YES" buildForRunning="YES" buildForArchiving="YES" buildForProfiling="YES">
                <BuildableReference ReferencedContainer="container:HandGestureDetector.xcodeproj" BlueprintName="_idx_validate_name_callback_packet_calculator_delegating_executor_executor_image_frame_name_util_packet_generator_graph_subgraph_subgraph_expansion_tag_map_thread_pool_executor_validate_072E6358_ios_min11.0" BlueprintIdentifier="F44B012C5C20259200000000" BuildableName="lib_idx_validate_name_callback_packet_calculator_delegating_executor_executor_image_frame_name_util_packet_generator_graph_subgraph_subgraph_expansion_tag_map_thread_pool_executor_validate_072E6358_ios_min11.0.a" BuildableIdentifier="primary"></BuildableReference>
            </BuildActionEntry>
            <BuildActionEntry buildForArchiving="YES" buildForRunning="YES" buildForTesting="YES" buildForAnalyzing="YES" buildForProfiling="YES">
                <BuildableReference BlueprintName="_idx_validated_graph_config_calculator_base_calculator_context_calculator_context_manager_calculator_registry_util_calculator_state_fill_packet_set_legacy_calculator_support_proto_u_etc_D3D4974A_ios_min11.0" BlueprintIdentifier="F44B012C89158C6C00000000" ReferencedContainer="container:HandGestureDetector.xcodeproj" BuildableName="lib_idx_validated_graph_config_calculator_base_calculator_context_calculator_context_manager_calculator_registry_util_calculator_state_fill_packet_set_legacy_calculator_support_proto_u_etc_D3D4974A_ios_min11.0.a" BuildableIdentifier="primary"></BuildableReference>
            </BuildActionEntry>
            <BuildActionEntry buildForProfiling="YES" buildForRunning="YES" buildForAnalyzing="YES" buildForArchiving="YES" buildForTesting="YES">
                <BuildableReference BlueprintIdentifier="F44B012C54FF380600000000" BlueprintName="_idx_gpu_buffer_format_2B6AF0E7_ios_min11.0" BuildableIdentifier="primary" ReferencedContainer="container:HandGestureDetector.xcodeproj" BuildableName="lib_idx_gpu_buffer_format_2B6AF0E7_ios_min11.0.a"></BuildableReference>
            </BuildActionEntry>
            <BuildActionEntry buildForArchiving="YES" buildForProfiling="YES" buildForAnalyzing="YES" buildForTesting="YES" buildForRunning="YES">
                <BuildableReference ReferencedContainer="container:HandGestureDetector.xcodeproj" BlueprintIdentifier="F44B012C89158C6C00000000" BlueprintName="_idx_validated_graph_config_calculator_base_calculator_context_calculator_context_manager_calculator_registry_util_calculator_state_fill_packet_set_legacy_calculator_support_proto_u_etc_D3D4974A_ios_min11.0" BuildableIdentifier="primary" BuildableName="lib_idx_validated_graph_config_calculator_base_calculator_context_calculator_context_manager_calculator_registry_util_calculator_state_fill_packet_set_legacy_calculator_support_proto_u_etc_D3D4974A_ios_min11.0.a"></BuildableReference>
            </BuildActionEntry>
            <BuildActionEntry buildForArchiving="YES" buildForAnalyzing="YES" buildForRunning="YES" buildForProfiling="YES" buildForTesting="YES">
                <BuildableReference ReferencedContainer="container:HandGestureDetector.xcodeproj" BlueprintName="_idx_thresholding_calculator_association_norm_rect_calculator_collection_has_min_size_calculator_detection_label_id_to_text_calculator_detections_to_rects_calculator_detections_to_r_etc_28AB0935_ios_min11.0" BlueprintIdentifier="F44B012C16C5188000000000" BuildableName="lib_idx_thresholding_calculator_association_norm_rect_calculator_collection_has_min_size_calculator_detection_label_id_to_text_calculator_detections_to_rects_calculator_detections_to_r_etc_28AB0935_ios_min11.0.a" BuildableIdentifier="primary"></BuildableReference>
            </BuildActionEntry>
            <BuildActionEntry buildForProfiling="YES" buildForArchiving="YES" buildForAnalyzing="YES" buildForRunning="YES" buildForTesting="YES">
                <BuildableReference BlueprintIdentifier="F44B012C3D61416A00000000" BlueprintName="_idx_topologicalsorter_clock_counter_factory_registration_ret_check_status_status_util_statusor_threadpool_ECBED5B2_ios_min11.0" BuildableName="lib_idx_topologicalsorter_clock_counter_factory_registration_ret_check_status_status_util_statusor_threadpool_ECBED5B2_ios_min11.0.a" BuildableIdentifier="primary" ReferencedContainer="container:HandGestureDetector.xcodeproj"></BuildableReference>
            </BuildActionEntry>
            <BuildActionEntry buildForArchiving="YES" buildForRunning="YES" buildForProfiling="YES" buildForTesting="YES" buildForAnalyzing="YES">
                <BuildableReference BuildableName="lib_idx_validate_name_callback_packet_calculator_delegating_executor_executor_image_frame_name_util_packet_generator_graph_subgraph_subgraph_expansion_tag_map_thread_pool_executor_validate_072E6358_ios_min11.0.a" BlueprintName="_idx_validate_name_callback_packet_calculator_delegating_executor_executor_image_frame_name_util_packet_generator_graph_subgraph_subgraph_expansion_tag_map_thread_pool_executor_validate_072E6358_ios_min11.0" BlueprintIdentifier="F44B012C5C20259200000000" BuildableIdentifier="primary" ReferencedContainer="container:HandGestureDetector.xcodeproj"></BuildableReference>
            </BuildActionEntry>
            <BuildActionEntry buildForProfiling="YES" buildForAnalyzing="YES" buildForTesting="YES" buildForRunning="YES" buildForArchiving="YES">
                <BuildableReference BuildableName="lib_idx_thresholding_calculator_association_norm_rect_calculator_collection_has_min_size_calculator_detection_label_id_to_text_calculator_detections_to_rects_calculator_detections_to_r_etc_28AB0935_ios_min11.0.a" BlueprintName="_idx_thresholding_calculator_association_norm_rect_calculator_collection_has_min_size_calculator_detection_label_id_to_text_calculator_detections_to_rects_calculator_detections_to_r_etc_28AB0935_ios_min11.0" BlueprintIdentifier="F44B012C16C5188000000000" ReferencedContainer="container:HandGestureDetector.xcodeproj" BuildableIdentifier="primary"></BuildableReference>
            </BuildActionEntry>
            <BuildActionEntry buildForAnalyzing="YES" buildForArchiving="YES" buildForTesting="YES" buildForRunning="YES" buildForProfiling="YES">
                <BuildableReference BlueprintIdentifier="F44B012CB7E0DD9200000000" BlueprintName="_idx_packet_type_calculator_contract_input_side_packet_handler_input_stream_manager_input_stream_shard_output_side_packet_impl_output_stream_shard_packet_88FDAADB_ios_min11.0" BuildableIdentifier="primary" ReferencedContainer="container:HandGestureDetector.xcodeproj" BuildableName="lib_idx_packet_type_calculator_contract_input_side_packet_handler_input_stream_manager_input_stream_shard_output_side_packet_impl_output_stream_shard_packet_88FDAADB_ios_min11.0.a"></BuildableReference>
            </BuildActionEntry>
            <BuildActionEntry buildForProfiling="YES" buildForArchiving="YES" buildForTesting="YES" buildForAnalyzing="YES" buildForRunning="YES">
                <BuildableReference BlueprintName="_idx_tflite_tensors_to_landmarks_calculator_clip_vector_size_calculator_53EC4334_ios_min11.0" BlueprintIdentifier="F44B012C548C873800000000" BuildableIdentifier="primary" BuildableName="lib_idx_tflite_tensors_to_landmarks_calculator_clip_vector_size_calculator_53EC4334_ios_min11.0.a" ReferencedContainer="container:HandGestureDetector.xcodeproj"></BuildableReference>
            </BuildActionEntry>
            <BuildActionEntry buildForAnalyzing="YES" buildForProfiling="YES" buildForTesting="YES" buildForArchiving="YES" buildForRunning="YES">
                <BuildableReference BuildableIdentifier="primary" BuildableName="lib_idx_topologicalsorter_clock_counter_factory_registration_ret_check_status_status_util_statusor_threadpool_ECBED5B2_ios_min11.0.a" BlueprintIdentifier="F44B012C3D61416A00000000" ReferencedContainer="container:HandGestureDetector.xcodeproj" BlueprintName="_idx_topologicalsorter_clock_counter_factory_registration_ret_check_status_status_util_statusor_threadpool_ECBED5B2_ios_min11.0"></BuildableReference>
            </BuildActionEntry>
            <BuildActionEntry buildForAnalyzing="YES" buildForTesting="YES" buildForProfiling="YES" buildForRunning="YES" buildForArchiving="YES">
                <BuildableReference BlueprintIdentifier="F44B012C42C9BF8800000000" BuildableIdentifier="primary" BuildableName="lib_idx_HandGestureDetectorLib_HandGestureDetectorAppLib_6DC6EBA3_ios_min11.0.a" BlueprintName="_idx_HandGestureDetectorLib_HandGestureDetectorAppLib_6DC6EBA3_ios_min11.0" ReferencedContainer="container:HandGestureDetector.xcodeproj"></BuildableReference>
            </BuildActionEntry>
            <BuildActionEntry buildForProfiling="YES" buildForTesting="YES" buildForAnalyzing="YES" buildForArchiving="YES" buildForRunning="YES">
                <BuildableReference ReferencedContainer="container:HandGestureDetector.xcodeproj" BuildableName="lib_idx_thresholding_calculator_association_norm_rect_calculator_collection_has_min_size_calculator_detection_label_id_to_text_calculator_detections_to_rects_calculator_detections_to_r_etc_28AB0935_ios_min11.0.a" BlueprintIdentifier="F44B012C16C5188000000000" BuildableIdentifier="primary" BlueprintName="_idx_thresholding_calculator_association_norm_rect_calculator_collection_has_min_size_calculator_detection_label_id_to_text_calculator_detections_to_rects_calculator_detections_to_r_etc_28AB0935_ios_min11.0"></BuildableReference>
            </BuildActionEntry>
            <BuildActionEntry buildForRunning="YES" buildForProfiling="YES" buildForAnalyzing="YES" buildForArchiving="YES" buildForTesting="YES">
                <BuildableReference BuildableIdentifier="primary" BlueprintName="_idx_validate_name_callback_packet_calculator_delegating_executor_executor_image_frame_name_util_packet_generator_graph_subgraph_subgraph_expansion_tag_map_thread_pool_executor_validate_072E6358_ios_min11.0" ReferencedContainer="container:HandGestureDetector.xcodeproj" BlueprintIdentifier="F44B012C5C20259200000000" BuildableName="lib_idx_validate_name_callback_packet_calculator_delegating_executor_executor_image_frame_name_util_packet_generator_graph_subgraph_subgraph_expansion_tag_map_thread_pool_executor_validate_072E6358_ios_min11.0.a"></BuildableReference>
            </BuildActionEntry>
            <BuildActionEntry buildForArchiving="YES" buildForRunning="YES" buildForProfiling="YES" buildForAnalyzing="YES" buildForTesting="YES">
                <BuildableReference BlueprintName="_idx_timestamp_collection_item_id_CB2504CD_ios_min11.0" BlueprintIdentifier="F44B012C62FCD82000000000" ReferencedContainer="container:HandGestureDetector.xcodeproj" BuildableIdentifier="primary" BuildableName="lib_idx_timestamp_collection_item_id_CB2504CD_ios_min11.0.a"></BuildableReference>
            </BuildActionEntry>
            <BuildActionEntry buildForArchiving="YES" buildForTesting="YES" buildForAnalyzing="YES" buildForProfiling="YES" buildForRunning="YES">
                <BuildableReference BuildableIdentifier="primary" BuildableName="lib_idx_output_stream_manager_calculator_node_default_input_stream_handler_fixed_size_input_stream_handler_graph_output_stream_immediate_input_stream_handler_in_order_output_stream_han_etc_DA30D83C_ios_min11.0.a" ReferencedContainer="container:HandGestureDetector.xcodeproj" BlueprintIdentifier="F44B012CE9FEE80400000000" BlueprintName="_idx_output_stream_manager_calculator_node_default_input_stream_handler_fixed_size_input_stream_handler_graph_output_stream_immediate_input_stream_handler_in_order_output_stream_han_etc_DA30D83C_ios_min11.0"></BuildableReference>
            </BuildActionEntry>
            <BuildActionEntry buildForAnalyzing="YES" buildForArchiving="YES" buildForTesting="YES" buildForProfiling="YES" buildForRunning="YES">
                <BuildableReference BuildableIdentifier="primary" ReferencedContainer="container:HandGestureDetector.xcodeproj" BlueprintIdentifier="F44B012C8D95230A00000000" BuildableName="lib_idx_gpu_service_47C3F964_ios_min11.0.a" BlueprintName="_idx_gpu_service_47C3F964_ios_min11.0"></BuildableReference>
            </BuildActionEntry>
            <BuildActionEntry buildForTesting="YES" buildForAnalyzing="YES" buildForRunning="YES" buildForProfiling="YES" buildForArchiving="YES">
                <BuildableReference BlueprintIdentifier="F44B012C244DCC1600000000" BlueprintName="_idx_mediapipe_layer_renderer_MPPMetalHelper_gl_calculator_helper_ios_mediapipe_framework_ios_mediapipe_gl_view_renderer_CD83DA8C_ios_min11.0" BuildableName="lib_idx_mediapipe_layer_renderer_MPPMetalHelper_gl_calculator_helper_ios_mediapipe_framework_ios_mediapipe_gl_view_renderer_CD83DA8C_ios_min11.0.a" ReferencedContainer="container:HandGestureDetector.xcodeproj" BuildableIdentifier="primary"></BuildableReference>
            </BuildActionEntry>
            <BuildActionEntry buildForProfiling="YES" buildForTesting="YES" buildForAnalyzing="YES" buildForArchiving="YES" buildForRunning="YES">
                <BuildableReference BuildableName="lib_idx_tflite_tensors_to_floats_calculator_162CAB77_ios_min11.0.a" BuildableIdentifier="primary" BlueprintIdentifier="F44B012C9A2AFE6000000000" BlueprintName="_idx_tflite_tensors_to_floats_calculator_162CAB77_ios_min11.0" ReferencedContainer="container:HandGestureDetector.xcodeproj"></BuildableReference>
            </BuildActionEntry>
            <BuildActionEntry buildForProfiling="YES" buildForArchiving="YES" buildForAnalyzing="YES" buildForTesting="YES" buildForRunning="YES">
                <BuildableReference BlueprintName="_idx_non_max_suppression_calculator_annotation_overlay_calculator_9AC5E4BA_ios_min11.0" ReferencedContainer="container:HandGestureDetector.xcodeproj" BuildableIdentifier="primary" BuildableName="lib_idx_non_max_suppression_calculator_annotation_overlay_calculator_9AC5E4BA_ios_min11.0.a" BlueprintIdentifier="F44B012C4AEB7B2C00000000"></BuildableReference>
            </BuildActionEntry>
            <BuildActionEntry buildForArchiving="YES" buildForAnalyzing="YES" buildForTesting="YES" buildForProfiling="YES" buildForRunning="YES">
                <BuildableReference BlueprintName="_idx_validated_graph_config_calculator_base_calculator_context_calculator_context_manager_calculator_registry_util_calculator_state_fill_packet_set_legacy_calculator_support_proto_u_etc_D3D4974A_ios_min11.0" BuildableIdentifier="primary" ReferencedContainer="container:HandGestureDetector.xcodeproj" BlueprintIdentifier="F44B012C89158C6C00000000" BuildableName="lib_idx_validated_graph_config_calculator_base_calculator_context_calculator_context_manager_calculator_registry_util_calculator_state_fill_packet_set_legacy_calculator_support_proto_u_etc_D3D4974A_ios_min11.0.a"></BuildableReference>
            </BuildActionEntry>
            <BuildActionEntry buildForProfiling="YES" buildForArchiving="YES" buildForTesting="YES" buildForAnalyzing="YES" buildForRunning="YES">
                <BuildableReference BlueprintName="_idx_validate_name_callback_packet_calculator_delegating_executor_executor_image_frame_name_util_packet_generator_graph_subgraph_subgraph_expansion_tag_map_thread_pool_executor_validate_072E6358_ios_min11.0" BlueprintIdentifier="F44B012C5C20259200000000" ReferencedContainer="container:HandGestureDetector.xcodeproj" BuildableIdentifier="primary" BuildableName="lib_idx_validate_name_callback_packet_calculator_delegating_executor_executor_image_frame_name_util_packet_generator_graph_subgraph_subgraph_expansion_tag_map_thread_pool_executor_validate_072E6358_ios_min11.0.a"></BuildableReference>
            </BuildActionEntry>
            <BuildActionEntry buildForProfiling="YES" buildForAnalyzing="YES" buildForRunning="YES" buildForArchiving="YES" buildForTesting="YES">
                <BuildableReference ReferencedContainer="container:HandGestureDetector.xcodeproj" BlueprintIdentifier="F44B012C1EEFDDD800000000" BlueprintName="_idx_landmark_letterbox_removal_calculator_detection_letterbox_removal_calculator_50030CDA_ios_min11.0" BuildableIdentifier="primary" BuildableName="lib_idx_landmark_letterbox_removal_calculator_detection_letterbox_removal_calculator_50030CDA_ios_min11.0.a"></BuildableReference>
            </BuildActionEntry>
            <BuildActionEntry buildForRunning="YES" buildForProfiling="YES" buildForArchiving="YES" buildForAnalyzing="YES" buildForTesting="YES">
                <BuildableReference BuildableName="lib_idx_MPPMetalUtil_MPPGraphGPUData_F9B05825_ios_min11.0.a" ReferencedContainer="container:HandGestureDetector.xcodeproj" BuildableIdentifier="primary" BlueprintIdentifier="F44B012C553CEAAE00000000" BlueprintName="_idx_MPPMetalUtil_MPPGraphGPUData_F9B05825_ios_min11.0"></BuildableReference>
            </BuildActionEntry>
            <BuildActionEntry buildForProfiling="YES" buildForTesting="YES" buildForArchiving="YES" buildForAnalyzing="YES" buildForRunning="YES">
                <BuildableReference BuildableName="lib_idx_thresholding_calculator_association_norm_rect_calculator_collection_has_min_size_calculator_detection_label_id_to_text_calculator_detections_to_rects_calculator_detections_to_r_etc_28AB0935_ios_min11.0.a" BlueprintName="_idx_thresholding_calculator_association_norm_rect_calculator_collection_has_min_size_calculator_detection_label_id_to_text_calculator_detections_to_rects_calculator_detections_to_r_etc_28AB0935_ios_min11.0" ReferencedContainer="container:HandGestureDetector.xcodeproj" BlueprintIdentifier="F44B012C16C5188000000000" BuildableIdentifier="primary"></BuildableReference>
            </BuildActionEntry>
            <BuildActionEntry buildForArchiving="YES" buildForProfiling="YES" buildForTesting="YES" buildForRunning="YES" buildForAnalyzing="YES">
                <BuildableReference ReferencedContainer="container:HandGestureDetector.xcodeproj" BlueprintName="_idx_output_stream_manager_calculator_node_default_input_stream_handler_fixed_size_input_stream_handler_graph_output_stream_immediate_input_stream_handler_in_order_output_stream_han_etc_DA30D83C_ios_min11.0" BlueprintIdentifier="F44B012CE9FEE80400000000" BuildableName="lib_idx_output_stream_manager_calculator_node_default_input_stream_handler_fixed_size_input_stream_handler_graph_output_stream_immediate_input_stream_handler_in_order_output_stream_han_etc_DA30D83C_ios_min11.0.a" BuildableIdentifier="primary"></BuildableReference>
            </BuildActionEntry>
            <BuildActionEntry buildForAnalyzing="YES" buildForRunning="YES" buildForProfiling="YES" buildForArchiving="YES" buildForTesting="YES">
                <BuildableReference BlueprintIdentifier="F44B012CB7E0DD9200000000" ReferencedContainer="container:HandGestureDetector.xcodeproj" BuildableIdentifier="primary" BuildableName="lib_idx_packet_type_calculator_contract_input_side_packet_handler_input_stream_manager_input_stream_shard_output_side_packet_impl_output_stream_shard_packet_88FDAADB_ios_min11.0.a" BlueprintName="_idx_packet_type_calculator_contract_input_side_packet_handler_input_stream_manager_input_stream_shard_output_side_packet_impl_output_stream_shard_packet_88FDAADB_ios_min11.0"></BuildableReference>
            </BuildActionEntry>
            <BuildActionEntry buildForRunning="YES" buildForTesting="YES" buildForAnalyzing="YES" buildForProfiling="YES" buildForArchiving="YES">
                <BuildableReference BlueprintIdentifier="F44B012CFC0E667800000000" BlueprintName="_idx_tflite_inference_calculator_86D40410_ios_min11.0" ReferencedContainer="container:HandGestureDetector.xcodeproj" BuildableIdentifier="primary" BuildableName="lib_idx_tflite_inference_calculator_86D40410_ios_min11.0.a"></BuildableReference>
            </BuildActionEntry>
            <BuildActionEntry buildForProfiling="YES" buildForAnalyzing="YES" buildForTesting="YES" buildForArchiving="YES" buildForRunning="YES">
                <BuildableReference BlueprintIdentifier="F44B012C16C5188000000000" ReferencedContainer="container:HandGestureDetector.xcodeproj" BuildableName="lib_idx_thresholding_calculator_association_norm_rect_calculator_collection_has_min_size_calculator_detection_label_id_to_text_calculator_detections_to_rects_calculator_detections_to_r_etc_28AB0935_ios_min11.0.a" BuildableIdentifier="primary" BlueprintName="_idx_thresholding_calculator_association_norm_rect_calculator_collection_has_min_size_calculator_detection_label_id_to_text_calculator_detections_to_rects_calculator_detections_to_r_etc_28AB0935_ios_min11.0"></BuildableReference>
            </BuildActionEntry>
        </BuildActionEntries>
    </BuildAction>
    <TestAction selectedLauncherIdentifier="Xcode.DebuggerFoundation.Launcher.LLDB" shouldUseLaunchSchemeArgsEnv="YES" buildConfiguration="Debug" selectedDebuggerIdentifier="Xcode.DebuggerFoundation.Debugger.LLDB">
        <Testables></Testables>
    </TestAction>
    <LaunchAction launchStyle="0" ignoresPersistentStateOnLaunch="NO" debugDocumentVersioning="YES" buildConfiguration="Debug" selectedDebuggerIdentifier="Xcode.DebuggerFoundation.Debugger.LLDB" useCustomWorkingDirectory="NO" debugServiceExtension="internal" selectedLauncherIdentifier="Xcode.DebuggerFoundation.Launcher.LLDB" allowLocationSimulation="YES">
        <EnvironmentVariables></EnvironmentVariables>
    </LaunchAction>
    <ProfileAction shouldUseLaunchSchemeArgsEnv="YES" useCustomWorkingDirectory="NO" debugDocumentVersioning="YES" buildConfiguration="Release"></ProfileAction>
    <AnalyzeAction buildConfiguration="Debug"></AnalyzeAction>
    <ArchiveAction buildConfiguration="Release" revealArchiveInOrganizer="YES"></ArchiveAction>
</Scheme>